Microsoft Visual Studio Solution File, Format Version 12.00
# Visual Studio Version 17
VisualStudioVersion = 17.10.35027.167
MinimumVisualStudioVersion = 10.0.40219.1
Project("{FAE04EC0-301F-11D3-BF4B-00C04F79EFBC}") = "DocsSamplesApp", "DocsSamplesApp\DocsSamplesApp.csproj", "{461D2580-9971-42A1-BB8B-FD3F428F2EAC}"
EndProject
Global
	GlobalSection(SolutionConfigurationPlatforms) = preSolution
		Debug|Any CPU = Debug|Any CPU
		Release|Any CPU = Release|Any CPU
	EndGlobalSection
	GlobalSection(ProjectConfigurationPlatforms) = postSolution
		{461D2580-9971-42A1-BB8B-FD3F428F2EAC}.Debug|Any CPU.ActiveCfg = Debug|Any CPU
		{461D2580-9971-42A1-BB8B-FD3F428F2EAC}.Debug|Any CPU.Build.0 = Debug|Any CPU
		{461D2580-9971-42A1-BB8B-FD3F428F2EAC}.Debug|Any CPU.Deploy.0 = Debug|Any CPU
		{461D2580-9971-42A1-BB8B-FD3F428F2EAC}.Release|Any CPU.ActiveCfg = Release|Any CPU
		{461D2580-9971-42A1-BB8B-FD3F428F2EAC}.Release|Any CPU.Build.0 = Release|Any CPU
		{461D2580-9971-42A1-BB8B-FD3F428F2EAC}.Release|Any CPU.Deploy.0 = Release|Any CPU
	EndGlobalSection
	GlobalSection(SolutionProperties) = preSolution
		HideSolutionNode = FALSE
	EndGlobalSection
	GlobalSection(ExtensibilityGlobals) = postSolution
		SolutionGuid = {F2E58375-5D7C-489E-934A-DED1ED548ACE}
	EndGlobalSection
EndGlobal
