
Microsoft Visual Studio Solution File, Format Version 12.00
# Visual Studio 14
VisualStudioVersion = 14.0.25420.1
MinimumVisualStudioVersion = 10.0.40219.1
Project("{FAE04EC0-301F-11D3-BF4B-00C04F79EFBC}") = "Skia.WindowsDesktop.GLDemo", "Skia.WindowsDesktop.GLDemo.csproj", "{0315044E-207E-466E-84FD-C6ADD0C53E2D}"
EndProject
Project("{D954291E-2A0B-460D-934E-DC6B0785DB48}") = "Binding", "..\..\binding\Binding\Binding.shproj", "{9C502B9A-25D4-473F-89BD-5A13DDE16354}"
EndProject
Global
	GlobalSection(SharedMSBuildProjectFiles) = preSolution
		..\..\binding\Binding\Binding.projitems*{0315044e-207e-466e-84fd-c6add0c53e2d}*SharedItemsImports = 4
		..\..\binding\Binding\Binding.projitems*{9c502b9a-25d4-473f-89bd-5a13dde16354}*SharedItemsImports = 13
	EndGlobalSection
	GlobalSection(SolutionConfigurationPlatforms) = preSolution
		Debug|Any CPU = Debug|Any CPU
		Debug|x64 = Debug|x64
		Debug|x86 = Debug|x86
		Release|Any CPU = Release|Any CPU
		Release|x64 = Release|x64
		Release|x86 = Release|x86
	EndGlobalSection
	GlobalSection(ProjectConfigurationPlatforms) = postSolution
		{0315044E-207E-466E-84FD-C6ADD0C53E2D}.Debug|Any CPU.ActiveCfg = Debug|Any CPU
		{0315044E-207E-466E-84FD-C6ADD0C53E2D}.Debug|Any CPU.Build.0 = Debug|Any CPU
		{0315044E-207E-466E-84FD-C6ADD0C53E2D}.Debug|x64.ActiveCfg = Debug|x64
		{0315044E-207E-466E-84FD-C6ADD0C53E2D}.Debug|x64.Build.0 = Debug|x64
		{0315044E-207E-466E-84FD-C6ADD0C53E2D}.Debug|x86.ActiveCfg = Debug|x86
		{0315044E-207E-466E-84FD-C6ADD0C53E2D}.Debug|x86.Build.0 = Debug|x86
		{0315044E-207E-466E-84FD-C6ADD0C53E2D}.Release|Any CPU.ActiveCfg = Release|Any CPU
		{0315044E-207E-466E-84FD-C6ADD0C53E2D}.Release|Any CPU.Build.0 = Release|Any CPU
		{0315044E-207E-466E-84FD-C6ADD0C53E2D}.Release|x64.ActiveCfg = Release|x64
		{0315044E-207E-466E-84FD-C6ADD0C53E2D}.Release|x64.Build.0 = Release|x64
		{0315044E-207E-466E-84FD-C6ADD0C53E2D}.Release|x86.ActiveCfg = Release|x86
		{0315044E-207E-466E-84FD-C6ADD0C53E2D}.Release|x86.Build.0 = Release|x86
	EndGlobalSection
	GlobalSection(SolutionProperties) = preSolution
		HideSolutionNode = FALSE
	EndGlobalSection
EndGlobal
