
Microsoft Visual Studio Solution File, Format Version 12.00
# Visual Studio 2012
Project("{FAE04EC0-301F-11D3-BF4B-00C04F79EFBC}") = "TvSample", "TvSample\TvSample.csproj", "{28E3F6BA-ECCD-4925-B322-2BB47304A76C}"
EndProject
Project("{D954291E-2A0B-460D-934E-DC6B0785DB48}") = "SkiaSharpSample.Platform.Shared", "..\SkiaSharpSample.Platform.Shared\SkiaSharpSample.Platform.Shared.shproj", "{0CC41AB0-0C4C-4DAA-8F10-A249725EBF5D}"
EndProject
Project("{D954291E-2A0B-460D-934E-DC6B0785DB48}") = "SkiaSharpSample.Shared", "..\SkiaSharpSample.Shared\SkiaSharpSample.Shared.shproj", "{509B233A-35A0-41CA-A585-0B1A9F79D470}"
EndProject
Global
	GlobalSection(SolutionConfigurationPlatforms) = preSolution
		Debug|iPhoneSimulator = Debug|iPhoneSimulator
		Release|iPhone = Release|iPhone
		Release|iPhoneSimulator = Release|iPhoneSimulator
		Debug|iPhone = Debug|iPhone
	EndGlobalSection
	GlobalSection(ProjectConfigurationPlatforms) = postSolution
		{28E3F6BA-ECCD-4925-B322-2BB47304A76C}.Debug|iPhoneSimulator.ActiveCfg = Debug|iPhoneSimulator
		{28E3F6BA-ECCD-4925-B322-2BB47304A76C}.Debug|iPhoneSimulator.Build.0 = Debug|iPhoneSimulator
		{28E3F6BA-ECCD-4925-B322-2BB47304A76C}.Release|iPhone.ActiveCfg = Release|iPhone
		{28E3F6BA-ECCD-4925-B322-2BB47304A76C}.Release|iPhone.Build.0 = Release|iPhone
		{28E3F6BA-ECCD-4925-B322-2BB47304A76C}.Release|iPhoneSimulator.ActiveCfg = Release|iPhoneSimulator
		{28E3F6BA-ECCD-4925-B322-2BB47304A76C}.Release|iPhoneSimulator.Build.0 = Release|iPhoneSimulator
		{28E3F6BA-ECCD-4925-B322-2BB47304A76C}.Debug|iPhone.ActiveCfg = Debug|iPhone
		{28E3F6BA-ECCD-4925-B322-2BB47304A76C}.Debug|iPhone.Build.0 = Debug|iPhone
	EndGlobalSection
EndGlobal
