
Microsoft Visual Studio Solution File, Format Version 12.00
# Visual Studio 2012
Project("{FAE04EC0-301F-11D3-BF4B-00C04F79EFBC}") = "SkiaSharp.Views.iOS", "SkiaSharp.Views.iOS\SkiaSharp.Views.iOS.csproj", "{74C78108-9199-4A7A-928C-FC4DC57D0AE4}"
EndProject
Global
	GlobalSection(SolutionConfigurationPlatforms) = preSolution
		Debug|Any CPU = Debug|Any CPU
		Release|Any CPU = Release|Any CPU
		Debug|iPhoneSimulator = Debug|iPhoneSimulator
		Release|iPhone = Release|iPhone
		Release|iPhoneSimulator = Release|iPhoneSimulator
		Debug|iPhone = Debug|iPhone
	EndGlobalSection
	GlobalSection(ProjectConfigurationPlatforms) = postSolution
		{74C78108-9199-4A7A-928C-FC4DC57D0AE4}.Debug|Any CPU.ActiveCfg = Debug|Any CPU
		{74C78108-9199-4A7A-928C-FC4DC57D0AE4}.Debug|Any CPU.Build.0 = Debug|Any CPU
		{74C78108-9199-4A7A-928C-FC4DC57D0AE4}.Release|Any CPU.ActiveCfg = Release|Any CPU
		{74C78108-9199-4A7A-928C-FC4DC57D0AE4}.Release|Any CPU.Build.0 = Release|Any CPU
		{74C78108-9199-4A7A-928C-FC4DC57D0AE4}.Debug|iPhoneSimulator.ActiveCfg = Debug|Any CPU
		{74C78108-9199-4A7A-928C-FC4DC57D0AE4}.Debug|iPhoneSimulator.Build.0 = Debug|Any CPU
		{74C78108-9199-4A7A-928C-FC4DC57D0AE4}.Release|iPhone.ActiveCfg = Release|Any CPU
		{74C78108-9199-4A7A-928C-FC4DC57D0AE4}.Release|iPhone.Build.0 = Release|Any CPU
		{74C78108-9199-4A7A-928C-FC4DC57D0AE4}.Release|iPhoneSimulator.ActiveCfg = Release|Any CPU
		{74C78108-9199-4A7A-928C-FC4DC57D0AE4}.Release|iPhoneSimulator.Build.0 = Release|Any CPU
		{74C78108-9199-4A7A-928C-FC4DC57D0AE4}.Debug|iPhone.ActiveCfg = Debug|Any CPU
		{74C78108-9199-4A7A-928C-FC4DC57D0AE4}.Debug|iPhone.Build.0 = Debug|Any CPU
	EndGlobalSection
EndGlobal
