
Microsoft Visual Studio Solution File, Format Version 12.00
# Visual Studio Version 16
VisualStudioVersion = 16.0.29515.35
MinimumVisualStudioVersion = 10.0.40219.1
Project("{9A19103F-16F7-4668-BE54-9A1E7A4F7556}") = "SkiaSharp.Android", "SkiaSharp.Android\SkiaSharp.Android.csproj", "{C737DC80-5B71-4B26-A2DC-DA30421788B0}"
EndProject
Project("{9A19103F-16F7-4668-BE54-9A1E7A4F7556}") = "SkiaSharp.iOS", "SkiaSharp.iOS\SkiaSharp.iOS.csproj", "{6A678CFB-21A7-4E81-8909-FD72ABBFD408}"
EndProject
Project("{9A19103F-16F7-4668-BE54-9A1E7A4F7556}") = "SkiaSharp.tvOS", "SkiaSharp.tvOS\SkiaSharp.tvOS.csproj", "{5180E370-A455-42BB-99F9-97BD269B8A52}"
EndProject
Project("{9A19103F-16F7-4668-BE54-9A1E7A4F7556}") = "SkiaSharp.watchOS", "SkiaSharp.watchOS\SkiaSharp.watchOS.csproj", "{099A4BAD-6CF7-4898-9D16-266BDD844F95}"
EndProject
Project("{9A19103F-16F7-4668-BE54-9A1E7A4F7556}") = "SkiaSharp.OSX", "SkiaSharp.OSX\SkiaSharp.OSX.csproj", "{4588A759-3853-49B8-8A68-6C7917BE9220}"
EndProject
Project("{9A19103F-16F7-4668-BE54-9A1E7A4F7556}") = "SkiaSharp.UWP", "SkiaSharp.UWP\SkiaSharp.UWP.csproj", "{BAB615AA-956E-4079-B260-DD7B1F52EC7D}"
EndProject
Project("{9A19103F-16F7-4668-BE54-9A1E7A4F7556}") = "SkiaSharp", "SkiaSharp\SkiaSharp.csproj", "{4E0924F8-D546-4428-9412-4B9411FBA5FF}"
EndProject
Project("{9A19103F-16F7-4668-BE54-9A1E7A4F7556}") = "SkiaSharp.Tizen", "SkiaSharp.Tizen\SkiaSharp.Tizen.csproj", "{A48813C8-9C4A-477F-A34C-FCAFFE751037}"
EndProject
Global
	GlobalSection(SolutionConfigurationPlatforms) = preSolution
		Debug|Any CPU = Debug|Any CPU
		Release|Any CPU = Release|Any CPU
	EndGlobalSection
	GlobalSection(ProjectConfigurationPlatforms) = postSolution
		{C737DC80-5B71-4B26-A2DC-DA30421788B0}.Debug|Any CPU.ActiveCfg = Debug|Any CPU
		{C737DC80-5B71-4B26-A2DC-DA30421788B0}.Debug|Any CPU.Build.0 = Debug|Any CPU
		{C737DC80-5B71-4B26-A2DC-DA30421788B0}.Release|Any CPU.ActiveCfg = Release|Any CPU
		{C737DC80-5B71-4B26-A2DC-DA30421788B0}.Release|Any CPU.Build.0 = Release|Any CPU
		{6A678CFB-21A7-4E81-8909-FD72ABBFD408}.Debug|Any CPU.ActiveCfg = Debug|Any CPU
		{6A678CFB-21A7-4E81-8909-FD72ABBFD408}.Debug|Any CPU.Build.0 = Debug|Any CPU
		{6A678CFB-21A7-4E81-8909-FD72ABBFD408}.Release|Any CPU.ActiveCfg = Release|Any CPU
		{6A678CFB-21A7-4E81-8909-FD72ABBFD408}.Release|Any CPU.Build.0 = Release|Any CPU
		{5180E370-A455-42BB-99F9-97BD269B8A52}.Debug|Any CPU.ActiveCfg = Debug|Any CPU
		{5180E370-A455-42BB-99F9-97BD269B8A52}.Debug|Any CPU.Build.0 = Debug|Any CPU
		{5180E370-A455-42BB-99F9-97BD269B8A52}.Release|Any CPU.ActiveCfg = Release|Any CPU
		{5180E370-A455-42BB-99F9-97BD269B8A52}.Release|Any CPU.Build.0 = Release|Any CPU
		{099A4BAD-6CF7-4898-9D16-266BDD844F95}.Debug|Any CPU.ActiveCfg = Debug|Any CPU
		{099A4BAD-6CF7-4898-9D16-266BDD844F95}.Debug|Any CPU.Build.0 = Debug|Any CPU
		{099A4BAD-6CF7-4898-9D16-266BDD844F95}.Release|Any CPU.ActiveCfg = Release|Any CPU
		{099A4BAD-6CF7-4898-9D16-266BDD844F95}.Release|Any CPU.Build.0 = Release|Any CPU
		{4588A759-3853-49B8-8A68-6C7917BE9220}.Debug|Any CPU.ActiveCfg = Debug|Any CPU
		{4588A759-3853-49B8-8A68-6C7917BE9220}.Debug|Any CPU.Build.0 = Debug|Any CPU
		{4588A759-3853-49B8-8A68-6C7917BE9220}.Release|Any CPU.ActiveCfg = Release|Any CPU
		{4588A759-3853-49B8-8A68-6C7917BE9220}.Release|Any CPU.Build.0 = Release|Any CPU
		{BAB615AA-956E-4079-B260-DD7B1F52EC7D}.Debug|Any CPU.ActiveCfg = Debug|Any CPU
		{BAB615AA-956E-4079-B260-DD7B1F52EC7D}.Debug|Any CPU.Build.0 = Debug|Any CPU
		{BAB615AA-956E-4079-B260-DD7B1F52EC7D}.Release|Any CPU.ActiveCfg = Release|Any CPU
		{BAB615AA-956E-4079-B260-DD7B1F52EC7D}.Release|Any CPU.Build.0 = Release|Any CPU
		{4E0924F8-D546-4428-9412-4B9411FBA5FF}.Debug|Any CPU.ActiveCfg = Debug|Any CPU
		{4E0924F8-D546-4428-9412-4B9411FBA5FF}.Debug|Any CPU.Build.0 = Debug|Any CPU
		{4E0924F8-D546-4428-9412-4B9411FBA5FF}.Release|Any CPU.ActiveCfg = Release|Any CPU
		{4E0924F8-D546-4428-9412-4B9411FBA5FF}.Release|Any CPU.Build.0 = Release|Any CPU
		{A48813C8-9C4A-477F-A34C-FCAFFE751037}.Debug|Any CPU.ActiveCfg = Debug|Any CPU
		{A48813C8-9C4A-477F-A34C-FCAFFE751037}.Debug|Any CPU.Build.0 = Debug|Any CPU
		{A48813C8-9C4A-477F-A34C-FCAFFE751037}.Release|Any CPU.ActiveCfg = Release|Any CPU
		{A48813C8-9C4A-477F-A34C-FCAFFE751037}.Release|Any CPU.Build.0 = Release|Any CPU
	EndGlobalSection
	GlobalSection(SolutionProperties) = preSolution
		HideSolutionNode = FALSE
	EndGlobalSection
	GlobalSection(ExtensibilityGlobals) = postSolution
		SolutionGuid = {43994D8B-018E-4297-B592-6BEDC30E542A}
	EndGlobalSection
EndGlobal
