
Microsoft Visual Studio Solution File, Format Version 12.00
# Visual Studio 15
VisualStudioVersion = 15.0.26430.14
MinimumVisualStudioVersion = 10.0.40219.1
Project("{FAE04EC0-301F-11D3-BF4B-00C04F79EFBC}") = "SkiaSharp.Portable", "..\binding\SkiaSharp.Portable\SkiaSharp.Portable.csproj", "{7AA90628-2FDD-4585-AF2F-CC51CFA8B52A}"
EndProject
Project("{2150E333-8FDC-42A3-9474-1A3956D46DE8}") = "SkiaSharp", "SkiaSharp", "{C335869B-7CC8-4239-B4A5-8031AA9758D3}"
EndProject
Project("{2150E333-8FDC-42A3-9474-1A3956D46DE8}") = "HarfBuzzSharp", "HarfBuzzSharp", "{815C2429-8C88-4C09-B6AB-A916040F9FEF}"
EndProject
Project("{2150E333-8FDC-42A3-9474-1A3956D46DE8}") = "SkiaSharp.HarfBuzz", "SkiaSharp.HarfBuzz", "{87D751FF-6347-40FF-8EC5-7CAD06BD5973}"
EndProject
Project("{FAE04EC0-301F-11D3-BF4B-00C04F79EFBC}") = "HarfBuzzSharp.Portable", "..\binding\HarfBuzzSharp.Portable\HarfBuzzSharp.Portable.csproj", "{4DFBD9A6-EA81-4E26-9753-A9C7A600EA34}"
EndProject
Project("{D954291E-2A0B-460D-934E-DC6B0785DB48}") = "SkiaSharp.HarfBuzz.Shared", "SkiaSharp.HarfBuzz\SkiaSharp.HarfBuzz.Shared\SkiaSharp.HarfBuzz.Shared.shproj", "{C3E63B2D-95D4-4C3F-B10F-7A0AACF94980}"
EndProject
Project("{FAE04EC0-301F-11D3-BF4B-00C04F79EFBC}") = "SkiaSharp.HarfBuzz", "SkiaSharp.HarfBuzz\SkiaSharp.HarfBuzz\SkiaSharp.HarfBuzz.csproj", "{7CAD1912-05A5-42E5-B7BA-81BB051F0566}"
EndProject
Project("{2150E333-8FDC-42A3-9474-1A3956D46DE8}") = "SkiaSharp.Workbooks", "SkiaSharp.Workbooks", "{DF72A8D3-0A12-49C9-BBD2-4ACC9EB1A544}"
EndProject
Project("{FAE04EC0-301F-11D3-BF4B-00C04F79EFBC}") = "SkiaSharp.Workbooks", "SkiaSharp.Workbooks\SkiaSharp.Workbooks.csproj", "{89736865-5272-4A42-A7FB-D802C6345502}"
EndProject
Project("{D954291E-2A0B-460D-934E-DC6B0785DB48}") = "Binding", "..\binding\Binding\Binding.shproj", "{9C502B9A-25D4-473F-89BD-5A13DDE16354}"
EndProject
Project("{D954291E-2A0B-460D-934E-DC6B0785DB48}") = "Binding.Shared", "..\binding\Binding.Shared\Binding.Shared.shproj", "{6F8349DC-90AC-441D-8B8B-BE623F46BE6D}"
EndProject
Project("{FAE04EC0-301F-11D3-BF4B-00C04F79EFBC}") = "HarfBuzzSharp.Desktop", "..\binding\HarfBuzzSharp.Desktop\HarfBuzzSharp.Desktop.csproj", "{2AE5D8C5-EAC6-4515-89F2-A4994B41C925}"
EndProject
Project("{D954291E-2A0B-460D-934E-DC6B0785DB48}") = "HarfBuzzSharp.Shared", "..\binding\HarfBuzzSharp.Shared\HarfBuzzSharp.Shared.shproj", "{1AAA8F60-6138-4DFE-B240-5A0F3FB87E0F}"
EndProject
Project("{FAE04EC0-301F-11D3-BF4B-00C04F79EFBC}") = "SkiaSharp.Desktop", "..\binding\SkiaSharp.Desktop\SkiaSharp.Desktop.csproj", "{EB1BBDCC-FB07-40D5-8B9E-0079E2C2F2DF}"
EndProject
Global
	GlobalSection(SharedMSBuildProjectFiles) = preSolution
		..\binding\HarfBuzzSharp.Shared\HarfBuzzSharp.Shared.projitems*{1aaa8f60-6138-4dfe-b240-5a0f3fb87e0f}*SharedItemsImports = 13
		..\binding\Binding.Shared\Binding.Shared.projitems*{2ae5d8c5-eac6-4515-89f2-a4994b41c925}*SharedItemsImports = 4
		..\binding\HarfBuzzSharp.Shared\HarfBuzzSharp.Shared.projitems*{2ae5d8c5-eac6-4515-89f2-a4994b41c925}*SharedItemsImports = 4
		..\binding\Binding.Shared\Binding.Shared.projitems*{6f8349dc-90ac-441d-8b8b-be623f46be6d}*SharedItemsImports = 13
		SkiaSharp.HarfBuzz\SkiaSharp.HarfBuzz.Shared\SkiaSharp.HarfBuzz.Shared.projitems*{7cad1912-05a5-42e5-b7ba-81bb051f0566}*SharedItemsImports = 4
		..\binding\Binding\Binding.projitems*{9c502b9a-25d4-473f-89bd-5a13dde16354}*SharedItemsImports = 13
		SkiaSharp.HarfBuzz\SkiaSharp.HarfBuzz.Shared\SkiaSharp.HarfBuzz.Shared.projitems*{c3e63b2d-95d4-4c3f-b10f-7a0aacf94980}*SharedItemsImports = 13
		..\binding\Binding.Shared\Binding.Shared.projitems*{eb1bbdcc-fb07-40d5-8b9e-0079e2c2f2df}*SharedItemsImports = 4
		..\binding\Binding\Binding.projitems*{eb1bbdcc-fb07-40d5-8b9e-0079e2c2f2df}*SharedItemsImports = 4
	EndGlobalSection
	GlobalSection(SolutionConfigurationPlatforms) = preSolution
		Debug|Any CPU = Debug|Any CPU
		Release|Any CPU = Release|Any CPU
	EndGlobalSection
	GlobalSection(ProjectConfigurationPlatforms) = postSolution
		{7AA90628-2FDD-4585-AF2F-CC51CFA8B52A}.Debug|Any CPU.ActiveCfg = Debug|Any CPU
		{7AA90628-2FDD-4585-AF2F-CC51CFA8B52A}.Debug|Any CPU.Build.0 = Debug|Any CPU
		{7AA90628-2FDD-4585-AF2F-CC51CFA8B52A}.Release|Any CPU.ActiveCfg = Release|Any CPU
		{7AA90628-2FDD-4585-AF2F-CC51CFA8B52A}.Release|Any CPU.Build.0 = Release|Any CPU
		{4DFBD9A6-EA81-4E26-9753-A9C7A600EA34}.Debug|Any CPU.ActiveCfg = Debug|Any CPU
		{4DFBD9A6-EA81-4E26-9753-A9C7A600EA34}.Debug|Any CPU.Build.0 = Debug|Any CPU
		{4DFBD9A6-EA81-4E26-9753-A9C7A600EA34}.Release|Any CPU.ActiveCfg = Release|Any CPU
		{4DFBD9A6-EA81-4E26-9753-A9C7A600EA34}.Release|Any CPU.Build.0 = Release|Any CPU
		{7CAD1912-05A5-42E5-B7BA-81BB051F0566}.Debug|Any CPU.ActiveCfg = Debug|Any CPU
		{7CAD1912-05A5-42E5-B7BA-81BB051F0566}.Debug|Any CPU.Build.0 = Debug|Any CPU
		{7CAD1912-05A5-42E5-B7BA-81BB051F0566}.Release|Any CPU.ActiveCfg = Release|Any CPU
		{7CAD1912-05A5-42E5-B7BA-81BB051F0566}.Release|Any CPU.Build.0 = Release|Any CPU
		{89736865-5272-4A42-A7FB-D802C6345502}.Debug|Any CPU.ActiveCfg = Debug|Any CPU
		{89736865-5272-4A42-A7FB-D802C6345502}.Debug|Any CPU.Build.0 = Debug|Any CPU
		{89736865-5272-4A42-A7FB-D802C6345502}.Release|Any CPU.ActiveCfg = Release|Any CPU
		{89736865-5272-4A42-A7FB-D802C6345502}.Release|Any CPU.Build.0 = Release|Any CPU
		{2AE5D8C5-EAC6-4515-89F2-A4994B41C925}.Debug|Any CPU.ActiveCfg = Debug|Any CPU
		{2AE5D8C5-EAC6-4515-89F2-A4994B41C925}.Debug|Any CPU.Build.0 = Debug|Any CPU
		{2AE5D8C5-EAC6-4515-89F2-A4994B41C925}.Release|Any CPU.ActiveCfg = Release|Any CPU
		{2AE5D8C5-EAC6-4515-89F2-A4994B41C925}.Release|Any CPU.Build.0 = Release|Any CPU
		{EB1BBDCC-FB07-40D5-8B9E-0079E2C2F2DF}.Debug|Any CPU.ActiveCfg = Debug|Any CPU
		{EB1BBDCC-FB07-40D5-8B9E-0079E2C2F2DF}.Debug|Any CPU.Build.0 = Debug|Any CPU
		{EB1BBDCC-FB07-40D5-8B9E-0079E2C2F2DF}.Release|Any CPU.ActiveCfg = Release|Any CPU
		{EB1BBDCC-FB07-40D5-8B9E-0079E2C2F2DF}.Release|Any CPU.Build.0 = Release|Any CPU
	EndGlobalSection
	GlobalSection(SolutionProperties) = preSolution
		HideSolutionNode = FALSE
	EndGlobalSection
	GlobalSection(NestedProjects) = preSolution
		{7AA90628-2FDD-4585-AF2F-CC51CFA8B52A} = {C335869B-7CC8-4239-B4A5-8031AA9758D3}
		{4DFBD9A6-EA81-4E26-9753-A9C7A600EA34} = {815C2429-8C88-4C09-B6AB-A916040F9FEF}
		{C3E63B2D-95D4-4C3F-B10F-7A0AACF94980} = {87D751FF-6347-40FF-8EC5-7CAD06BD5973}
		{7CAD1912-05A5-42E5-B7BA-81BB051F0566} = {87D751FF-6347-40FF-8EC5-7CAD06BD5973}
		{89736865-5272-4A42-A7FB-D802C6345502} = {DF72A8D3-0A12-49C9-BBD2-4ACC9EB1A544}
		{9C502B9A-25D4-473F-89BD-5A13DDE16354} = {C335869B-7CC8-4239-B4A5-8031AA9758D3}
		{6F8349DC-90AC-441D-8B8B-BE623F46BE6D} = {C335869B-7CC8-4239-B4A5-8031AA9758D3}
		{2AE5D8C5-EAC6-4515-89F2-A4994B41C925} = {815C2429-8C88-4C09-B6AB-A916040F9FEF}
		{1AAA8F60-6138-4DFE-B240-5A0F3FB87E0F} = {815C2429-8C88-4C09-B6AB-A916040F9FEF}
		{EB1BBDCC-FB07-40D5-8B9E-0079E2C2F2DF} = {C335869B-7CC8-4239-B4A5-8031AA9758D3}
	EndGlobalSection
EndGlobal
