// !$*UTF8*$!
{
	archiveVersion = 1;
	classes = {
	};
	objectVersion = 46;
	objects = {

/* Begin PBXBuildFile section */
		344BB15C2364D36A0018BFD0 /* hb-number.cc in Sources */ = {isa = PBXBuildFile; fileRef = 344BB15B2364D36A0018BFD0 /* hb-number.cc */; };
		34B817C222BD8F6F00508F73 /* hb-subset-cff2.cc in Sources */ = {isa = PBXBuildFile; fileRef = 34B817BB22BD8F6F00508F73 /* hb-subset-cff2.cc */; };
		34B817C322BD8F6F00508F73 /* hb-subset-cff-common.cc in Sources */ = {isa = PBXBuildFile; fileRef = 34B817BC22BD8F6F00508F73 /* hb-subset-cff-common.cc */; };
		34B817C422BD8F6F00508F73 /* hb-subset-plan.cc in Sources */ = {isa = PBXBuildFile; fileRef = 34B817BD22BD8F6F00508F73 /* hb-subset-plan.cc */; };
		34B817C522BD8F6F00508F73 /* hb-ucd.cc in Sources */ = {isa = PBXBuildFile; fileRef = 34B817BE22BD8F6F00508F73 /* hb-ucd.cc */; };
		34B817C622BD8F6F00508F73 /* hb-subset.cc in Sources */ = {isa = PBXBuildFile; fileRef = 34B817BF22BD8F6F00508F73 /* hb-subset.cc */; };
		34B817C722BD8F6F00508F73 /* hb-subset-input.cc in Sources */ = {isa = PBXBuildFile; fileRef = 34B817C022BD8F6F00508F73 /* hb-subset-input.cc */; };
		34B817C822BD8F6F00508F73 /* hb-subset-cff1.cc in Sources */ = {isa = PBXBuildFile; fileRef = 34B817C122BD8F6F00508F73 /* hb-subset-cff1.cc */; };
		34C9309E21FA5A77002D729C /* hb-shape-plan.cc in Sources */ = {isa = PBXBuildFile; fileRef = 34C9307121FA5A76002D729C /* hb-shape-plan.cc */; };
		34C930A021FA5A77002D729C /* hb-ot-shape-complex-indic-table.cc in Sources */ = {isa = PBXBuildFile; fileRef = 34C9307321FA5A76002D729C /* hb-ot-shape-complex-indic-table.cc */; };
		34C930A121FA5A77002D729C /* hb-ot-shape-complex-myanmar.cc in Sources */ = {isa = PBXBuildFile; fileRef = 34C9307421FA5A76002D729C /* hb-ot-shape-complex-myanmar.cc */; };
		34C930A221FA5A77002D729C /* hb-ot-map.cc in Sources */ = {isa = PBXBuildFile; fileRef = 34C9307521FA5A76002D729C /* hb-ot-map.cc */; };
		34C930A321FA5A77002D729C /* hb-buffer.cc in Sources */ = {isa = PBXBuildFile; fileRef = 34C9307621FA5A76002D729C /* hb-buffer.cc */; };
		34C930A421FA5A77002D729C /* hb-aat-layout.cc in Sources */ = {isa = PBXBuildFile; fileRef = 34C9307721FA5A76002D729C /* hb-aat-layout.cc */; };
		34C930A521FA5A77002D729C /* hb-ot-color.cc in Sources */ = {isa = PBXBuildFile; fileRef = 34C9307821FA5A76002D729C /* hb-ot-color.cc */; };
		34C930A621FA5A77002D729C /* hb-common.cc in Sources */ = {isa = PBXBuildFile; fileRef = 34C9307921FA5A76002D729C /* hb-common.cc */; };
		34C930A721FA5A77002D729C /* hb-ot-font.cc in Sources */ = {isa = PBXBuildFile; fileRef = 34C9307A21FA5A76002D729C /* hb-ot-font.cc */; };
		34C930A821FA5A77002D729C /* hb-ot-shape-complex-hebrew.cc in Sources */ = {isa = PBXBuildFile; fileRef = 34C9307B21FA5A76002D729C /* hb-ot-shape-complex-hebrew.cc */; };
		34C930A921FA5A77002D729C /* hb-ot-cff1-table.cc in Sources */ = {isa = PBXBuildFile; fileRef = 34C9307C21FA5A76002D729C /* hb-ot-cff1-table.cc */; };
		34C930AA21FA5A77002D729C /* hb-ot-cff2-table.cc in Sources */ = {isa = PBXBuildFile; fileRef = 34C9307D21FA5A76002D729C /* hb-ot-cff2-table.cc */; };
		34C930AB21FA5A77002D729C /* hb-aat-map.cc in Sources */ = {isa = PBXBuildFile; fileRef = 34C9307E21FA5A76002D729C /* hb-aat-map.cc */; };
		34C930AC21FA5A77002D729C /* hb-ot-shape-complex-khmer.cc in Sources */ = {isa = PBXBuildFile; fileRef = 34C9307F21FA5A76002D729C /* hb-ot-shape-complex-khmer.cc */; };
		34C930AD21FA5A77002D729C /* hb-ot-shape-complex-default.cc in Sources */ = {isa = PBXBuildFile; fileRef = 34C9308021FA5A76002D729C /* hb-ot-shape-complex-default.cc */; };
		34C930AE21FA5A77002D729C /* hb-ot-shape-complex-use.cc in Sources */ = {isa = PBXBuildFile; fileRef = 34C9308121FA5A76002D729C /* hb-ot-shape-complex-use.cc */; };
		34C930AF21FA5A77002D729C /* hb-shaper.cc in Sources */ = {isa = PBXBuildFile; fileRef = 34C9308221FA5A76002D729C /* hb-shaper.cc */; };
		34C930B021FA5A77002D729C /* hb-buffer-serialize.cc in Sources */ = {isa = PBXBuildFile; fileRef = 34C9308321FA5A76002D729C /* hb-buffer-serialize.cc */; };
		34C930B121FA5A77002D729C /* hb-ot-shape-fallback.cc in Sources */ = {isa = PBXBuildFile; fileRef = 34C9308421FA5A76002D729C /* hb-ot-shape-fallback.cc */; };
		34C930B221FA5A77002D729C /* hb-blob.cc in Sources */ = {isa = PBXBuildFile; fileRef = 34C9308521FA5A76002D729C /* hb-blob.cc */; };
		34C930B321FA5A77002D729C /* hb-ot-layout.cc in Sources */ = {isa = PBXBuildFile; fileRef = 34C9308621FA5A76002D729C /* hb-ot-layout.cc */; };
		34C930B421FA5A77002D729C /* hb-ot-face.cc in Sources */ = {isa = PBXBuildFile; fileRef = 34C9308721FA5A76002D729C /* hb-ot-face.cc */; };
		34C930B521FA5A77002D729C /* hb-ot-shape-complex-indic.cc in Sources */ = {isa = PBXBuildFile; fileRef = 34C9308821FA5A76002D729C /* hb-ot-shape-complex-indic.cc */; };
		34C930B621FA5A77002D729C /* hb-ot-shape-complex-thai.cc in Sources */ = {isa = PBXBuildFile; fileRef = 34C9308921FA5A76002D729C /* hb-ot-shape-complex-thai.cc */; };
		34C930B721FA5A77002D729C /* hb-ot-shape-normalize.cc in Sources */ = {isa = PBXBuildFile; fileRef = 34C9308A21FA5A76002D729C /* hb-ot-shape-normalize.cc */; };
		34C930B821FA5A77002D729C /* hb-ot-shape-complex-vowel-constraints.cc in Sources */ = {isa = PBXBuildFile; fileRef = 34C9308B21FA5A76002D729C /* hb-ot-shape-complex-vowel-constraints.cc */; };
		34C930B921FA5A77002D729C /* hb-ot-shape-complex-arabic.cc in Sources */ = {isa = PBXBuildFile; fileRef = 34C9308C21FA5A76002D729C /* hb-ot-shape-complex-arabic.cc */; };
		34C930BA21FA5A77002D729C /* hb-static.cc in Sources */ = {isa = PBXBuildFile; fileRef = 34C9308D21FA5A76002D729C /* hb-static.cc */; };
		34C930BB21FA5A77002D729C /* hb-unicode.cc in Sources */ = {isa = PBXBuildFile; fileRef = 34C9308E21FA5A76002D729C /* hb-unicode.cc */; };
		34C930BC21FA5A77002D729C /* hb-ot-name.cc in Sources */ = {isa = PBXBuildFile; fileRef = 34C9308F21FA5A77002D729C /* hb-ot-name.cc */; };
		34C930BD21FA5A77002D729C /* hb-ot-shape.cc in Sources */ = {isa = PBXBuildFile; fileRef = 34C9309021FA5A77002D729C /* hb-ot-shape.cc */; };
		34C930BE21FA5A77002D729C /* hb-ot-shape-complex-hangul.cc in Sources */ = {isa = PBXBuildFile; fileRef = 34C9309121FA5A77002D729C /* hb-ot-shape-complex-hangul.cc */; };
		34C930BF21FA5A77002D729C /* hb-face.cc in Sources */ = {isa = PBXBuildFile; fileRef = 34C9309221FA5A77002D729C /* hb-face.cc */; };
		34C930C021FA5A77002D729C /* hb-ot-math.cc in Sources */ = {isa = PBXBuildFile; fileRef = 34C9309321FA5A77002D729C /* hb-ot-math.cc */; };
		34C930C121FA5A77002D729C /* hb-map.cc in Sources */ = {isa = PBXBuildFile; fileRef = 34C9309421FA5A77002D729C /* hb-map.cc */; };
		34C930C221FA5A77002D729C /* hb-font.cc in Sources */ = {isa = PBXBuildFile; fileRef = 34C9309521FA5A77002D729C /* hb-font.cc */; };
		34C930C321FA5A77002D729C /* hb-set.cc in Sources */ = {isa = PBXBuildFile; fileRef = 34C9309621FA5A77002D729C /* hb-set.cc */; };
		34C930C521FA5A77002D729C /* hb-ot-shape-complex-use-table.cc in Sources */ = {isa = PBXBuildFile; fileRef = 34C9309821FA5A77002D729C /* hb-ot-shape-complex-use-table.cc */; };
		34C930C621FA5A77002D729C /* hb-ot-tag.cc in Sources */ = {isa = PBXBuildFile; fileRef = 34C9309921FA5A77002D729C /* hb-ot-tag.cc */; };
		34C930C721FA5A77002D729C /* hb-shape.cc in Sources */ = {isa = PBXBuildFile; fileRef = 34C9309A21FA5A77002D729C /* hb-shape.cc */; };
		34C930C821FA5A77002D729C /* hb-warning.cc in Sources */ = {isa = PBXBuildFile; fileRef = 34C9309B21FA5A77002D729C /* hb-warning.cc */; };
		34C930C921FA5A77002D729C /* hb-fallback-shape.cc in Sources */ = {isa = PBXBuildFile; fileRef = 34C9309C21FA5A77002D729C /* hb-fallback-shape.cc */; };
		34C930CA21FA5A77002D729C /* hb-ot-var.cc in Sources */ = {isa = PBXBuildFile; fileRef = 34C9309D21FA5A77002D729C /* hb-ot-var.cc */; };
		34F68011233ED0F70091C30D /* hb-ot-meta.cc in Sources */ = {isa = PBXBuildFile; fileRef = 34F6800B233ED0F70091C30D /* hb-ot-meta.cc */; };
		34F68012233ED0F70091C30D /* hb-ot-metrics.cc in Sources */ = {isa = PBXBuildFile; fileRef = 34F68010233ED0F70091C30D /* hb-ot-metrics.cc */; };
/* End PBXBuildFile section */

/* Begin PBXCopyFilesBuildPhase section */
		34D723401EB385E800E6210E /* CopyFiles */ = {
			isa = PBXCopyFilesBuildPhase;
			buildActionMask = 2147483647;
			dstPath = "include/$(PRODUCT_NAME)";
			dstSubfolderSpec = 16;
			files = (
			);
			runOnlyForDeploymentPostprocessing = 0;
		};
/* End PBXCopyFilesBuildPhase section */

/* Begin PBXFileReference section */
		344BB1592364D3690018BFD0 /* hb-number-parser.hh */ = {isa = PBXFileReference; fileEncoding = 4; lastKnownFileType = sourcecode.cpp.h; name = "hb-number-parser.hh"; path = "../../externals/harfbuzz/src/hb-number-parser.hh"; sourceTree = "<group>"; };
		344BB15A2364D3690018BFD0 /* hb-number.hh */ = {isa = PBXFileReference; fileEncoding = 4; lastKnownFileType = sourcecode.cpp.h; name = "hb-number.hh"; path = "../../externals/harfbuzz/src/hb-number.hh"; sourceTree = "<group>"; };
		344BB15B2364D36A0018BFD0 /* hb-number.cc */ = {isa = PBXFileReference; fileEncoding = 4; lastKnownFileType = sourcecode.cpp.cpp; name = "hb-number.cc"; path = "../../externals/harfbuzz/src/hb-number.cc"; sourceTree = "<group>"; };
		34B817BB22BD8F6F00508F73 /* hb-subset-cff2.cc */ = {isa = PBXFileReference; fileEncoding = 4; lastKnownFileType = sourcecode.cpp.cpp; name = "hb-subset-cff2.cc"; path = "../../externals/harfbuzz/src/hb-subset-cff2.cc"; sourceTree = "<group>"; };
		34B817BC22BD8F6F00508F73 /* hb-subset-cff-common.cc */ = {isa = PBXFileReference; fileEncoding = 4; lastKnownFileType = sourcecode.cpp.cpp; name = "hb-subset-cff-common.cc"; path = "../../externals/harfbuzz/src/hb-subset-cff-common.cc"; sourceTree = "<group>"; };
		34B817BD22BD8F6F00508F73 /* hb-subset-plan.cc */ = {isa = PBXFileReference; fileEncoding = 4; lastKnownFileType = sourcecode.cpp.cpp; name = "hb-subset-plan.cc"; path = "../../externals/harfbuzz/src/hb-subset-plan.cc"; sourceTree = "<group>"; };
		34B817BE22BD8F6F00508F73 /* hb-ucd.cc */ = {isa = PBXFileReference; fileEncoding = 4; lastKnownFileType = sourcecode.cpp.cpp; name = "hb-ucd.cc"; path = "../../externals/harfbuzz/src/hb-ucd.cc"; sourceTree = "<group>"; };
		34B817BF22BD8F6F00508F73 /* hb-subset.cc */ = {isa = PBXFileReference; fileEncoding = 4; lastKnownFileType = sourcecode.cpp.cpp; name = "hb-subset.cc"; path = "../../externals/harfbuzz/src/hb-subset.cc"; sourceTree = "<group>"; };
		34B817C022BD8F6F00508F73 /* hb-subset-input.cc */ = {isa = PBXFileReference; fileEncoding = 4; lastKnownFileType = sourcecode.cpp.cpp; name = "hb-subset-input.cc"; path = "../../externals/harfbuzz/src/hb-subset-input.cc"; sourceTree = "<group>"; };
		34B817C122BD8F6F00508F73 /* hb-subset-cff1.cc */ = {isa = PBXFileReference; fileEncoding = 4; lastKnownFileType = sourcecode.cpp.cpp; name = "hb-subset-cff1.cc"; path = "../../externals/harfbuzz/src/hb-subset-cff1.cc"; sourceTree = "<group>"; };
		34C92F8D21FA593F002D729C /* config.h */ = {isa = PBXFileReference; lastKnownFileType = sourcecode.c.h; path = config.h; sourceTree = SOURCE_ROOT; };
		34C9307121FA5A76002D729C /* hb-shape-plan.cc */ = {isa = PBXFileReference; fileEncoding = 4; lastKnownFileType = sourcecode.cpp.cpp; name = "hb-shape-plan.cc"; path = "../../externals/harfbuzz/src/hb-shape-plan.cc"; sourceTree = "<group>"; };
		34C9307321FA5A76002D729C /* hb-ot-shape-complex-indic-table.cc */ = {isa = PBXFileReference; fileEncoding = 4; lastKnownFileType = sourcecode.cpp.cpp; name = "hb-ot-shape-complex-indic-table.cc"; path = "../../externals/harfbuzz/src/hb-ot-shape-complex-indic-table.cc"; sourceTree = "<group>"; };
		34C9307421FA5A76002D729C /* hb-ot-shape-complex-myanmar.cc */ = {isa = PBXFileReference; fileEncoding = 4; lastKnownFileType = sourcecode.cpp.cpp; name = "hb-ot-shape-complex-myanmar.cc"; path = "../../externals/harfbuzz/src/hb-ot-shape-complex-myanmar.cc"; sourceTree = "<group>"; };
		34C9307521FA5A76002D729C /* hb-ot-map.cc */ = {isa = PBXFileReference; fileEncoding = 4; lastKnownFileType = sourcecode.cpp.cpp; name = "hb-ot-map.cc"; path = "../../externals/harfbuzz/src/hb-ot-map.cc"; sourceTree = "<group>"; };
		34C9307621FA5A76002D729C /* hb-buffer.cc */ = {isa = PBXFileReference; fileEncoding = 4; lastKnownFileType = sourcecode.cpp.cpp; name = "hb-buffer.cc"; path = "../../externals/harfbuzz/src/hb-buffer.cc"; sourceTree = "<group>"; };
		34C9307721FA5A76002D729C /* hb-aat-layout.cc */ = {isa = PBXFileReference; fileEncoding = 4; lastKnownFileType = sourcecode.cpp.cpp; name = "hb-aat-layout.cc"; path = "../../externals/harfbuzz/src/hb-aat-layout.cc"; sourceTree = "<group>"; };
		34C9307821FA5A76002D729C /* hb-ot-color.cc */ = {isa = PBXFileReference; fileEncoding = 4; lastKnownFileType = sourcecode.cpp.cpp; name = "hb-ot-color.cc"; path = "../../externals/harfbuzz/src/hb-ot-color.cc"; sourceTree = "<group>"; };
		34C9307921FA5A76002D729C /* hb-common.cc */ = {isa = PBXFileReference; fileEncoding = 4; lastKnownFileType = sourcecode.cpp.cpp; name = "hb-common.cc"; path = "../../externals/harfbuzz/src/hb-common.cc"; sourceTree = "<group>"; };
		34C9307A21FA5A76002D729C /* hb-ot-font.cc */ = {isa = PBXFileReference; fileEncoding = 4; lastKnownFileType = sourcecode.cpp.cpp; name = "hb-ot-font.cc"; path = "../../externals/harfbuzz/src/hb-ot-font.cc"; sourceTree = "<group>"; };
		34C9307B21FA5A76002D729C /* hb-ot-shape-complex-hebrew.cc */ = {isa = PBXFileReference; fileEncoding = 4; lastKnownFileType = sourcecode.cpp.cpp; name = "hb-ot-shape-complex-hebrew.cc"; path = "../../externals/harfbuzz/src/hb-ot-shape-complex-hebrew.cc"; sourceTree = "<group>"; };
		34C9307C21FA5A76002D729C /* hb-ot-cff1-table.cc */ = {isa = PBXFileReference; fileEncoding = 4; lastKnownFileType = sourcecode.cpp.cpp; name = "hb-ot-cff1-table.cc"; path = "../../externals/harfbuzz/src/hb-ot-cff1-table.cc"; sourceTree = "<group>"; };
		34C9307D21FA5A76002D729C /* hb-ot-cff2-table.cc */ = {isa = PBXFileReference; fileEncoding = 4; lastKnownFileType = sourcecode.cpp.cpp; name = "hb-ot-cff2-table.cc"; path = "../../externals/harfbuzz/src/hb-ot-cff2-table.cc"; sourceTree = "<group>"; };
		34C9307E21FA5A76002D729C /* hb-aat-map.cc */ = {isa = PBXFileReference; fileEncoding = 4; lastKnownFileType = sourcecode.cpp.cpp; name = "hb-aat-map.cc"; path = "../../externals/harfbuzz/src/hb-aat-map.cc"; sourceTree = "<group>"; };
		34C9307F21FA5A76002D729C /* hb-ot-shape-complex-khmer.cc */ = {isa = PBXFileReference; fileEncoding = 4; lastKnownFileType = sourcecode.cpp.cpp; name = "hb-ot-shape-complex-khmer.cc"; path = "../../externals/harfbuzz/src/hb-ot-shape-complex-khmer.cc"; sourceTree = "<group>"; };
		34C9308021FA5A76002D729C /* hb-ot-shape-complex-default.cc */ = {isa = PBXFileReference; fileEncoding = 4; lastKnownFileType = sourcecode.cpp.cpp; name = "hb-ot-shape-complex-default.cc"; path = "../../externals/harfbuzz/src/hb-ot-shape-complex-default.cc"; sourceTree = "<group>"; };
		34C9308121FA5A76002D729C /* hb-ot-shape-complex-use.cc */ = {isa = PBXFileReference; fileEncoding = 4; lastKnownFileType = sourcecode.cpp.cpp; name = "hb-ot-shape-complex-use.cc"; path = "../../externals/harfbuzz/src/hb-ot-shape-complex-use.cc"; sourceTree = "<group>"; };
		34C9308221FA5A76002D729C /* hb-shaper.cc */ = {isa = PBXFileReference; fileEncoding = 4; lastKnownFileType = sourcecode.cpp.cpp; name = "hb-shaper.cc"; path = "../../externals/harfbuzz/src/hb-shaper.cc"; sourceTree = "<group>"; };
		34C9308321FA5A76002D729C /* hb-buffer-serialize.cc */ = {isa = PBXFileReference; fileEncoding = 4; lastKnownFileType = sourcecode.cpp.cpp; name = "hb-buffer-serialize.cc"; path = "../../externals/harfbuzz/src/hb-buffer-serialize.cc"; sourceTree = "<group>"; };
		34C9308421FA5A76002D729C /* hb-ot-shape-fallback.cc */ = {isa = PBXFileReference; fileEncoding = 4; lastKnownFileType = sourcecode.cpp.cpp; name = "hb-ot-shape-fallback.cc"; path = "../../externals/harfbuzz/src/hb-ot-shape-fallback.cc"; sourceTree = "<group>"; };
		34C9308521FA5A76002D729C /* hb-blob.cc */ = {isa = PBXFileReference; fileEncoding = 4; lastKnownFileType = sourcecode.cpp.cpp; name = "hb-blob.cc"; path = "../../externals/harfbuzz/src/hb-blob.cc"; sourceTree = "<group>"; };
		34C9308621FA5A76002D729C /* hb-ot-layout.cc */ = {isa = PBXFileReference; fileEncoding = 4; lastKnownFileType = sourcecode.cpp.cpp; name = "hb-ot-layout.cc"; path = "../../externals/harfbuzz/src/hb-ot-layout.cc"; sourceTree = "<group>"; };
		34C9308721FA5A76002D729C /* hb-ot-face.cc */ = {isa = PBXFileReference; fileEncoding = 4; lastKnownFileType = sourcecode.cpp.cpp; name = "hb-ot-face.cc"; path = "../../externals/harfbuzz/src/hb-ot-face.cc"; sourceTree = "<group>"; };
		34C9308821FA5A76002D729C /* hb-ot-shape-complex-indic.cc */ = {isa = PBXFileReference; fileEncoding = 4; lastKnownFileType = sourcecode.cpp.cpp; name = "hb-ot-shape-complex-indic.cc"; path = "../../externals/harfbuzz/src/hb-ot-shape-complex-indic.cc"; sourceTree = "<group>"; };
		34C9308921FA5A76002D729C /* hb-ot-shape-complex-thai.cc */ = {isa = PBXFileReference; fileEncoding = 4; lastKnownFileType = sourcecode.cpp.cpp; name = "hb-ot-shape-complex-thai.cc"; path = "../../externals/harfbuzz/src/hb-ot-shape-complex-thai.cc"; sourceTree = "<group>"; };
		34C9308A21FA5A76002D729C /* hb-ot-shape-normalize.cc */ = {isa = PBXFileReference; fileEncoding = 4; lastKnownFileType = sourcecode.cpp.cpp; name = "hb-ot-shape-normalize.cc"; path = "../../externals/harfbuzz/src/hb-ot-shape-normalize.cc"; sourceTree = "<group>"; };
		34C9308B21FA5A76002D729C /* hb-ot-shape-complex-vowel-constraints.cc */ = {isa = PBXFileReference; fileEncoding = 4; lastKnownFileType = sourcecode.cpp.cpp; name = "hb-ot-shape-complex-vowel-constraints.cc"; path = "../../externals/harfbuzz/src/hb-ot-shape-complex-vowel-constraints.cc"; sourceTree = "<group>"; };
		34C9308C21FA5A76002D729C /* hb-ot-shape-complex-arabic.cc */ = {isa = PBXFileReference; fileEncoding = 4; lastKnownFileType = sourcecode.cpp.cpp; name = "hb-ot-shape-complex-arabic.cc"; path = "../../externals/harfbuzz/src/hb-ot-shape-complex-arabic.cc"; sourceTree = "<group>"; };
		34C9308D21FA5A76002D729C /* hb-static.cc */ = {isa = PBXFileReference; fileEncoding = 4; lastKnownFileType = sourcecode.cpp.cpp; name = "hb-static.cc"; path = "../../externals/harfbuzz/src/hb-static.cc"; sourceTree = "<group>"; };
		34C9308E21FA5A76002D729C /* hb-unicode.cc */ = {isa = PBXFileReference; fileEncoding = 4; lastKnownFileType = sourcecode.cpp.cpp; name = "hb-unicode.cc"; path = "../../externals/harfbuzz/src/hb-unicode.cc"; sourceTree = "<group>"; };
		34C9308F21FA5A77002D729C /* hb-ot-name.cc */ = {isa = PBXFileReference; fileEncoding = 4; lastKnownFileType = sourcecode.cpp.cpp; name = "hb-ot-name.cc"; path = "../../externals/harfbuzz/src/hb-ot-name.cc"; sourceTree = "<group>"; };
		34C9309021FA5A77002D729C /* hb-ot-shape.cc */ = {isa = PBXFileReference; fileEncoding = 4; lastKnownFileType = sourcecode.cpp.cpp; name = "hb-ot-shape.cc"; path = "../../externals/harfbuzz/src/hb-ot-shape.cc"; sourceTree = "<group>"; };
		34C9309121FA5A77002D729C /* hb-ot-shape-complex-hangul.cc */ = {isa = PBXFileReference; fileEncoding = 4; lastKnownFileType = sourcecode.cpp.cpp; name = "hb-ot-shape-complex-hangul.cc"; path = "../../externals/harfbuzz/src/hb-ot-shape-complex-hangul.cc"; sourceTree = "<group>"; };
		34C9309221FA5A77002D729C /* hb-face.cc */ = {isa = PBXFileReference; fileEncoding = 4; lastKnownFileType = sourcecode.cpp.cpp; name = "hb-face.cc"; path = "../../externals/harfbuzz/src/hb-face.cc"; sourceTree = "<group>"; };
		34C9309321FA5A77002D729C /* hb-ot-math.cc */ = {isa = PBXFileReference; fileEncoding = 4; lastKnownFileType = sourcecode.cpp.cpp; name = "hb-ot-math.cc"; path = "../../externals/harfbuzz/src/hb-ot-math.cc"; sourceTree = "<group>"; };
		34C9309421FA5A77002D729C /* hb-map.cc */ = {isa = PBXFileReference; fileEncoding = 4; lastKnownFileType = sourcecode.cpp.cpp; name = "hb-map.cc"; path = "../../externals/harfbuzz/src/hb-map.cc"; sourceTree = "<group>"; };
		34C9309521FA5A77002D729C /* hb-font.cc */ = {isa = PBXFileReference; fileEncoding = 4; lastKnownFileType = sourcecode.cpp.cpp; name = "hb-font.cc"; path = "../../externals/harfbuzz/src/hb-font.cc"; sourceTree = "<group>"; };
		34C9309621FA5A77002D729C /* hb-set.cc */ = {isa = PBXFileReference; fileEncoding = 4; lastKnownFileType = sourcecode.cpp.cpp; name = "hb-set.cc"; path = "../../externals/harfbuzz/src/hb-set.cc"; sourceTree = "<group>"; };
		34C9309821FA5A77002D729C /* hb-ot-shape-complex-use-table.cc */ = {isa = PBXFileReference; fileEncoding = 4; lastKnownFileType = sourcecode.cpp.cpp; name = "hb-ot-shape-complex-use-table.cc"; path = "../../externals/harfbuzz/src/hb-ot-shape-complex-use-table.cc"; sourceTree = "<group>"; };
		34C9309921FA5A77002D729C /* hb-ot-tag.cc */ = {isa = PBXFileReference; fileEncoding = 4; lastKnownFileType = sourcecode.cpp.cpp; name = "hb-ot-tag.cc"; path = "../../externals/harfbuzz/src/hb-ot-tag.cc"; sourceTree = "<group>"; };
		34C9309A21FA5A77002D729C /* hb-shape.cc */ = {isa = PBXFileReference; fileEncoding = 4; lastKnownFileType = sourcecode.cpp.cpp; name = "hb-shape.cc"; path = "../../externals/harfbuzz/src/hb-shape.cc"; sourceTree = "<group>"; };
		34C9309B21FA5A77002D729C /* hb-warning.cc */ = {isa = PBXFileReference; fileEncoding = 4; lastKnownFileType = sourcecode.cpp.cpp; name = "hb-warning.cc"; path = "../../externals/harfbuzz/src/hb-warning.cc"; sourceTree = "<group>"; };
		34C9309C21FA5A77002D729C /* hb-fallback-shape.cc */ = {isa = PBXFileReference; fileEncoding = 4; lastKnownFileType = sourcecode.cpp.cpp; name = "hb-fallback-shape.cc"; path = "../../externals/harfbuzz/src/hb-fallback-shape.cc"; sourceTree = "<group>"; };
		34C9309D21FA5A77002D729C /* hb-ot-var.cc */ = {isa = PBXFileReference; fileEncoding = 4; lastKnownFileType = sourcecode.cpp.cpp; name = "hb-ot-var.cc"; path = "../../externals/harfbuzz/src/hb-ot-var.cc"; sourceTree = "<group>"; };
		34D723421EB385E900E6210E /* libHarfBuzzSharp.a */ = {isa = PBXFileReference; explicitFileType = archive.ar; includeInIndex = 0; path = libHarfBuzzSharp.a; sourceTree = BUILT_PRODUCTS_DIR; };
		34F6800B233ED0F70091C30D /* hb-ot-meta.cc */ = {isa = PBXFileReference; fileEncoding = 4; lastKnownFileType = sourcecode.cpp.cpp; name = "hb-ot-meta.cc"; path = "../../externals/harfbuzz/src/hb-ot-meta.cc"; sourceTree = "<group>"; };
		34F6800C233ED0F70091C30D /* hb-ot-metrics.hh */ = {isa = PBXFileReference; fileEncoding = 4; lastKnownFileType = sourcecode.cpp.h; name = "hb-ot-metrics.hh"; path = "../../externals/harfbuzz/src/hb-ot-metrics.hh"; sourceTree = "<group>"; };
		34F6800D233ED0F70091C30D /* hb-ot-meta-table.hh */ = {isa = PBXFileReference; fileEncoding = 4; lastKnownFileType = sourcecode.cpp.h; name = "hb-ot-meta-table.hh"; path = "../../externals/harfbuzz/src/hb-ot-meta-table.hh"; sourceTree = "<group>"; };
		34F6800E233ED0F70091C30D /* hb-ot-meta.h */ = {isa = PBXFileReference; fileEncoding = 4; lastKnownFileType = sourcecode.c.h; name = "hb-ot-meta.h"; path = "../../externals/harfbuzz/src/hb-ot-meta.h"; sourceTree = "<group>"; };
		34F6800F233ED0F70091C30D /* hb-ot-metrics.h */ = {isa = PBXFileReference; fileEncoding = 4; lastKnownFileType = sourcecode.c.h; name = "hb-ot-metrics.h"; path = "../../externals/harfbuzz/src/hb-ot-metrics.h"; sourceTree = "<group>"; };
		34F68010233ED0F70091C30D /* hb-ot-metrics.cc */ = {isa = PBXFileReference; fileEncoding = 4; lastKnownFileType = sourcecode.cpp.cpp; name = "hb-ot-metrics.cc"; path = "../../externals/harfbuzz/src/hb-ot-metrics.cc"; sourceTree = "<group>"; };
/* End PBXFileReference section */

/* Begin PBXFrameworksBuildPhase section */
		34D7233F1EB385E800E6210E /* Frameworks */ = {
			isa = PBXFrameworksBuildPhase;
			buildActionMask = 2147483647;
			files = (
			);
			runOnlyForDeploymentPostprocessing = 0;
		};
/* End PBXFrameworksBuildPhase section */

/* Begin PBXGroup section */
		34C9307021FA5A6D002D729C /* src */ = {
			isa = PBXGroup;
			children = (
				34C9307721FA5A76002D729C /* hb-aat-layout.cc */,
				34C9307E21FA5A76002D729C /* hb-aat-map.cc */,
				34C9308521FA5A76002D729C /* hb-blob.cc */,
				34C9308321FA5A76002D729C /* hb-buffer-serialize.cc */,
				34C9307621FA5A76002D729C /* hb-buffer.cc */,
				34C9307921FA5A76002D729C /* hb-common.cc */,
				34C9309221FA5A77002D729C /* hb-face.cc */,
				34C9309C21FA5A77002D729C /* hb-fallback-shape.cc */,
				34C9309521FA5A77002D729C /* hb-font.cc */,
				34C9309421FA5A77002D729C /* hb-map.cc */,
				344BB1592364D3690018BFD0 /* hb-number-parser.hh */,
				344BB15B2364D36A0018BFD0 /* hb-number.cc */,
				344BB15A2364D3690018BFD0 /* hb-number.hh */,
				34C9307C21FA5A76002D729C /* hb-ot-cff1-table.cc */,
				34C9307D21FA5A76002D729C /* hb-ot-cff2-table.cc */,
				34C9307821FA5A76002D729C /* hb-ot-color.cc */,
				34C9308721FA5A76002D729C /* hb-ot-face.cc */,
				34C9307A21FA5A76002D729C /* hb-ot-font.cc */,
				34C9308621FA5A76002D729C /* hb-ot-layout.cc */,
				34C9307521FA5A76002D729C /* hb-ot-map.cc */,
				34C9309321FA5A77002D729C /* hb-ot-math.cc */,
				34F6800D233ED0F70091C30D /* hb-ot-meta-table.hh */,
				34F6800B233ED0F70091C30D /* hb-ot-meta.cc */,
				34F6800E233ED0F70091C30D /* hb-ot-meta.h */,
				34F68010233ED0F70091C30D /* hb-ot-metrics.cc */,
				34F6800F233ED0F70091C30D /* hb-ot-metrics.h */,
				34F6800C233ED0F70091C30D /* hb-ot-metrics.hh */,
				34C9308F21FA5A77002D729C /* hb-ot-name.cc */,
				34C9308C21FA5A76002D729C /* hb-ot-shape-complex-arabic.cc */,
				34C9308021FA5A76002D729C /* hb-ot-shape-complex-default.cc */,
				34C9309121FA5A77002D729C /* hb-ot-shape-complex-hangul.cc */,
				34C9307B21FA5A76002D729C /* hb-ot-shape-complex-hebrew.cc */,
				34C9307321FA5A76002D729C /* hb-ot-shape-complex-indic-table.cc */,
				34C9308821FA5A76002D729C /* hb-ot-shape-complex-indic.cc */,
				34C9307F21FA5A76002D729C /* hb-ot-shape-complex-khmer.cc */,
				34C9307421FA5A76002D729C /* hb-ot-shape-complex-myanmar.cc */,
				34C9308921FA5A76002D729C /* hb-ot-shape-complex-thai.cc */,
				34C9309821FA5A77002D729C /* hb-ot-shape-complex-use-table.cc */,
				34C9308121FA5A76002D729C /* hb-ot-shape-complex-use.cc */,
				34C9308B21FA5A76002D729C /* hb-ot-shape-complex-vowel-constraints.cc */,
				34C9308421FA5A76002D729C /* hb-ot-shape-fallback.cc */,
				34C9308A21FA5A76002D729C /* hb-ot-shape-normalize.cc */,
				34C9309021FA5A77002D729C /* hb-ot-shape.cc */,
				34C9309921FA5A77002D729C /* hb-ot-tag.cc */,
				34C9309D21FA5A77002D729C /* hb-ot-var.cc */,
				34C9309621FA5A77002D729C /* hb-set.cc */,
				34C9307121FA5A76002D729C /* hb-shape-plan.cc */,
				34C9309A21FA5A77002D729C /* hb-shape.cc */,
				34C9308221FA5A76002D729C /* hb-shaper.cc */,
				34C9308D21FA5A76002D729C /* hb-static.cc */,
				34B817BC22BD8F6F00508F73 /* hb-subset-cff-common.cc */,
				34B817C122BD8F6F00508F73 /* hb-subset-cff1.cc */,
				34B817BB22BD8F6F00508F73 /* hb-subset-cff2.cc */,
				34B817C022BD8F6F00508F73 /* hb-subset-input.cc */,
				34B817BD22BD8F6F00508F73 /* hb-subset-plan.cc */,
				34B817BF22BD8F6F00508F73 /* hb-subset.cc */,
				34B817BE22BD8F6F00508F73 /* hb-ucd.cc */,
				34C9308E21FA5A76002D729C /* hb-unicode.cc */,
				34C9309B21FA5A77002D729C /* hb-warning.cc */,
			);
			name = src;
			sourceTree = "<group>";
		};
		34D723391EB385E800E6210E = {
			isa = PBXGroup;
			children = (
				34C9307021FA5A6D002D729C /* src */,
				34C92F8D21FA593F002D729C /* config.h */,
				34D723431EB385E900E6210E /* Products */,
			);
			sourceTree = "<group>";
		};
		34D723431EB385E900E6210E /* Products */ = {
			isa = PBXGroup;
			children = (
				34D723421EB385E900E6210E /* libHarfBuzzSharp.a */,
			);
			name = Products;
			sourceTree = "<group>";
		};
/* End PBXGroup section */

/* Begin PBXNativeTarget section */
		34D723411EB385E800E6210E /* libHarfBuzzSharp */ = {
			isa = PBXNativeTarget;
			buildConfigurationList = 34D7234B1EB385E900E6210E /* Build configuration list for PBXNativeTarget "libHarfBuzzSharp" */;
			buildPhases = (
				34D7233E1EB385E800E6210E /* Sources */,
				34D7233F1EB385E800E6210E /* Frameworks */,
				34D723401EB385E800E6210E /* CopyFiles */,
			);
			buildRules = (
			);
			dependencies = (
			);
			name = libHarfBuzzSharp;
			productName = libHarfBuzzSharp;
			productReference = 34D723421EB385E900E6210E /* libHarfBuzzSharp.a */;
			productType = "com.apple.product-type.library.static";
		};
/* End PBXNativeTarget section */

/* Begin PBXProject section */
		34D7233A1EB385E800E6210E /* Project object */ = {
			isa = PBXProject;
			attributes = {
				LastUpgradeCheck = 1010;
				ORGANIZATIONNAME = "Matthew Leibowitz";
				TargetAttributes = {
					34D723411EB385E800E6210E = {
						CreatedOnToolsVersion = 8.0;
						ProvisioningStyle = Automatic;
					};
				};
			};
			buildConfigurationList = 34D7233D1EB385E800E6210E /* Build configuration list for PBXProject "libHarfBuzzSharp" */;
			compatibilityVersion = "Xcode 3.2";
			developmentRegion = English;
			hasScannedForEncodings = 0;
			knownRegions = (
				English,
				en,
			);
			mainGroup = 34D723391EB385E800E6210E;
			productRefGroup = 34D723431EB385E900E6210E /* Products */;
			projectDirPath = "";
			projectRoot = "";
			targets = (
				34D723411EB385E800E6210E /* libHarfBuzzSharp */,
			);
		};
/* End PBXProject section */

/* Begin PBXSourcesBuildPhase section */
		34D7233E1EB385E800E6210E /* Sources */ = {
			isa = PBXSourcesBuildPhase;
			buildActionMask = 2147483647;
			files = (
				34C930C521FA5A77002D729C /* hb-ot-shape-complex-use-table.cc in Sources */,
				34C930B421FA5A77002D729C /* hb-ot-face.cc in Sources */,
				34C930A521FA5A77002D729C /* hb-ot-color.cc in Sources */,
				34C930AD21FA5A77002D729C /* hb-ot-shape-complex-default.cc in Sources */,
				34C930AE21FA5A77002D729C /* hb-ot-shape-complex-use.cc in Sources */,
				34C930B621FA5A77002D729C /* hb-ot-shape-complex-thai.cc in Sources */,
				34C930A621FA5A77002D729C /* hb-common.cc in Sources */,
				34C9309E21FA5A77002D729C /* hb-shape-plan.cc in Sources */,
				34B817C422BD8F6F00508F73 /* hb-subset-plan.cc in Sources */,
				34B817C222BD8F6F00508F73 /* hb-subset-cff2.cc in Sources */,
				34C930A121FA5A77002D729C /* hb-ot-shape-complex-myanmar.cc in Sources */,
				34B817C322BD8F6F00508F73 /* hb-subset-cff-common.cc in Sources */,
				34C930BC21FA5A77002D729C /* hb-ot-name.cc in Sources */,
				34C930B721FA5A77002D729C /* hb-ot-shape-normalize.cc in Sources */,
				34C930A221FA5A77002D729C /* hb-ot-map.cc in Sources */,
				34C930B521FA5A77002D729C /* hb-ot-shape-complex-indic.cc in Sources */,
				34C930C221FA5A77002D729C /* hb-font.cc in Sources */,
				34B817C522BD8F6F00508F73 /* hb-ucd.cc in Sources */,
				34F68012233ED0F70091C30D /* hb-ot-metrics.cc in Sources */,
				344BB15C2364D36A0018BFD0 /* hb-number.cc in Sources */,
				34C930C321FA5A77002D729C /* hb-set.cc in Sources */,
				34C930A021FA5A77002D729C /* hb-ot-shape-complex-indic-table.cc in Sources */,
				34C930AA21FA5A77002D729C /* hb-ot-cff2-table.cc in Sources */,
				34C930B021FA5A77002D729C /* hb-buffer-serialize.cc in Sources */,
				34C930CA21FA5A77002D729C /* hb-ot-var.cc in Sources */,
				34C930C821FA5A77002D729C /* hb-warning.cc in Sources */,
				34C930A921FA5A77002D729C /* hb-ot-cff1-table.cc in Sources */,
				34B817C822BD8F6F00508F73 /* hb-subset-cff1.cc in Sources */,
				34C930B321FA5A77002D729C /* hb-ot-layout.cc in Sources */,
				34C930A821FA5A77002D729C /* hb-ot-shape-complex-hebrew.cc in Sources */,
				34F68011233ED0F70091C30D /* hb-ot-meta.cc in Sources */,
				34C930AF21FA5A77002D729C /* hb-shaper.cc in Sources */,
				34C930A721FA5A77002D729C /* hb-ot-font.cc in Sources */,
				34B817C622BD8F6F00508F73 /* hb-subset.cc in Sources */,
				34C930A321FA5A77002D729C /* hb-buffer.cc in Sources */,
				34C930C621FA5A77002D729C /* hb-ot-tag.cc in Sources */,
				34C930C021FA5A77002D729C /* hb-ot-math.cc in Sources */,
				34C930BF21FA5A77002D729C /* hb-face.cc in Sources */,
				34C930B921FA5A77002D729C /* hb-ot-shape-complex-arabic.cc in Sources */,
				34C930B121FA5A77002D729C /* hb-ot-shape-fallback.cc in Sources */,
				34B817C722BD8F6F00508F73 /* hb-subset-input.cc in Sources */,
				34C930C121FA5A77002D729C /* hb-map.cc in Sources */,
				34C930BE21FA5A77002D729C /* hb-ot-shape-complex-hangul.cc in Sources */,
				34C930C921FA5A77002D729C /* hb-fallback-shape.cc in Sources */,
				34C930B821FA5A77002D729C /* hb-ot-shape-complex-vowel-constraints.cc in Sources */,
				34C930B221FA5A77002D729C /* hb-blob.cc in Sources */,
				34C930BD21FA5A77002D729C /* hb-ot-shape.cc in Sources */,
				34C930BB21FA5A77002D729C /* hb-unicode.cc in Sources */,
				34C930C721FA5A77002D729C /* hb-shape.cc in Sources */,
				34C930BA21FA5A77002D729C /* hb-static.cc in Sources */,
				34C930AC21FA5A77002D729C /* hb-ot-shape-complex-khmer.cc in Sources */,
				34C930A421FA5A77002D729C /* hb-aat-layout.cc in Sources */,
				34C930AB21FA5A77002D729C /* hb-aat-map.cc in Sources */,
			);
			runOnlyForDeploymentPostprocessing = 0;
		};
/* End PBXSourcesBuildPhase section */

/* Begin XCBuildConfiguration section */
		34D723491EB385E900E6210E /* Debug */ = {
			isa = XCBuildConfiguration;
			buildSettings = {
				ALWAYS_SEARCH_USER_PATHS = NO;
				CLANG_ANALYZER_NONNULL = YES;
				CLANG_CXX_LANGUAGE_STANDARD = "gnu++0x";
				CLANG_CXX_LIBRARY = "libc++";
				CLANG_ENABLE_MODULES = YES;
				CLANG_ENABLE_OBJC_ARC = YES;
				CLANG_WARN_BLOCK_CAPTURE_AUTORELEASING = YES;
				CLANG_WARN_BOOL_CONVERSION = YES;
				CLANG_WARN_COMMA = YES;
				CLANG_WARN_CONSTANT_CONVERSION = YES;
				CLANG_WARN_DEPRECATED_OBJC_IMPLEMENTATIONS = YES;
				CLANG_WARN_DIRECT_OBJC_ISA_USAGE = YES_ERROR;
				CLANG_WARN_DOCUMENTATION_COMMENTS = NO;
				CLANG_WARN_EMPTY_BODY = YES;
				CLANG_WARN_ENUM_CONVERSION = YES;
				CLANG_WARN_INFINITE_RECURSION = YES;
				CLANG_WARN_INT_CONVERSION = YES;
				CLANG_WARN_NON_LITERAL_NULL_CONVERSION = YES;
				CLANG_WARN_OBJC_IMPLICIT_RETAIN_SELF = YES;
				CLANG_WARN_OBJC_LITERAL_CONVERSION = YES;
				CLANG_WARN_OBJC_ROOT_CLASS = YES_ERROR;
				CLANG_WARN_RANGE_LOOP_ANALYSIS = YES;
				CLANG_WARN_STRICT_PROTOTYPES = YES;
				CLANG_WARN_SUSPICIOUS_MOVE = YES;
				CLANG_WARN_SUSPICIOUS_MOVES = YES;
				CLANG_WARN_UNREACHABLE_CODE = YES;
				CLANG_WARN__DUPLICATE_METHOD_MATCH = YES;
				"CODE_SIGN_IDENTITY[sdk=iphoneos*]" = "iPhone Developer";
				COPY_PHASE_STRIP = NO;
				DEBUG_INFORMATION_FORMAT = dwarf;
				ENABLE_STRICT_OBJC_MSGSEND = YES;
				ENABLE_TESTABILITY = YES;
				GCC_C_LANGUAGE_STANDARD = gnu99;
				GCC_DYNAMIC_NO_PIC = NO;
				GCC_NO_COMMON_BLOCKS = YES;
				GCC_OPTIMIZATION_LEVEL = 0;
				GCC_PREPROCESSOR_DEFINITIONS = (
					"DEBUG=1",
					HAVE_CONFIG_H,
					"$(inherited)",
				);
				GCC_WARN_64_TO_32_BIT_CONVERSION = YES;
				GCC_WARN_ABOUT_RETURN_TYPE = YES_ERROR;
				GCC_WARN_UNDECLARED_SELECTOR = YES;
				GCC_WARN_UNINITIALIZED_AUTOS = YES_AGGRESSIVE;
				GCC_WARN_UNUSED_FUNCTION = YES;
				GCC_WARN_UNUSED_VARIABLE = YES;
				IPHONEOS_DEPLOYMENT_TARGET = 8.0;
				MTL_ENABLE_DEBUG_INFO = YES;
				ONLY_ACTIVE_ARCH = YES;
				SDKROOT = iphoneos;
			};
			name = Debug;
		};
		34D7234A1EB385E900E6210E /* Release */ = {
			isa = XCBuildConfiguration;
			buildSettings = {
				ALWAYS_SEARCH_USER_PATHS = NO;
				CLANG_ANALYZER_NONNULL = YES;
				CLANG_CXX_LANGUAGE_STANDARD = "gnu++0x";
				CLANG_CXX_LIBRARY = "libc++";
				CLANG_ENABLE_MODULES = YES;
				CLANG_ENABLE_OBJC_ARC = YES;
				CLANG_WARN_BLOCK_CAPTURE_AUTORELEASING = YES;
				CLANG_WARN_BOOL_CONVERSION = YES;
				CLANG_WARN_COMMA = YES;
				CLANG_WARN_CONSTANT_CONVERSION = YES;
				CLANG_WARN_DEPRECATED_OBJC_IMPLEMENTATIONS = YES;
				CLANG_WARN_DIRECT_OBJC_ISA_USAGE = YES_ERROR;
				CLANG_WARN_DOCUMENTATION_COMMENTS = NO;
				CLANG_WARN_EMPTY_BODY = YES;
				CLANG_WARN_ENUM_CONVERSION = YES;
				CLANG_WARN_INFINITE_RECURSION = YES;
				CLANG_WARN_INT_CONVERSION = YES;
				CLANG_WARN_NON_LITERAL_NULL_CONVERSION = YES;
				CLANG_WARN_OBJC_IMPLICIT_RETAIN_SELF = YES;
				CLANG_WARN_OBJC_LITERAL_CONVERSION = YES;
				CLANG_WARN_OBJC_ROOT_CLASS = YES_ERROR;
				CLANG_WARN_RANGE_LOOP_ANALYSIS = YES;
				CLANG_WARN_STRICT_PROTOTYPES = YES;
				CLANG_WARN_SUSPICIOUS_MOVE = YES;
				CLANG_WARN_SUSPICIOUS_MOVES = YES;
				CLANG_WARN_UNREACHABLE_CODE = YES;
				CLANG_WARN__DUPLICATE_METHOD_MATCH = YES;
				"CODE_SIGN_IDENTITY[sdk=iphoneos*]" = "iPhone Developer";
				COPY_PHASE_STRIP = NO;
				DEBUG_INFORMATION_FORMAT = "dwarf-with-dsym";
				ENABLE_NS_ASSERTIONS = NO;
				ENABLE_STRICT_OBJC_MSGSEND = YES;
				GCC_C_LANGUAGE_STANDARD = gnu99;
				GCC_NO_COMMON_BLOCKS = YES;
				GCC_PREPROCESSOR_DEFINITIONS = (
					HAVE_CONFIG_H,
					NDEBUG,
				);
				GCC_WARN_64_TO_32_BIT_CONVERSION = YES;
				GCC_WARN_ABOUT_RETURN_TYPE = YES_ERROR;
				GCC_WARN_UNDECLARED_SELECTOR = YES;
				GCC_WARN_UNINITIALIZED_AUTOS = YES_AGGRESSIVE;
				GCC_WARN_UNUSED_FUNCTION = YES;
				GCC_WARN_UNUSED_VARIABLE = YES;
				IPHONEOS_DEPLOYMENT_TARGET = 8.0;
				MTL_ENABLE_DEBUG_INFO = NO;
				SDKROOT = iphoneos;
				VALIDATE_PRODUCT = YES;
			};
			name = Release;
		};
		34D7234C1EB385E900E6210E /* Debug */ = {
			isa = XCBuildConfiguration;
			buildSettings = {
				EXECUTABLE_PREFIX = "";
				GCC_WARN_64_TO_32_BIT_CONVERSION = NO;
				PRODUCT_NAME = "$(TARGET_NAME)";
				SKIP_INSTALL = YES;
				WARNING_CFLAGS = (
					"-Wno-comma",
					"-Wno-conditional-uninitialized",
				);
			};
			name = Debug;
		};
		34D7234D1EB385E900E6210E /* Release */ = {
			isa = XCBuildConfiguration;
			buildSettings = {
				EXECUTABLE_PREFIX = "";
				GCC_WARN_64_TO_32_BIT_CONVERSION = NO;
				PRODUCT_NAME = "$(TARGET_NAME)";
				SKIP_INSTALL = YES;
				WARNING_CFLAGS = (
					"-Wno-comma",
					"-Wno-conditional-uninitialized",
				);
			};
			name = Release;
		};
/* End XCBuildConfiguration section */

/* Begin XCConfigurationList section */
		34D7233D1EB385E800E6210E /* Build configuration list for PBXProject "libHarfBuzzSharp" */ = {
			isa = XCConfigurationList;
			buildConfigurations = (
				34D723491EB385E900E6210E /* Debug */,
				34D7234A1EB385E900E6210E /* Release */,
			);
			defaultConfigurationIsVisible = 0;
			defaultConfigurationName = Release;
		};
		34D7234B1EB385E900E6210E /* Build configuration list for PBXNativeTarget "libHarfBuzzSharp" */ = {
			isa = XCConfigurationList;
			buildConfigurations = (
				34D7234C1EB385E900E6210E /* Debug */,
				34D7234D1EB385E900E6210E /* Release */,
			);
			defaultConfigurationIsVisible = 0;
			defaultConfigurationName = Release;
		};
/* End XCConfigurationList section */
	};
	rootObject = 34D7233A1EB385E800E6210E /* Project object */;
}
