// !$*UTF8*$!
{
	archiveVersion = 1;
	classes = {
	};
	objectVersion = 46;
	objects = {

/* Begin PBXBuildFile section */
		3437758C1EB3865D00CE8151 /* ucdn.c in Sources */ = {isa = PBXBuildFile; fileRef = 343775891EB3865D00CE8151 /* ucdn.c */; };		
	    34D7234C1EB385E900E6210E /* hb-ucdn.cc in Sources */ = {isa = PBXBuildFile; fileRef = 343775891EB3865D00CE8151 /* hb-ucdn.cc */; };
	    34D7234C1EB385E900E6210E /* hb-aat-layout.cc in Sources */ = {isa = PBXBuildFile; fileRef = 343775891EB3865D00CE8151 /* hb-aat-layout.cc */; };
	    34D7234C1EB385E900E6210E /* hb-aat-map.cc in Sources */ = {isa = PBXBuildFile; fileRef = 343775891EB3865D00CE8151 /* hb-aat-map.cc */; };
        34D7234C1EB385E900E6210E /* hb-blob.cc in Sources */ = {isa = PBXBuildFile; fileRef = 343775891EB3865D00CE8151 /* hb-blob.cc */; };
        34D7234C1EB385E900E6210E /* hb-buffer-serialize.cc in Sources */ = {isa = PBXBuildFile; fileRef = 343775891EB3865D00CE8151 /* hb-buffer-serialize.cc */; };
        34D7234C1EB385E900E6210E /* hb-buffer.cc in Sources */ = {isa = PBXBuildFile; fileRef = 343775891EB3865D00CE8151 /* hb-buffer.cc */; };
        34D7234C1EB385E900E6210E /* hb-common.cc in Sources */ = {isa = PBXBuildFile; fileRef = 343775891EB3865D00CE8151 /* hb-common.cc */; };
        34D7234C1EB385E900E6210E /* hb-face.cc in Sources */ = {isa = PBXBuildFile; fileRef = 343775891EB3865D00CE8151 /* hb-face.cc */; };
	    34D7234C1EB385E900E6210E /* hb-font.cc in Sources */ = {isa = PBXBuildFile; fileRef = 343775891EB3865D00CE8151 /* hb-font.cc */; };
	    34D7234C1EB385E900E6210E /* hb-map.cc in Sources */ = {isa = PBXBuildFile; fileRef = 343775891EB3865D00CE8151 /* hb-map.cc */; };
	    34D7234C1EB385E900E6210E /* hb-ot-cff1-table.cc in Sources */ = {isa = PBXBuildFile; fileRef = 343775891EB3865D00CE8151 /* hb-ot-cff1-table.cc */; };
	    34D7234C1EB385E900E6210E /* hb-ot-cff2-table.cc in Sources */ = {isa = PBXBuildFile; fileRef = 343775891EB3865D00CE8151 /* hb-ot-cff2-table.cc */; };
	    34D7234C1EB385E900E6210E /* hb-ot-color.cc in Sources */ = {isa = PBXBuildFile; fileRef = 343775891EB3865D00CE8151 /* hb-ot-color.cc */; };
	    34D7234C1EB385E900E6210E /* hb-ot-face.cc in Sources */ = {isa = PBXBuildFile; fileRef = 343775891EB3865D00CE8151 /* hb-ot-face.cc */; };
	    34D7234C1EB385E900E6210E /* hb-ot-font.cc in Sources */ = {isa = PBXBuildFile; fileRef = 343775891EB3865D00CE8151 /* hb-ot-font.cc */; };
	    34D7234C1EB385E900E6210E /* hb-ot-layout.cc in Sources */ = {isa = PBXBuildFile; fileRef = 343775891EB3865D00CE8151 /* hb-ot-layout.cc */; };
	    34D7234C1EB385E900E6210E /* hb-ot-map.cc in Sources */ = {isa = PBXBuildFile; fileRef = 343775891EB3865D00CE8151 /* hb-ot-map.cc */; };
	    34D7234C1EB385E900E6210E /* hb-ot-math.cc in Sources */ = {isa = PBXBuildFile; fileRef = 343775891EB3865D00CE8151 /* hb-ot-math.cc */; };
	    34D7234C1EB385E900E6210E /* hb-ot-name-language.cc in Sources */ = {isa = PBXBuildFile; fileRef = 343775891EB3865D00CE8151 /* hb-ot-name-language.cc */; };
	    34D7234C1EB385E900E6210E /* hb-ot-name.cc in Sources */ = {isa = PBXBuildFile; fileRef = 343775891EB3865D00CE8151 /* hb-ot-name.cc */; };
	    34D7234C1EB385E900E6210E /* hb-ot-shape-complex-arabic.cc in Sources */ = {isa = PBXBuildFile; fileRef = 343775891EB3865D00CE8151 /* hb-ot-shape-complex-arabic.cc */; };
	    34D7234C1EB385E900E6210E /* hb-ot-shape-complex-default.cc in Sources */ = {isa = PBXBuildFile; fileRef = 343775891EB3865D00CE8151 /* hb-ot-shape-complex-default.cc */; };
	    34D7234C1EB385E900E6210E /* hb-ot-shape-complex-hangul.cc in Sources */ = {isa = PBXBuildFile; fileRef = 343775891EB3865D00CE8151 /* hb-ot-shape-complex-hangul.cc */; };
	    34D7234C1EB385E900E6210E /* hb-ot-shape-complex-hebrew.cc in Sources */ = {isa = PBXBuildFile; fileRef = 343775891EB3865D00CE8151 /* hb-ot-shape-complex-hebrew.cc */; };
	    34D7234C1EB385E900E6210E /* hb-ot-shape-complex-indic-table.cc in Sources */ = {isa = PBXBuildFile; fileRef = 343775891EB3865D00CE8151 /* hb-ot-shape-complex-indic-table.cc */; };
	    34D7234C1EB385E900E6210E /* hb-ot-shape-complex-indic.cc in Sources */ = {isa = PBXBuildFile; fileRef = 343775891EB3865D00CE8151 /* hb-ot-shape-complex-indic.cc */; };
	    34D7234C1EB385E900E6210E /* hb-ot-shape-complex-khmer.cc in Sources */ = {isa = PBXBuildFile; fileRef = 343775891EB3865D00CE8151 /* hb-ot-shape-complex-khmer.cc */; };
	    34D7234C1EB385E900E6210E /* hb-ot-shape-complex-myanmar.cc in Sources */ = {isa = PBXBuildFile; fileRef = 343775891EB3865D00CE8151 /* hb-ot-shape-complex-myanmar.cc */; };
	    34D7234C1EB385E900E6210E /* hb-ot-shape-complex-thai.cc in Sources */ = {isa = PBXBuildFile; fileRef = 343775891EB3865D00CE8151 /* hb-ot-shape-complex-thai.cc */; };
	    34D7234C1EB385E900E6210E /* hb-ot-shape-complex-use-table.cc in Sources */ = {isa = PBXBuildFile; fileRef = 343775891EB3865D00CE8151 /* hb-ot-shape-complex-use-table.cc */; };
	    34D7234C1EB385E900E6210E /* hb-ot-shape-complex-use.cc in Sources */ = {isa = PBXBuildFile; fileRef = 343775891EB3865D00CE8151 /* hb-ot-shape-complex-use.cc */; };
	    34D7234C1EB385E900E6210E /* hb-ot-shape-complex-vowel-constraints.cc in Sources */ = {isa = PBXBuildFile; fileRef = 343775891EB3865D00CE8151 /* hb-ot-shape-complex-vowel-constraints.cc */; };
	    34D7234C1EB385E900E6210E /* hb-ot-shape-fallback.cc in Sources */ = {isa = PBXBuildFile; fileRef = 343775891EB3865D00CE8151 /* hb-ot-shape-fallback.cc */; };
	    34D7234C1EB385E900E6210E /* hb-ot-shape-normalize.cc in Sources */ = {isa = PBXBuildFile; fileRef = 343775891EB3865D00CE8151 /* hb-ot-shape-normalize.cc */; };
	    34D7234C1EB385E900E6210E /* hb-ot-shape.cc in Sources */ = {isa = PBXBuildFile; fileRef = 343775891EB3865D00CE8151 /* hb-ot-shape.cc */; };
	    34D7234C1EB385E900E6210E /* hb-ot-tag.cc in Sources */ = {isa = PBXBuildFile; fileRef = 343775891EB3865D00CE8151 /* hb-ot-tag.cc */; };
	    34D7234C1EB385E900E6210E /* hb-ot-var.cc in Sources */ = {isa = PBXBuildFile; fileRef = 343775891EB3865D00CE8151 /* hb-ot-var.cc */; };
	    34D7234C1EB385E900E6210E /* hb-set.cc in Sources */ = {isa = PBXBuildFile; fileRef = 343775891EB3865D00CE8151 /* hb-set.cc */; };
	    34D7234C1EB385E900E6210E /* hb-shape-plan.cc in Sources */ = {isa = PBXBuildFile; fileRef = 343775891EB3865D00CE8151 /* hb-shape-plan.cc */; };
	    34D7234C1EB385E900E6210E /* hb-shape.cc in Sources */ = {isa = PBXBuildFile; fileRef = 343775891EB3865D00CE8151 /* hb-shape.cc */; };
	    34D7234C1EB385E900E6210E /* hb-shaper.cc in Sources */ = {isa = PBXBuildFile; fileRef = 343775891EB3865D00CE8151 /* hb-shaper.cc */; };
	    34D7234C1EB385E900E6210E /* hb-static.cc in Sources */ = {isa = PBXBuildFile; fileRef = 343775891EB3865D00CE8151 /* hb-static.cc */; };
	    34D7234C1EB385E900E6210E /* hb-unicode.cc in Sources */ = {isa = PBXBuildFile; fileRef = 343775891EB3865D00CE8151 /* hb-unicode.cc */; };
	    34D7234C1EB385E900E6210E /* hb-warning.cc in Sources */ = {isa = PBXBuildFile; fileRef = 343775891EB3865D00CE8151 /* hb-warning.cc */; };
	    34D7234C1EB385E900E6210E /* hb-fallback-shape.cc in Sources */ = {isa = PBXBuildFile; fileRef = 343775891EB3865D00CE8151 /* hb-fallback-shape.cc */; };
/* End PBXBuildFile section */

/* Begin PBXCopyFilesBuildPhase section */
		34D723401EB385E800E6210E /* CopyFiles */ = {
			isa = PBXCopyFilesBuildPhase;
			buildActionMask = 2147483647;
			dstPath = "include/$(PRODUCT_NAME)";
			dstSubfolderSpec = 16;
			files = (
			);
			runOnlyForDeploymentPostprocessing = 0;
		};
/* End PBXCopyFilesBuildPhase section */

/* Begin PBXFileReference section */
		34D7234C1EB385E900E6210E /* config.h */ = {isa = PBXFileReference; fileEncoding = 4; lastKnownFileType = sourcecode.c.h; name = config.h; path = ../../../externals/harfbuzz/config.h; sourceTree = "<group>"; };
		34D7234C1EB385E900E6210E /* hb-aat-fdsc-table.hh */ = {isa = PBXFileReference; fileEncoding = 4; lastKnownFileType = sourcecode.c.h; name = hb-aat-fdsc-table.hh; path = ../../../externals/harfbuzz/src/hb-aat-fdsc-table.hh; sourceTree = "<group>"; };
	    34D7234C1EB385E900E6210E /* hb-aat-layout-ankr-table.hh */ = {isa = PBXFileReference; fileEncoding = 4; lastKnownFileType = sourcecode.c.h; name = hb-aat-layout-ankr-table.hh; path = ../../../externals/harfbuzz/src/hb-aat-layout-ankr-table.hh; sourceTree = "<group>"; };
	    34D7234C1EB385E900E6210E /* hb-aat-layout-bsln-table.hh */ = {isa = PBXFileReference; fileEncoding = 4; lastKnownFileType = sourcecode.c.h; name = hb-aat-layout-bsln-table.hh; path = ../../../externals/harfbuzz/src/hb-aat-layout-bsln-table.hh; sourceTree = "<group>"; };
	    34D7234C1EB385E900E6210E /* hb-aat-layout-common.hh */ = {isa = PBXFileReference; fileEncoding = 4; lastKnownFileType = sourcecode.c.h; name = hb-aat-layout-feat-table.hh; path = ../../../externals/harfbuzz/src/hb-aat-layout-common.hh; sourceTree = "<group>"; };
	    34D7234C1EB385E900E6210E /* hb-aat-layout-feat-table.hh */ = {isa = PBXFileReference; fileEncoding = 4; lastKnownFileType = sourcecode.c.h; name = hb-aat-layout-feat-table.hh; path = ../../../externals/harfbuzz/src/hb-aat-layout-feat-table.hh; sourceTree = "<group>"; };
	    34D7234C1EB385E900E6210E /* hb-aat-layout-just-table.hh */ = {isa = PBXFileReference; fileEncoding = 4; lastKnownFileType = sourcecode.c.h; name = hb-aat-layout-just-table.hh; path = ../../../externals/harfbuzz/src/hb-aat-layout-just-table.hh; sourceTree = "<group>"; };
	    34D7234C1EB385E900E6210E /* hb-aat-layout-kerx-table.hh */ = {isa = PBXFileReference; fileEncoding = 4; lastKnownFileType = sourcecode.c.h; name = hb-aat-layout-kerx-table.hh; path = ../../../externals/harfbuzz/src/hb-aat-layout-kerx-table.hh; sourceTree = "<group>"; };
	    34D7234C1EB385E900E6210E /* hb-aat-layout-lcar-table.hh */ = {isa = PBXFileReference; fileEncoding = 4; lastKnownFileType = sourcecode.c.h; name = hb-aat-layout-lcar-table.hh; path = ../../../externals/harfbuzz/src/hb-aat-layout-lcar-table.hh; sourceTree = "<group>"; };
	    34D7234C1EB385E900E6210E /* hb-aat-layout-morx-table.hh */ = {isa = PBXFileReference; fileEncoding = 4; lastKnownFileType = sourcecode.c.h; name = hb-aat-layout-morx-table.hh; path = ../../../externals/harfbuzz/src/hb-aat-layout-morx-table.hh; sourceTree = "<group>"; };
	    34D7234C1EB385E900E6210E /* hb-aat-layout-trak-table.hh */ = {isa = PBXFileReference; fileEncoding = 4; lastKnownFileType = sourcecode.c.h; name = hb-aat-layout-trak-table.hh; path = ../../../externals/harfbuzz/src/hb-aat-layout-trak-table.hh; sourceTree = "<group>"; };
	    34D7234C1EB385E900E6210E /* hb-aat-layout.cc */ = {isa = PBXFileReference; fileEncoding = 4; lastKnownFileType = sourcecode.c.h; name = hb-aat-layout.cc; path = ../../../externals/harfbuzz/src/hb-aat-layout.cc; sourceTree = "<group>"; };
	    34D7234C1EB385E900E6210E /* hb-aat-layout.hh */ = {isa = PBXFileReference; fileEncoding = 4; lastKnownFileType = sourcecode.c.h; name = hb-aat-layout.hh; path = ../../../externals/harfbuzz/src/hb-aat-layout.hh; sourceTree = "<group>"; };
	    34D7234C1EB385E900E6210E /* hb-aat-ltag-table.hh */ = {isa = PBXFileReference; fileEncoding = 4; lastKnownFileType = sourcecode.c.h; name = hb-aat-ltag-table.hh; path = ../../../externals/harfbuzz/src/hb-aat-ltag-table.hh; sourceTree = "<group>"; };
	    34D7234C1EB385E900E6210E /* hb-aat-map.cc */ = {isa = PBXFileReference; fileEncoding = 4; lastKnownFileType = sourcecode.c.h; name = hb-aat-map.cc; path = ../../../externals/harfbuzz/src/hb-aat-map.cc; sourceTree = "<group>"; };
	    34D7234C1EB385E900E6210E /* hb-aat-map.hh */ = {isa = PBXFileReference; fileEncoding = 4; lastKnownFileType = sourcecode.c.h; name = hb-aat-map.hh; path = ../../../externals/harfbuzz/src/hb-aat-map.hh; sourceTree = "<group>"; };
	    34D7234C1EB385E900E6210E /* hb-array.hh */ = {isa = PBXFileReference; fileEncoding = 4; lastKnownFileType = sourcecode.c.h; name = hb-array.hh; path = ../../../externals/harfbuzz/src/hb-array.hh; sourceTree = "<group>"; };
	    34D7234C1EB385E900E6210E /* hb-atomic.hh */ = {isa = PBXFileReference; fileEncoding = 4; lastKnownFileType = sourcecode.c.h; name = hb-atomic.hh; path = ../../../externals/harfbuzz/src/hb-atomic.hh; sourceTree = "<group>"; };
	    34D7234C1EB385E900E6210E /* hb-blob.cc */ = {isa = PBXFileReference; fileEncoding = 4; lastKnownFileType = sourcecode.c.h; name = hb-blob.cc; path = ../../../externals/harfbuzz/src/hb-blob.cc; sourceTree = "<group>"; };
	    34D7234C1EB385E900E6210E /* hb-blob.hh */ = {isa = PBXFileReference; fileEncoding = 4; lastKnownFileType = sourcecode.c.h; name = hb-blob.hh; path = ../../../externals/harfbuzz/src/hb-blob.hh; sourceTree = "<group>"; };
	    34D7234C1EB385E900E6210E /* hb-buffer-serialize.cc */ = {isa = PBXFileReference; fileEncoding = 4; lastKnownFileType = sourcecode.c.h; name = hb-buffer-serialize.cc; path = ../../../externals/harfbuzz/src/hb-buffer-serialize.cc; sourceTree = "<group>"; };
	    34D7234C1EB385E900E6210E /* hb-buffer.cc */ = {isa = PBXFileReference; fileEncoding = 4; lastKnownFileType = sourcecode.c.h; name = hb-buffer.cc; path = ../../../externals/harfbuzz/src/hb-buffer.cc; sourceTree = "<group>"; };
	    34D7234C1EB385E900E6210E /* hb-buffer.hh */ = {isa = PBXFileReference; fileEncoding = 4; lastKnownFileType = sourcecode.c.h; name = hb-buffer.hh; path = ../../../externals/harfbuzz/src/hb-buffer.hh; sourceTree = "<group>"; };
	    34D7234C1EB385E900E6210E /* hb-cache.hh */ = {isa = PBXFileReference; fileEncoding = 4; lastKnownFileType = sourcecode.c.h; name = hb-cache.hh; path = ../../../externals/harfbuzz/src/hb-cache.hh; sourceTree = "<group>"; };
	    34D7234C1EB385E900E6210E /* hb-cff-interp-common.hh */ = {isa = PBXFileReference; fileEncoding = 4; lastKnownFileType = sourcecode.c.h; name = hb-cff-interp-common.hh; path = ../../../externals/harfbuzz/src/hb-cff-interp-common.hh; sourceTree = "<group>"; };
	    34D7234C1EB385E900E6210E /* hb-cff-interp-cs-common.hh */ = {isa = PBXFileReference; fileEncoding = 4; lastKnownFileType = sourcecode.c.h; name = hb-cff-interp-cs-common.hh; path = ../../../externals/harfbuzz/src/hb-cff-interp-cs-common.hh; sourceTree = "<group>"; };
	    34D7234C1EB385E900E6210E /* hb-cff-interp-dict-common.hh */ = {isa = PBXFileReference; fileEncoding = 4; lastKnownFileType = sourcecode.c.h; name = hb-cff-interp-dict-common.hh; path = ../../../externals/harfbuzz/src/hb-cff-interp-dict-common.hh; sourceTree = "<group>"; };
	    34D7234C1EB385E900E6210E /* hb-cff1-interp-cs.hh */ = {isa = PBXFileReference; fileEncoding = 4; lastKnownFileType = sourcecode.c.h; name = hb-cff1-interp-cs.hh; path = ../../../externals/harfbuzz/src/hb-cff1-interp-cs.hh; sourceTree = "<group>"; };
	    34D7234C1EB385E900E6210E /* hb-cff2-interp-cs.hh */ = {isa = PBXFileReference; fileEncoding = 4; lastKnownFileType = sourcecode.c.h; name = hb-cff2-interp-cs.hh; path = ../../../externals/harfbuzz/src/hb-cff2-interp-cs.hh; sourceTree = "<group>"; };
	    34D7234C1EB385E900E6210E /* hb-common.cc */ = {isa = PBXFileReference; fileEncoding = 4; lastKnownFileType = sourcecode.c.h; name = hb-common.cc; path = ../../../externals/harfbuzz/src/hb-common.cc; sourceTree = "<group>"; };
	    34D7234C1EB385E900E6210E /* hb-debug.hh */ = {isa = PBXFileReference; fileEncoding = 4; lastKnownFileType = sourcecode.c.h; name = hb-debug.hh; path = ../../../externals/harfbuzz/src/hb-debug.hh; sourceTree = "<group>"; };
	    34D7234C1EB385E900E6210E /* hb-dsalgs.hh */ = {isa = PBXFileReference; fileEncoding = 4; lastKnownFileType = sourcecode.c.h; name = hb-dsalgs.hh; path = ../../../externals/harfbuzz/src/hb-dsalgs.hh; sourceTree = "<group>"; };
	    34D7234C1EB385E900E6210E /* hb-face.cc */ = {isa = PBXFileReference; fileEncoding = 4; lastKnownFileType = sourcecode.c.h; name = hb-face.cc; path = ../../../externals/harfbuzz/src/hb-face.cc; sourceTree = "<group>"; };
	    34D7234C1EB385E900E6210E /* hb-face.hh */ = {isa = PBXFileReference; fileEncoding = 4; lastKnownFileType = sourcecode.c.h; name = hb-face.hh; path = ../../../externals/harfbuzz/src/hb-face.hh; sourceTree = "<group>"; };
	    34D7234C1EB385E900E6210E /* hb-font.cc */ = {isa = PBXFileReference; fileEncoding = 4; lastKnownFileType = sourcecode.c.h; name = hb-font.cc; path = ../../../externals/harfbuzz/src/hb-font.cc; sourceTree = "<group>"; };
	    34D7234C1EB385E900E6210E /* hb-font.hh */ = {isa = PBXFileReference; fileEncoding = 4; lastKnownFileType = sourcecode.c.h; name = hb-font.hh; path = ../../../externals/harfbuzz/src/hb-font.hh; sourceTree = "<group>"; };
	    34D7234C1EB385E900E6210E /* hb-iter.hh */ = {isa = PBXFileReference; fileEncoding = 4; lastKnownFileType = sourcecode.c.h; name = hb-iter.hh; path = ../../../externals/harfbuzz/src/hb-iter.hh; sourceTree = "<group>"; };
	    34D7234C1EB385E900E6210E /* hb-kern.hh */ = {isa = PBXFileReference; fileEncoding = 4; lastKnownFileType = sourcecode.c.h; name = hb-kern.hh; path = ../../../externals/harfbuzz/src/hb-kern.hh; sourceTree = "<group>"; };
	    34D7234C1EB385E900E6210E /* hb-machinery.hh */ = {isa = PBXFileReference; fileEncoding = 4; lastKnownFileType = sourcecode.c.h; name = hb-machinery.hh; path = ../../../externals/harfbuzz/src/hb-machinery.hh; sourceTree = "<group>"; };
	    34D7234C1EB385E900E6210E /* hb-map.cc */ = {isa = PBXFileReference; fileEncoding = 4; lastKnownFileType = sourcecode.c.h; name = hb-map.cc; path = ../../../externals/harfbuzz/src/hb-map.cc; sourceTree = "<group>"; };
	    34D7234C1EB385E900E6210E /* hb-map.hh */ = {isa = PBXFileReference; fileEncoding = 4; lastKnownFileType = sourcecode.c.h; name = hb-map.hh; path = ../../../externals/harfbuzz/src/hb-map.hh; sourceTree = "<group>"; };
	    34D7234C1EB385E900E6210E /* hb-mutex.hh */ = {isa = PBXFileReference; fileEncoding = 4; lastKnownFileType = sourcecode.c.h; name = hb-mutex.hh; path = ../../../externals/harfbuzz/src/hb-mutex.hh; sourceTree = "<group>"; };
	    34D7234C1EB385E900E6210E /* hb-null.hh */ = {isa = PBXFileReference; fileEncoding = 4; lastKnownFileType = sourcecode.c.h; name = hb-null.hh; path = ../../../externals/harfbuzz/src/hb-null.hh; sourceTree = "<group>"; };
	    34D7234C1EB385E900E6210E /* hb-object.hh */ = {isa = PBXFileReference; fileEncoding = 4; lastKnownFileType = sourcecode.c.h; name = hb-object.hh; path = ../../../externals/harfbuzz/src/hb-object.hh; sourceTree = "<group>"; };
	    34D7234C1EB385E900E6210E /* hb-open-file.hh */ = {isa = PBXFileReference; fileEncoding = 4; lastKnownFileType = sourcecode.c.h; name = hb-open-file.hh; path = ../../../externals/harfbuzz/src/hb-open-file.hh; sourceTree = "<group>"; };
	    34D7234C1EB385E900E6210E /* hb-open-type.hh */ = {isa = PBXFileReference; fileEncoding = 4; lastKnownFileType = sourcecode.c.h; name = hb-open-type.hh; path = ../../../externals/harfbuzz/src/hb-open-type.hh; sourceTree = "<group>"; };
	    34D7234C1EB385E900E6210E /* hb-ot-cff-common.hh */ = {isa = PBXFileReference; fileEncoding = 4; lastKnownFileType = sourcecode.c.h; name = hb-ot-cff-common.hh; path = ../../../externals/harfbuzz/src/hb-ot-cff-common.hh; sourceTree = "<group>"; };
	    34D7234C1EB385E900E6210E /* hb-ot-cff1-table.cc */ = {isa = PBXFileReference; fileEncoding = 4; lastKnownFileType = sourcecode.c.h; name = hb-ot-cff1-table.cc; path = ../../../externals/harfbuzz/src/hb-ot-cff1-table.cc; sourceTree = "<group>"; };
	    34D7234C1EB385E900E6210E /* hb-ot-cff1-table.hh */ = {isa = PBXFileReference; fileEncoding = 4; lastKnownFileType = sourcecode.c.h; name = hb-ot-cff1-table.hh; path = ../../../externals/harfbuzz/src/hb-ot-cff1-table.hh; sourceTree = "<group>"; };
	    34D7234C1EB385E900E6210E /* hb-ot-cff2-table.cc */ = {isa = PBXFileReference; fileEncoding = 4; lastKnownFileType = sourcecode.c.h; name = hb-ot-cff2-table.cc; path = ../../../externals/harfbuzz/src/hb-ot-cff2-table.cc; sourceTree = "<group>"; };
	    34D7234C1EB385E900E6210E /* hb-ot-cff2-table.hh */ = {isa = PBXFileReference; fileEncoding = 4; lastKnownFileType = sourcecode.c.h; name = hb-ot-cff2-table.hh; path = ../../../externals/harfbuzz/src/hb-ot-cff2-table.hh; sourceTree = "<group>"; };
	    34D7234C1EB385E900E6210E /* hb-ot-cmap-table.hh */ = {isa = PBXFileReference; fileEncoding = 4; lastKnownFileType = sourcecode.c.h; name = hb-ot-cmap-table.hh; path = ../../../externals/harfbuzz/src/hb-ot-cmap-table.hh; sourceTree = "<group>"; };
	    34D7234C1EB385E900E6210E /* hb-ot-color-cbdt-table.hh */ = {isa = PBXFileReference; fileEncoding = 4; lastKnownFileType = sourcecode.c.h; name = hb-ot-color-cbdt-table.hh; path = ../../../externals/harfbuzz/src/hb-ot-color-cbdt-table.hh; sourceTree = "<group>"; };
	    34D7234C1EB385E900E6210E /* hb-ot-color-colr-table.hh */ = {isa = PBXFileReference; fileEncoding = 4; lastKnownFileType = sourcecode.c.h; name = hb-ot-color-colr-table.hh; path = ../../../externals/harfbuzz/src/hb-ot-color-colr-table.hh; sourceTree = "<group>"; };
	    34D7234C1EB385E900E6210E /* hb-ot-color-cpal-table.hh */ = {isa = PBXFileReference; fileEncoding = 4; lastKnownFileType = sourcecode.c.h; name = hb-ot-color-cpal-table.hh; path = ../../../externals/harfbuzz/src/hb-ot-color-cpal-table.hh; sourceTree = "<group>"; };
	    34D7234C1EB385E900E6210E /* hb-ot-color-sbix-table.hh */ = {isa = PBXFileReference; fileEncoding = 4; lastKnownFileType = sourcecode.c.h; name = hb-ot-color-sbix-table.hh; path = ../../../externals/harfbuzz/src/hb-ot-color-sbix-table.hh; sourceTree = "<group>"; };
	    34D7234C1EB385E900E6210E /* hb-ot-color-svg-table.hh */ = {isa = PBXFileReference; fileEncoding = 4; lastKnownFileType = sourcecode.c.h; name = hb-ot-color-svg-table.hh; path = ../../../externals/harfbuzz/src/hb-ot-color-svg-table.hh; sourceTree = "<group>"; };
	    34D7234C1EB385E900E6210E /* hb-ot-color.cc */ = {isa = PBXFileReference; fileEncoding = 4; lastKnownFileType = sourcecode.c.h; name = hb-ot-color.cc; path = ../../../externals/harfbuzz/src/hb-ot-color.cc; sourceTree = "<group>"; };
	    34D7234C1EB385E900E6210E /* hb-ot-face.cc */ = {isa = PBXFileReference; fileEncoding = 4; lastKnownFileType = sourcecode.c.h; name = hb-ot-face.cc; path = ../../../externals/harfbuzz/src/hb-ot-face.cc; sourceTree = "<group>"; };
	    34D7234C1EB385E900E6210E /* hb-ot-face.hh */ = {isa = PBXFileReference; fileEncoding = 4; lastKnownFileType = sourcecode.c.h; name = hb-ot-face.hh; path = ../../../externals/harfbuzz/src/hb-ot-face.hh; sourceTree = "<group>"; };
	    34D7234C1EB385E900E6210E /* hb-ot-font.cc */ = {isa = PBXFileReference; fileEncoding = 4; lastKnownFileType = sourcecode.c.h; name = hb-ot-font.cc; path = ../../../externals/harfbuzz/src/hb-ot-font.cc; sourceTree = "<group>"; };
	    34D7234C1EB385E900E6210E /* hb-ot-gasp-table.hh */ = {isa = PBXFileReference; fileEncoding = 4; lastKnownFileType = sourcecode.c.h; name = hb-ot-gasp-table.hh; path = ../../../externals/harfbuzz/src/hb-ot-gasp-table.hh; sourceTree = "<group>"; };
	    34D7234C1EB385E900E6210E /* hb-ot-glyf-table.hh */ = {isa = PBXFileReference; fileEncoding = 4; lastKnownFileType = sourcecode.c.h; name = hb-ot-glyf-table.hh; path = ../../../externals/harfbuzz/src/hb-ot-glyf-table.hh; sourceTree = "<group>"; };
	    34D7234C1EB385E900E6210E /* hb-ot-hdmx-table.hh */ = {isa = PBXFileReference; fileEncoding = 4; lastKnownFileType = sourcecode.c.h; name = hb-ot-hdmx-table.hh; path = ../../../externals/harfbuzz/src/hb-ot-hdmx-table.hh; sourceTree = "<group>"; };
	    34D7234C1EB385E900E6210E /* hb-ot-head-table.hh */ = {isa = PBXFileReference; fileEncoding = 4; lastKnownFileType = sourcecode.c.h; name = hb-ot-head-table.hh; path = ../../../externals/harfbuzz/src/hb-ot-head-table.hh; sourceTree = "<group>"; };
	    34D7234C1EB385E900E6210E /* hb-ot-hhea-table.hh */ = {isa = PBXFileReference; fileEncoding = 4; lastKnownFileType = sourcecode.c.h; name = hb-ot-hhea-table.hh; path = ../../../externals/harfbuzz/src/hb-ot-hhea-table.hh; sourceTree = "<group>"; };
	    34D7234C1EB385E900E6210E /* hb-ot-hmtx-table.hh */ = {isa = PBXFileReference; fileEncoding = 4; lastKnownFileType = sourcecode.c.h; name = hb-ot-hmtx-table.hh; path = ../../../externals/harfbuzz/src/hb-ot-hmtx-table.hh; sourceTree = "<group>"; };
	    34D7234C1EB385E900E6210E /* hb-ot-kern-table.hh */ = {isa = PBXFileReference; fileEncoding = 4; lastKnownFileType = sourcecode.c.h; name = hb-ot-kern-table.hh; path = ../../../externals/harfbuzz/src/hb-ot-kern-table.hh; sourceTree = "<group>"; };
	    34D7234C1EB385E900E6210E /* hb-ot-layout-base-table.hh */ = {isa = PBXFileReference; fileEncoding = 4; lastKnownFileType = sourcecode.c.h; name = hb-ot-layout-base-table.hh; path = ../../../externals/harfbuzz/src/hb-ot-layout-base-table.hh; sourceTree = "<group>"; };
	    34D7234C1EB385E900E6210E /* hb-ot-layout-common.hh */ = {isa = PBXFileReference; fileEncoding = 4; lastKnownFileType = sourcecode.c.h; name = hb-ot-layout-common.hh; path = ../../../externals/harfbuzz/src/hb-ot-layout-common.hh; sourceTree = "<group>"; };
	    34D7234C1EB385E900E6210E /* hb-ot-layout-gdef-table.hh */ = {isa = PBXFileReference; fileEncoding = 4; lastKnownFileType = sourcecode.c.h; name = hb-ot-layout-gdef-table.hh; path = ../../../externals/harfbuzz/src/hb-ot-layout-gdef-table.hh; sourceTree = "<group>"; };
	    34D7234C1EB385E900E6210E /* hb-ot-layout-gpos-table.hh */ = {isa = PBXFileReference; fileEncoding = 4; lastKnownFileType = sourcecode.c.h; name = hb-ot-layout-gpos-table.hh; path = ../../../externals/harfbuzz/src/hb-ot-layout-gpos-table.hh; sourceTree = "<group>"; };
	    34D7234C1EB385E900E6210E /* hb-ot-layout-gsub-table.hh */ = {isa = PBXFileReference; fileEncoding = 4; lastKnownFileType = sourcecode.c.h; name = hb-ot-layout-gsub-table.hh; path = ../../../externals/harfbuzz/src/hb-ot-layout-gsub-table.hh; sourceTree = "<group>"; };
	    34D7234C1EB385E900E6210E /* hb-ot-layout-gsubgpos.hh */ = {isa = PBXFileReference; fileEncoding = 4; lastKnownFileType = sourcecode.c.h; name = hb-ot-layout-gsubgpos.hh; path = ../../../externals/harfbuzz/src/hb-ot-layout-gsubgpos.hh; sourceTree = "<group>"; };
	    34D7234C1EB385E900E6210E /* hb-ot-layout-jstf-table.hh */ = {isa = PBXFileReference; fileEncoding = 4; lastKnownFileType = sourcecode.c.h; name = hb-ot-layout-jstf-table.hh; path = ../../../externals/harfbuzz/src/hb-ot-layout-jstf-table.hh; sourceTree = "<group>"; };
	    34D7234C1EB385E900E6210E /* hb-ot-layout.cc */ = {isa = PBXFileReference; fileEncoding = 4; lastKnownFileType = sourcecode.c.h; name = hb-ot-layout.cc; path = ../../../externals/harfbuzz/src/hb-ot-layout.cc; sourceTree = "<group>"; };
	    34D7234C1EB385E900E6210E /* hb-ot-layout.hh */ = {isa = PBXFileReference; fileEncoding = 4; lastKnownFileType = sourcecode.c.h; name = hb-ot-layout.hh; path = ../../../externals/harfbuzz/src/hb-ot-layout.hh; sourceTree = "<group>"; };
	    34D7234C1EB385E900E6210E /* hb-ot-map.cc */ = {isa = PBXFileReference; fileEncoding = 4; lastKnownFileType = sourcecode.c.h; name = hb-ot-map.cc; path = ../../../externals/harfbuzz/src/hb-ot-map.cc; sourceTree = "<group>"; };
	    34D7234C1EB385E900E6210E /* hb-ot-map.hh */ = {isa = PBXFileReference; fileEncoding = 4; lastKnownFileType = sourcecode.c.h; name = hb-ot-map.hh; path = ../../../externals/harfbuzz/src/hb-ot-map.hh; sourceTree = "<group>"; };
	    34D7234C1EB385E900E6210E /* hb-ot-math-table.hh */ = {isa = PBXFileReference; fileEncoding = 4; lastKnownFileType = sourcecode.c.h; name = hb-ot-math-table.hh; path = ../../../externals/harfbuzz/src/hb-ot-math-table.hh; sourceTree = "<group>"; };
	    34D7234C1EB385E900E6210E /* hb-ot-math.cc */ = {isa = PBXFileReference; fileEncoding = 4; lastKnownFileType = sourcecode.c.h; name = hb-ot-math.cc; path = ../../../externals/harfbuzz/src/hb-ot-math.cc; sourceTree = "<group>"; };
	    34D7234C1EB385E900E6210E /* hb-ot-maxp-table.hh */ = {isa = PBXFileReference; fileEncoding = 4; lastKnownFileType = sourcecode.c.h; name = hb-ot-maxp-table.hh; path = ../../../externals/harfbuzz/src/hb-ot-maxp-table.hh; sourceTree = "<group>"; };
	    34D7234C1EB385E900E6210E /* hb-ot-name-language.cc */ = {isa = PBXFileReference; fileEncoding = 4; lastKnownFileType = sourcecode.c.h; name = hb-ot-name-language.cc; path = ../../../externals/harfbuzz/src/hb-ot-name-language.cc; sourceTree = "<group>"; };
	    34D7234C1EB385E900E6210E /* hb-ot-name-language.hh */ = {isa = PBXFileReference; fileEncoding = 4; lastKnownFileType = sourcecode.c.h; name = hb-ot-name-language.hh; path = ../../../externals/harfbuzz/src/hb-ot-name-language.hh; sourceTree = "<group>"; };
	    34D7234C1EB385E900E6210E /* hb-ot-name-table.hh */ = {isa = PBXFileReference; fileEncoding = 4; lastKnownFileType = sourcecode.c.h; name = hb-ot-name-table.hh; path = ../../../externals/harfbuzz/src/hb-ot-name-table.hh; sourceTree = "<group>"; };
	    34D7234C1EB385E900E6210E /* hb-ot-name.cc */ = {isa = PBXFileReference; fileEncoding = 4; lastKnownFileType = sourcecode.c.h; name = hb-ot-name.cc; path = ../../../externals/harfbuzz/src/hb-ot-name.cc; sourceTree = "<group>"; };
	    34D7234C1EB385E900E6210E /* hb-ot-os2-table.hh */ = {isa = PBXFileReference; fileEncoding = 4; lastKnownFileType = sourcecode.c.h; name = hb-ot-os2-table.hh; path = ../../../externals/harfbuzz/src/hb-ot-os2-table.hh; sourceTree = "<group>"; };
	    34D7234C1EB385E900E6210E /* hb-ot-os2-unicode-ranges.hh */ = {isa = PBXFileReference; fileEncoding = 4; lastKnownFileType = sourcecode.c.h; name = hb-ot-os2-unicode-ranges.hh; path = ../../../externals/harfbuzz/src/hb-ot-os2-unicode-ranges.hh; sourceTree = "<group>"; };
	    34D7234C1EB385E900E6210E /* hb-ot-post-macroman.hh */ = {isa = PBXFileReference; fileEncoding = 4; lastKnownFileType = sourcecode.c.h; name = hb-ot-post-macroman.hh; path = ../../../externals/harfbuzz/src/hb-ot-post-macroman.hh; sourceTree = "<group>"; };
	    34D7234C1EB385E900E6210E /* hb-ot-post-table.hh */ = {isa = PBXFileReference; fileEncoding = 4; lastKnownFileType = sourcecode.c.h; name = hb-ot-post-table.hh; path = ../../../externals/harfbuzz/src/hb-ot-post-table.hh; sourceTree = "<group>"; };
	    34D7234C1EB385E900E6210E /* hb-ot-shape-complex-arabic-fallback.hh */ = {isa = PBXFileReference; fileEncoding = 4; lastKnownFileType = sourcecode.c.h; name = hb-ot-shape-complex-arabic-fallback.hh; path = ../../../externals/harfbuzz/src/hb-ot-shape-complex-arabic-fallback.hh; sourceTree = "<group>"; };
	    34D7234C1EB385E900E6210E /* hb-ot-shape-complex-arabic-table.hh */ = {isa = PBXFileReference; fileEncoding = 4; lastKnownFileType = sourcecode.c.h; name = hb-ot-shape-complex-arabic-table.hh; path = ../../../externals/harfbuzz/src/hb-ot-shape-complex-arabic-table.hh; sourceTree = "<group>"; };
	    34D7234C1EB385E900E6210E /* hb-ot-shape-complex-arabic-win1256.hh */ = {isa = PBXFileReference; fileEncoding = 4; lastKnownFileType = sourcecode.c.h; name = hb-ot-shape-complex-arabic-win1256.hh; path = ../../../externals/harfbuzz/src/hb-ot-shape-complex-arabic-win1256.hh; sourceTree = "<group>"; };
	    34D7234C1EB385E900E6210E /* hb-ot-shape-complex-arabic.cc */ = {isa = PBXFileReference; fileEncoding = 4; lastKnownFileType = sourcecode.c.h; name = hb-ot-shape-complex-arabic.cc; path = ../../../externals/harfbuzz/src/hb-ot-shape-complex-arabic.cc; sourceTree = "<group>"; };
	    34D7234C1EB385E900E6210E /* hb-ot-shape-complex-arabic.hh */ = {isa = PBXFileReference; fileEncoding = 4; lastKnownFileType = sourcecode.c.h; name = hb-ot-shape-complex-arabic.hh; path = ../../../externals/harfbuzz/src/hb-ot-shape-complex-arabic.hh; sourceTree = "<group>"; };
	    34D7234C1EB385E900E6210E /* hb-ot-shape-complex-default.cc */ = {isa = PBXFileReference; fileEncoding = 4; lastKnownFileType = sourcecode.c.h; name = hb-ot-shape-complex-default.cc; path = ../../../externals/harfbuzz/hb-ot-shape-complex-default.cc; sourceTree = "<group>"; };
	    34D7234C1EB385E900E6210E /* hb-ot-shape-complex-hangul.cc */ = {isa = PBXFileReference; fileEncoding = 4; lastKnownFileType = sourcecode.c.h; name = hb-ot-shape-complex-hangul.cc; path = ../../../externals/harfbuzz/src/hb-ot-shape-complex-hangul.cc; sourceTree = "<group>"; };
	    34D7234C1EB385E900E6210E /* hb-ot-shape-complex-hebrew.cc */ = {isa = PBXFileReference; fileEncoding = 4; lastKnownFileType = sourcecode.c.h; name = hb-ot-shape-complex-hebrew.cc; path = ../../../externals/harfbuzz/src/hb-ot-shape-complex-hebrew.cc; sourceTree = "<group>"; };
	    34D7234C1EB385E900E6210E /* hb-ot-shape-complex-indic-table.cc */ = {isa = PBXFileReference; fileEncoding = 4; lastKnownFileType = sourcecode.c.h; name = hb-ot-shape-complex-indic-table.cc; path = ../../../externals/harfbuzz/src/hb-ot-shape-complex-indic-table.cc; sourceTree = "<group>"; };
	    34D7234C1EB385E900E6210E /* hb-ot-shape-complex-indic.cc */ = {isa = PBXFileReference; fileEncoding = 4; lastKnownFileType = sourcecode.c.h; name = hb-ot-shape-complex-indic.cc; path = ../../../externals/harfbuzz/src/hb-ot-shape-complex-indic.cc; sourceTree = "<group>"; };
	    34D7234C1EB385E900E6210E /* hb-ot-shape-complex-indic.hh */ = {isa = PBXFileReference; fileEncoding = 4; lastKnownFileType = sourcecode.c.h; name = hb-ot-shape-complex-indic.hh; path = ../../../externals/harfbuzz/src/hb-ot-shape-complex-indic.hh; sourceTree = "<group>"; };
	    34D7234C1EB385E900E6210E /* hb-ot-shape-complex-khmer.cc */ = {isa = PBXFileReference; fileEncoding = 4; lastKnownFileType = sourcecode.c.h; name = hb-ot-shape-complex-khmer.cc; path = ../../../externals/harfbuzz/src/hb-ot-shape-complex-khmer.cc; sourceTree = "<group>"; };
	    34D7234C1EB385E900E6210E /* hb-ot-shape-complex-khmer.hh */ = {isa = PBXFileReference; fileEncoding = 4; lastKnownFileType = sourcecode.c.h; name = hb-ot-shape-complex-khmer.hh; path = ../../../externals/harfbuzz/src/hb-ot-shape-complex-khmer.hh; sourceTree = "<group>"; };
	    34D7234C1EB385E900E6210E /* hb-ot-shape-complex-myanmar.cc */ = {isa = PBXFileReference; fileEncoding = 4; lastKnownFileType = sourcecode.c.h; name = hb-ot-shape-complex-myanmar.cc; path = ../../../externals/harfbuzz/src/hb-ot-shape-complex-myanmar.cc; sourceTree = "<group>"; };
	    34D7234C1EB385E900E6210E /* hb-ot-shape-complex-myanmar.hh */ = {isa = PBXFileReference; fileEncoding = 4; lastKnownFileType = sourcecode.c.h; name = hb-ot-shape-complex-myanmar.hh; path = ../../../externals/harfbuzz/src/hb-ot-shape-complex-myanmar.hh; sourceTree = "<group>"; };
	    34D7234C1EB385E900E6210E /* hb-ot-shape-complex-thai.cc */ = {isa = PBXFileReference; fileEncoding = 4; lastKnownFileType = sourcecode.c.h; name = hb-ot-shape-complex-thai.cc; path = ../../../externals/harfbuzz/src/hb-ot-shape-complex-thai.cc; sourceTree = "<group>"; };
	    34D7234C1EB385E900E6210E /* hb-ot-shape-complex-use-table.cc */ = {isa = PBXFileReference; fileEncoding = 4; lastKnownFileType = sourcecode.c.h; name = hb-ot-shape-complex-use-table.cc; path = ../../../externals/harfbuzz/src/hb-ot-shape-complex-use-table.cc; sourceTree = "<group>"; };
	    34D7234C1EB385E900E6210E /* hb-ot-shape-complex-use.cc */ = {isa = PBXFileReference; fileEncoding = 4; lastKnownFileType = sourcecode.c.h; name = hb-ot-shape-complex-use.cc; path = ../../../externals/harfbuzz/src/hb-ot-shape-complex-use.cc; sourceTree = "<group>"; };
	    34D7234C1EB385E900E6210E /* hb-ot-shape-complex-use.hh */ = {isa = PBXFileReference; fileEncoding = 4; lastKnownFileType = sourcecode.c.h; name = hb-ot-shape-complex-use.hh; path = ../../../externals/harfbuzz/src/hb-ot-shape-complex-use.hh; sourceTree = "<group>"; };
	    34D7234C1EB385E900E6210E /* hb-ot-shape-complex-vowel-constraints.cc */ = {isa = PBXFileReference; fileEncoding = 4; lastKnownFileType = sourcecode.c.h; name = hb-ot-shape-complex-vowel-constraints.cc; path = ../../../externals/harfbuzz/src/hb-ot-shape-complex-vowel-constraints.cc; sourceTree = "<group>"; };
	    34D7234C1EB385E900E6210E /* hb-ot-shape-complex-vowel-constraints.hh */ = {isa = PBXFileReference; fileEncoding = 4; lastKnownFileType = sourcecode.c.h; name = hb-ot-shape-complex-vowel-constraints.hh; path = ../../../externals/harfbuzz/src/hb-ot-shape-complex-vowel-constraints.hh; sourceTree = "<group>"; };
	    34D7234C1EB385E900E6210E /* hb-ot-shape-complex.hh */ = {isa = PBXFileReference; fileEncoding = 4; lastKnownFileType = sourcecode.c.h; name = hb-ot-shape-complex.hh; path = ../../../externals/harfbuzz/src/hb-ot-shape-complex.hh; sourceTree = "<group>"; };
	    34D7234C1EB385E900E6210E /* hb-ot-shape-fallback.cc */ = {isa = PBXFileReference; fileEncoding = 4; lastKnownFileType = sourcecode.c.h; name = hb-ot-shape-fallback.cc; path = ../../../externals/harfbuzz/src/hb-ot-shape-fallback.cc; sourceTree = "<group>"; };
	    34D7234C1EB385E900E6210E /* hb-ot-shape-fallback.hh */ = {isa = PBXFileReference; fileEncoding = 4; lastKnownFileType = sourcecode.c.h; name = hb-ot-shape-fallback.hh; path = ../../../externals/harfbuzz/src/hb-ot-shape-fallback.hh; sourceTree = "<group>"; };
	    34D7234C1EB385E900E6210E /* hb-ot-shape-normalize.cc */ = {isa = PBXFileReference; fileEncoding = 4; lastKnownFileType = sourcecode.c.h; name = hb-ot-shape-normalize.cc; path = ../../../externals/harfbuzz/src/hb-ot-shape-normalize.cc; sourceTree = "<group>"; };
	    34D7234C1EB385E900E6210E /* hb-ot-shape-normalize.hh */ = {isa = PBXFileReference; fileEncoding = 4; lastKnownFileType = sourcecode.c.h; name = hb-ot-shape-normalize.hh; path = ../../../externals/harfbuzz/src/hb-ot-shape-normalize.hh; sourceTree = "<group>"; };
	    34D7234C1EB385E900E6210E /* hb-ot-shape.cc */ = {isa = PBXFileReference; fileEncoding = 4; lastKnownFileType = sourcecode.c.h; name = hb-ot-shape.cc; path = ../../../externals/harfbuzz/src/hb-ot-shape.cc; sourceTree = "<group>"; };
	    34D7234C1EB385E900E6210E /* hb-ot-shape.hh */ = {isa = PBXFileReference; fileEncoding = 4; lastKnownFileType = sourcecode.c.h; name = hb-ot-shape.hh; path = ../../../externals/harfbuzz/src/hb-ot-shape.hh; sourceTree = "<group>"; };
	    34D7234C1EB385E900E6210E /* hb-ot-stat-table.hh */ = {isa = PBXFileReference; fileEncoding = 4; lastKnownFileType = sourcecode.c.h; name = hb-ot-stat-table.hh; path = ../../../externals/harfbuzz/src/hb-ot-stat-table.hh; sourceTree = "<group>"; };
	    34D7234C1EB385E900E6210E /* hb-ot-tag-table.hh */ = {isa = PBXFileReference; fileEncoding = 4; lastKnownFileType = sourcecode.c.h; name = hb-ot-tag-table.hh; path = ../../../externals/harfbuzz/src/hb-ot-tag-table.hh; sourceTree = "<group>"; };
	    34D7234C1EB385E900E6210E /* hb-ot-tag.cc */ = {isa = PBXFileReference; fileEncoding = 4; lastKnownFileType = sourcecode.c.h; name = hb-ot-tag.cc; path = ../../../externals/harfbuzz/src/hb-ot-tag.cc; sourceTree = "<group>"; };
	    34D7234C1EB385E900E6210E /* hb-ot-var-avar-table.hh */ = {isa = PBXFileReference; fileEncoding = 4; lastKnownFileType = sourcecode.c.h; name = hb-ot-var-avar-table.hh; path = ../../../externals/harfbuzz/src/hb-ot-var-avar-table.hh; sourceTree = "<group>"; };
	    34D7234C1EB385E900E6210E /* hb-ot-var-fvar-table.hh */ = {isa = PBXFileReference; fileEncoding = 4; lastKnownFileType = sourcecode.c.h; name = hb-ot-var-fvar-table.hh; path = ../../../externals/harfbuzz/src/hb-ot-var-fvar-table.hh; sourceTree = "<group>"; };
	    34D7234C1EB385E900E6210E /* hb-ot-var-hvar-table.hh */ = {isa = PBXFileReference; fileEncoding = 4; lastKnownFileType = sourcecode.c.h; name = hb-ot-var-hvar-table.hh; path = ../../../externals/harfbuzz/src/hb-ot-var-hvar-table.hh; sourceTree = "<group>"; };
	    34D7234C1EB385E900E6210E /* hb-ot-var-mvar-table.hh */ = {isa = PBXFileReference; fileEncoding = 4; lastKnownFileType = sourcecode.c.h; name = hb-ot-var-mvar-table.hh; path = ../../../externals/harfbuzz/src/hb-ot-var-mvar-table.hh; sourceTree = "<group>"; };
	    34D7234C1EB385E900E6210E /* hb-ot-var.cc */ = {isa = PBXFileReference; fileEncoding = 4; lastKnownFileType = sourcecode.c.h; name = hb-ot-var.cc; path = ../../../externals/harfbuzz/src/hb-ot-var.cc; sourceTree = "<group>"; };
	    34D7234C1EB385E900E6210E /* hb-ot-vorg-table.hh */ = {isa = PBXFileReference; fileEncoding = 4; lastKnownFileType = sourcecode.c.h; name = hb-ot-vorg-table.hh; path = ../../../externals/harfbuzz/src/hb-ot-vorg-table.hh; sourceTree = "<group>"; };
	    34D7234C1EB385E900E6210E /* hb-set-digest.hh */ = {isa = PBXFileReference; fileEncoding = 4; lastKnownFileType = sourcecode.c.h; name = hb-set-digest.hh; path = ../../../externals/harfbuzz/src/hb-set-digest.hh; sourceTree = "<group>"; };
	    34D7234C1EB385E900E6210E /* hb-set.cc */ = {isa = PBXFileReference; fileEncoding = 4; lastKnownFileType = sourcecode.c.h; name = hb-set.cc; path = ../../../externals/harfbuzz/src/hb-set.cc; sourceTree = "<group>"; };
	    34D7234C1EB385E900E6210E /* hb-set.hh */ = {isa = PBXFileReference; fileEncoding = 4; lastKnownFileType = sourcecode.c.h; name = hb-set.hh; path = ../../../externals/harfbuzz/src/hb-set.hh; sourceTree = "<group>"; };
	    34D7234C1EB385E900E6210E /* hb-shape-plan.cc */ = {isa = PBXFileReference; fileEncoding = 4; lastKnownFileType = sourcecode.c.h; name = hb-shape-plan.cc; path = ../../../externals/harfbuzz/src/hb-shape-plan.cc; sourceTree = "<group>"; };
	    34D7234C1EB385E900E6210E /* hb-shape-plan.hh */ = {isa = PBXFileReference; fileEncoding = 4; lastKnownFileType = sourcecode.c.h; name = hb-shape-plan.hh; path = ../../../externals/harfbuzz/src/hb-shape-plan.hh; sourceTree = "<group>"; };
	    34D7234C1EB385E900E6210E /* hb-shape.cc */ = {isa = PBXFileReference; fileEncoding = 4; lastKnownFileType = sourcecode.c.h; name = hb-shape.cc; path = ../../../externals/harfbuzz/src/hb-shape.cc; sourceTree = "<group>"; };
	    34D7234C1EB385E900E6210E /* hb-shaper-impl.hh */ = {isa = PBXFileReference; fileEncoding = 4; lastKnownFileType = sourcecode.c.h; name = hb-shaper-impl.hh; path = ../../../externals/harfbuzz/src/hb-shaper-impl.hh; sourceTree = "<group>"; };
	    34D7234C1EB385E900E6210E /* hb-shaper-list.hh */ = {isa = PBXFileReference; fileEncoding = 4; lastKnownFileType = sourcecode.c.h; name = hb-shaper-list.hh; path = ../../../externals/harfbuzz/src/hb-shaper-list.hh; sourceTree = "<group>"; };
	    34D7234C1EB385E900E6210E /* hb-shaper.cc */ = {isa = PBXFileReference; fileEncoding = 4; lastKnownFileType = sourcecode.c.h; name = hb-shaper.cc; path = ../../../externals/harfbuzz/src/hb-shaper.cc; sourceTree = "<group>"; };
	    34D7234C1EB385E900E6210E /* hb-shaper.hh */ = {isa = PBXFileReference; fileEncoding = 4; lastKnownFileType = sourcecode.c.h; name = hb-shaper.hh; path = ../../../externals/harfbuzz/src/hb-shaper.hh; sourceTree = "<group>"; };
	    34D7234C1EB385E900E6210E /* hb-static.cc */ = {isa = PBXFileReference; fileEncoding = 4; lastKnownFileType = sourcecode.c.h; name = hb-static.cc; path = ../../../externals/harfbuzz/src/hb-static.cc; sourceTree = "<group>"; };
	    34D7234C1EB385E900E6210E /* hb-string-array.hh */ = {isa = PBXFileReference; fileEncoding = 4; lastKnownFileType = sourcecode.c.h; name = hb-string-array.hh; path = ../../../externals/harfbuzz/src/hb-string-array.hh; sourceTree = "<group>"; };
	    34D7234C1EB385E900E6210E /* hb-unicode-emoji-table.h */ = {isa = PBXFileReference; fileEncoding = 4; lastKnownFileType = sourcecode.c.h; name = hb-unicode-emoji-table.h; path = ../../../externals/harfbuzz/src/hb-unicode-emoji-table.h; sourceTree = "<group>"; };
	    34D7234C1EB385E900E6210E /* hb-unicode.cc */ = {isa = PBXFileReference; fileEncoding = 4; lastKnownFileType = sourcecode.c.h; name = hb-unicode.cc; path = ../../../externals/harfbuzz/src/hb-unicode.cc; sourceTree = "<group>"; };
	    34D7234C1EB385E900E6210E /* hb-unicode.hh */ = {isa = PBXFileReference; fileEncoding = 4; lastKnownFileType = sourcecode.c.h; name = hb-unicode.hh; path = ../../../externals/harfbuzz/src/hb-unicode.hh; sourceTree = "<group>"; };
	    34D7234C1EB385E900E6210E /* hb-utf.hh */ = {isa = PBXFileReference; fileEncoding = 4; lastKnownFileType = sourcecode.c.h; name = hb-utf.hh; path = ../../../externals/harfbuzz/src/hb-utf.hh; sourceTree = "<group>"; };
	    34D7234C1EB385E900E6210E /* hb-vector.hh */ = {isa = PBXFileReference; fileEncoding = 4; lastKnownFileType = sourcecode.c.h; name = hb-vector.hh; path = ../../../externals/harfbuzz/src/hb-vector.hh; sourceTree = "<group>"; };
	    34D7234C1EB385E900E6210E /* hb-warning.cc */ = {isa = PBXFileReference; fileEncoding = 4; lastKnownFileType = sourcecode.c.h; name = hb-warning.cc; path = ../../../externals/harfbuzz/src/hb-warning.cc; sourceTree = "<group>"; };
	    34D7234C1EB385E900E6210E /* hb.hh */ = {isa = PBXFileReference; fileEncoding = 4; lastKnownFileType = sourcecode.c.h; name = hb.hh; path = ../../../externals/harfbuzz/src/hb.hh; sourceTree = "<group>"; };
        34D7234C1EB385E900E6210E /* hb-buffer-deserialize-json.hh */ = {isa = PBXFileReference; fileEncoding = 4; lastKnownFileType = sourcecode.c.h; name = hb-buffer-deserialize-json.hh; path = ../../../externals/harfbuzz/src/hb-buffer-deserialize-json.hh; sourceTree = "<group>"; };
	    34D7234C1EB385E900E6210E /* hb-buffer-deserialize-text.hh */ = {isa = PBXFileReference; fileEncoding = 4; lastKnownFileType = sourcecode.c.h; name = hb-buffer-deserialize-text.hh; path = ../../../externals/harfbuzz/src/hb-buffer-deserialize-text.hh; sourceTree = "<group>"; };
	    34D7234C1EB385E900E6210E /* hb-ot-shape-complex-indic-machine.hh */ = {isa = PBXFileReference; fileEncoding = 4; lastKnownFileType = sourcecode.c.h; name = hb-ot-shape-complex-indic-machine.hh; path = ../../../externals/harfbuzz/src/hb-ot-shape-complex-indic-machine.hh; sourceTree = "<group>"; };
	    34D7234C1EB385E900E6210E /* hb-ot-shape-complex-khmer-machine.hh */ = {isa = PBXFileReference; fileEncoding = 4; lastKnownFileType = sourcecode.c.h; name = hb-ot-shape-complex-khmer-machine.hh; path = ../../../externals/harfbuzz/src/hb-ot-shape-complex-khmer-machine.hh; sourceTree = "<group>"; };
	    34D7234C1EB385E900E6210E /* hb-ot-shape-complex-myanmar-machine.hh */ = {isa = PBXFileReference; fileEncoding = 4; lastKnownFileType = sourcecode.c.h; name = hb-ot-shape-complex-myanmar-machine.hh; path = ../../../externals/harfbuzz/src/hb-ot-shape-complex-myanmar-machine.hh; sourceTree = "<group>"; };
	    34D7234C1EB385E900E6210E /* hb-ot-shape-complex-use-machine.hh */ = {isa = PBXFileReference; fileEncoding = 4; lastKnownFileType = sourcecode.c.h; name = hb-ot-shape-complex-use-machine.hh; path = ../../../externals/harfbuzz/src/hb-ot-shape-complex-use-machine.hh; sourceTree = "<group>"; };
        34D7234C1EB385E900E6210E /* hb-aat-layout.h */ = {isa = PBXFileReference; fileEncoding = 4; lastKnownFileType = sourcecode.c.h; name = hb-aat-layout.h; path = ../../../externals/harfbuzz/src/hb-aat-layout.h; sourceTree = "<group>"; };
	    34D7234C1EB385E900E6210E /* hb-aat.h */ = {isa = PBXFileReference; fileEncoding = 4; lastKnownFileType = sourcecode.c.h; name = hb-aat.h; path = ../../../externals/harfbuzz/src/hb-aat.h; sourceTree = "<group>"; };
	    34D7234C1EB385E900E6210E /* hb-blob.h */ = {isa = PBXFileReference; fileEncoding = 4; lastKnownFileType = sourcecode.c.h; name = hb-blob.h; path = ../../../externals/harfbuzz/src/hb-blob.h; sourceTree = "<group>"; };
	    34D7234C1EB385E900E6210E /* hb-buffer.h */ = {isa = PBXFileReference; fileEncoding = 4; lastKnownFileType = sourcecode.c.h; name = hb-buffer.h; path = ../../../externals/harfbuzz/src/hb-buffer.h; sourceTree = "<group>"; };
	    34D7234C1EB385E900E6210E /* hb-common.h */ = {isa = PBXFileReference; fileEncoding = 4; lastKnownFileType = sourcecode.c.h; name = hb-common.h; path = ../../../externals/harfbuzz/src/hb-common.h; sourceTree = "<group>"; };
	    34D7234C1EB385E900E6210E /* hb-deprecated.h */ = {isa = PBXFileReference; fileEncoding = 4; lastKnownFileType = sourcecode.c.h; name = hb-deprecated.h; path = ../../../externals/harfbuzz/src/hb-deprecated.h; sourceTree = "<group>"; };
	    34D7234C1EB385E900E6210E /* hb-face.h */ = {isa = PBXFileReference; fileEncoding = 4; lastKnownFileType = sourcecode.c.h; name = hb-face.h; path = ../../../externals/harfbuzz/src/hb-face.h; sourceTree = "<group>"; };
	    34D7234C1EB385E900E6210E /* hb-font.h */ = {isa = PBXFileReference; fileEncoding = 4; lastKnownFileType = sourcecode.c.h; name = hb-font.h; path = ../../../externals/harfbuzz/src/hb-font.h; sourceTree = "<group>"; };
	    34D7234C1EB385E900E6210E /* hb-map.h */ = {isa = PBXFileReference; fileEncoding = 4; lastKnownFileType = sourcecode.c.h; name = hb-map.h; path = ../../../externals/harfbuzz/src/hb-map.h; sourceTree = "<group>"; };
	    34D7234C1EB385E900E6210E /* hb-ot-color.h */ = {isa = PBXFileReference; fileEncoding = 4; lastKnownFileType = sourcecode.c.h; name = hb-ot-color.h; path = ../../../externals/harfbuzz/src/hb-ot-color.h; sourceTree = "<group>"; };
	    34D7234C1EB385E900E6210E /* hb-ot-deprecated.h */ = {isa = PBXFileReference; fileEncoding = 4; lastKnownFileType = sourcecode.c.h; name = hb-ot-deprecated.h; path = ../../../externals/harfbuzz/src/hb-ot-deprecated.h; sourceTree = "<group>"; };
	    34D7234C1EB385E900E6210E /* hb-ot-font.h */ = {isa = PBXFileReference; fileEncoding = 4; lastKnownFileType = sourcecode.c.h; name = hb-ot-font.h; path = ../../../externals/harfbuzz/src/hb-ot-font.h; sourceTree = "<group>"; };
	    34D7234C1EB385E900E6210E /* hb-ot-layout.h */ = {isa = PBXFileReference; fileEncoding = 4; lastKnownFileType = sourcecode.c.h; name = hb-ot-layout.h; path = ../../../externals/harfbuzz/src/hb-ot-layout.h; sourceTree = "<group>"; };
	    34D7234C1EB385E900E6210E /* hb-ot-math.h */ = {isa = PBXFileReference; fileEncoding = 4; lastKnownFileType = sourcecode.c.h; name = hb-ot-math.h; path = ../../../externals/harfbuzz/src/hb-ot-math.h; sourceTree = "<group>"; };
	    34D7234C1EB385E900E6210E /* hb-ot-name.h */ = {isa = PBXFileReference; fileEncoding = 4; lastKnownFileType = sourcecode.c.h; name = hb-ot-name.h; path = ../../../externals/harfbuzz/src/hb-ot-name.h; sourceTree = "<group>"; };
	    34D7234C1EB385E900E6210E /* hb-ot-shape.h */ = {isa = PBXFileReference; fileEncoding = 4; lastKnownFileType = sourcecode.c.h; name = hb-ot-shape.h; path = ../../../externals/harfbuzz/src/hb-ot-shape.h; sourceTree = "<group>"; };
	    34D7234C1EB385E900E6210E /* hb-ot-var.h */ = {isa = PBXFileReference; fileEncoding = 4; lastKnownFileType = sourcecode.c.h; name = hb-ot-var.h; path = ../../../externals/harfbuzz/src/hb-ot-var.h; sourceTree = "<group>"; };
	    34D7234C1EB385E900E6210E /* hb-ot.h */ = {isa = PBXFileReference; fileEncoding = 4; lastKnownFileType = sourcecode.c.h; name = hb-ot.h; path = ../../../externals/harfbuzz/src/hb-ot.h; sourceTree = "<group>"; };
	    34D7234C1EB385E900E6210E /* hb-set.h */ = {isa = PBXFileReference; fileEncoding = 4; lastKnownFileType = sourcecode.c.h; name = hb-set.h; path = ../../../externals/harfbuzz/src/hb-set.h; sourceTree = "<group>"; };
	    34D7234C1EB385E900E6210E /* hb-shape-plan.h */ = {isa = PBXFileReference; fileEncoding = 4; lastKnownFileType = sourcecode.c.h; name = hb-shape-plan.h; path = ../../../externals/harfbuzz/src/hb-shape-plan.h; sourceTree = "<group>"; };
	    34D7234C1EB385E900E6210E /* hb-shape.h */ = {isa = PBXFileReference; fileEncoding = 4; lastKnownFileType = sourcecode.c.h; name = hb-shape.h; path = ../../../externals/harfbuzz/src/hb-shape.h; sourceTree = "<group>"; };
	    34D7234C1EB385E900E6210E /* hb-unicode.h */ = {isa = PBXFileReference; fileEncoding = 4; lastKnownFileType = sourcecode.c.h; name = hb-unicode.h; path = ../../../externals/harfbuzz/src/hb-unicode.h; sourceTree = "<group>"; };
	    34D7234C1EB385E900E6210E /* hb-version.h */ = {isa = PBXFileReference; fileEncoding = 4; lastKnownFileType = sourcecode.c.h; name = hb-version.h; path = ../../../externals/harfbuzz/src/hb-version.h; sourceTree = "<group>"; };
	    34D7234C1EB385E900E6210E /* hb.h */ = {isa = PBXFileReference; fileEncoding = 4; lastKnownFileType = sourcecode.c.h; name = hb.h; path = ../../../externals/harfbuzz/src/hb.h; sourceTree = "<group>"; };
        34D7234C1EB385E900E6210E /* hb-fallback-shape.cc */ = {isa = PBXFileReference; fileEncoding = 4; lastKnownFileType = sourcecode.c.h; name = hb-fallback-shape.cc; path = ../../../externals/harfbuzz/src/hb-fallback-shape.cc; sourceTree = "<group>"; };
        34D7234C1EB385E900E6210E /* hb-ucdn.cc */ = {isa = PBXFileReference; fileEncoding = 4; lastKnownFileType = sourcecode.c.h; name = hb-ucdn.cc; path = ../../../externals/harfbuzz/src/hb-ucdn.cc; sourceTree = "<group>"; };
        34D7234C1EB385E900E6210E /* ucdn.h */ = {isa = PBXFileReference; fileEncoding = 4; lastKnownFileType = sourcecode.c.h; name = ucdn.h; path = ../../../externals/harfbuzz/src/hb-ucdn/ucdn.h; sourceTree = "<group>"; };
	    34D7234C1EB385E900E6210E /* ucdn.c */ = {isa = PBXFileReference; fileEncoding = 4; lastKnownFileType = sourcecode.c.h; name = ucdn.c; path = ../../../externals/harfbuzz/src/hb-ucdn/ucdn.c; sourceTree = "<group>"; };
	    34D7234C1EB385E900E6210E /* ucdn_db.h */ = {isa = PBXFileReference; fileEncoding = 4; lastKnownFileType = sourcecode.c.h; name = ucdn_db.h; path = ../../../externals/harfbuzz/src/hb-ucdn/ucdn_db.h; sourceTree = "<group>"; };
		34D723421EB385E900E6210E /* libHarfBuzzSharp.a */ = {isa = PBXFileReference; explicitFileType = archive.ar; includeInIndex = 0; path = libHarfBuzzSharp.a; sourceTree = BUILT_PRODUCTS_DIR; };
/* End PBXFileReference section */

/* Begin PBXFrameworksBuildPhase section */
		34D7233F1EB385E800E6210E /* Frameworks */ = {
			isa = PBXFrameworksBuildPhase;
			buildActionMask = 2147483647;
			files = (
			);
			runOnlyForDeploymentPostprocessing = 0;
		};
/* End PBXFrameworksBuildPhase section */

/* Begin PBXGroup section */
		34D723391EB385E800E6210E = {
			isa = PBXGroup;
			children = (
				34D723441EB385E900E6210E /* libHarfBuzzSharp */,
				34D723431EB385E900E6210E /* Products */,
			);
			sourceTree = "<group>";
		};
		34D723431EB385E900E6210E /* Products */ = {
			isa = PBXGroup;
			children = (
				34D723421EB385E900E6210E /* libHarfBuzzSharp.a */,
			);
			name = Products;
			sourceTree = "<group>";
		};
		34D723441EB385E900E6210E /* libHarfBuzzSharp */ = {
			isa = PBXGroup;
			children = (
				34D7234C1EB385E900E6210E /* config.h */,
				34D7234C1EB385E900E6210E /* hb-aat-fdsc-table.hh */,
	            34D7234C1EB385E900E6210E /* hb-aat-layout-ankr-table.hh */,
	            34D7234C1EB385E900E6210E /* hb-aat-layout-bsln-table.hh */,
	            34D7234C1EB385E900E6210E /* hb-aat-layout-common.hh */,
	            34D7234C1EB385E900E6210E /* hb-aat-layout-feat-table.hh */,
	            34D7234C1EB385E900E6210E /* hb-aat-layout-just-table.hh */,
	            34D7234C1EB385E900E6210E /* hb-aat-layout-kerx-table.hh */,
	            34D7234C1EB385E900E6210E /* hb-aat-layout-lcar-table.hh */,
	            34D7234C1EB385E900E6210E /* hb-aat-layout-morx-table.hh */,
	            34D7234C1EB385E900E6210E /* hb-aat-layout-trak-table.hh */,
	            34D7234C1EB385E900E6210E /* hb-aat-layout.cc */,
	            34D7234C1EB385E900E6210E /* hb-aat-layout.hh */,
	            34D7234C1EB385E900E6210E /* hb-aat-ltag-table.hh */,
	            34D7234C1EB385E900E6210E /* hb-aat-map.cc */,
	            34D7234C1EB385E900E6210E /* hb-aat-map.hh */,
	            34D7234C1EB385E900E6210E /* hb-array.hh */,
	            34D7234C1EB385E900E6210E /* hb-atomic.hh */,
	            34D7234C1EB385E900E6210E /* hb-blob.cc */,
	            34D7234C1EB385E900E6210E /* hb-blob.hh */,
	            34D7234C1EB385E900E6210E /* hb-buffer-serialize.cc */,
	            34D7234C1EB385E900E6210E /* hb-buffer.cc */,
	            34D7234C1EB385E900E6210E /* hb-buffer.hh */,
	            34D7234C1EB385E900E6210E /* hb-cache.hh */,
	            34D7234C1EB385E900E6210E /* hb-cff-interp-common.hh */,
	            34D7234C1EB385E900E6210E /* hb-cff-interp-cs-common.hh */,
	            34D7234C1EB385E900E6210E /* hb-cff-interp-dict-common.hh */,
	            34D7234C1EB385E900E6210E /* hb-cff1-interp-cs.hh */,
	            34D7234C1EB385E900E6210E /* hb-cff2-interp-cs.hh */,
	            34D7234C1EB385E900E6210E /* hb-common.cc */,
	            34D7234C1EB385E900E6210E /* hb-debug.hh */,
	            34D7234C1EB385E900E6210E /* hb-dsalgs.hh */,
	            34D7234C1EB385E900E6210E /* hb-face.cc */,
	            34D7234C1EB385E900E6210E /* hb-face.hh */,
	            34D7234C1EB385E900E6210E /* hb-font.cc */,
	            34D7234C1EB385E900E6210E /* hb-font.hh */,
	            34D7234C1EB385E900E6210E /* hb-iter.hh */,
	            34D7234C1EB385E900E6210E /* hb-kern.hh */,
	            34D7234C1EB385E900E6210E /* hb-machinery.hh */,
	            34D7234C1EB385E900E6210E /* hb-map.cc */,
	            34D7234C1EB385E900E6210E /* hb-map.hh */,
	            34D7234C1EB385E900E6210E /* hb-mutex.hh */,
	            34D7234C1EB385E900E6210E /* hb-null.hh */,
	            34D7234C1EB385E900E6210E /* hb-object.hh */,
	            34D7234C1EB385E900E6210E /* hb-open-file.hh */,
	            34D7234C1EB385E900E6210E /* hb-open-type.hh */,
	            34D7234C1EB385E900E6210E /* hb-ot-cff-common.hh */,
	            34D7234C1EB385E900E6210E /* hb-ot-cff1-table.cc */,
	            34D7234C1EB385E900E6210E /* hb-ot-cff1-table.hh */,
	            34D7234C1EB385E900E6210E /* hb-ot-cff2-table.cc */,
	            34D7234C1EB385E900E6210E /* hb-ot-cff2-table.hh */,
	            34D7234C1EB385E900E6210E /* hb-ot-cmap-table.hh */,
	            34D7234C1EB385E900E6210E /* hb-ot-color-cbdt-table.hh */,
	            34D7234C1EB385E900E6210E /* hb-ot-color-colr-table.hh */,
	            34D7234C1EB385E900E6210E /* hb-ot-color-cpal-table.hh */,
	            34D7234C1EB385E900E6210E /* hb-ot-color-sbix-table.hh */,
	            34D7234C1EB385E900E6210E /* hb-ot-color-svg-table.hh */,
	            34D7234C1EB385E900E6210E /* hb-ot-color.cc */,
	            34D7234C1EB385E900E6210E /* hb-ot-face.cc */,
	            34D7234C1EB385E900E6210E /* hb-ot-face.hh */,
	            34D7234C1EB385E900E6210E /* hb-ot-font.cc */,
	            34D7234C1EB385E900E6210E /* hb-ot-gasp-table.hh */,
	            34D7234C1EB385E900E6210E /* hb-ot-glyf-table.hh */,
	            34D7234C1EB385E900E6210E /* hb-ot-hdmx-table.hh */,
	            34D7234C1EB385E900E6210E /* hb-ot-head-table.hh */,
	            34D7234C1EB385E900E6210E /* hb-ot-hhea-table.hh */,
	            34D7234C1EB385E900E6210E /* hb-ot-hmtx-table.hh */,
	            34D7234C1EB385E900E6210E /* hb-ot-kern-table.hh */,
	            34D7234C1EB385E900E6210E /* hb-ot-layout-base-table.hh */,
	            34D7234C1EB385E900E6210E /* hb-ot-layout-common.hh */,
	            34D7234C1EB385E900E6210E /* hb-ot-layout-gdef-table.hh */,
	            34D7234C1EB385E900E6210E /* hb-ot-layout-gpos-table.hh */,
	            34D7234C1EB385E900E6210E /* hb-ot-layout-gsub-table.hh */,
	            34D7234C1EB385E900E6210E /* hb-ot-layout-gsubgpos.hh */,
	            34D7234C1EB385E900E6210E /* hb-ot-layout-jstf-table.hh */,
	            34D7234C1EB385E900E6210E /* hb-ot-layout.cc */,
	            34D7234C1EB385E900E6210E /* hb-ot-layout.hh */,
	            34D7234C1EB385E900E6210E /* hb-ot-map.cc */,
	            34D7234C1EB385E900E6210E /* hb-ot-map.hh */,
	            34D7234C1EB385E900E6210E /* hb-ot-math-table.hh */,
	            34D7234C1EB385E900E6210E /* hb-ot-math.cc */,
	            34D7234C1EB385E900E6210E /* hb-ot-maxp-table.hh */,
	            34D7234C1EB385E900E6210E /* hb-ot-name-language.cc */,
	            34D7234C1EB385E900E6210E /* hb-ot-name-language.hh */,
	            34D7234C1EB385E900E6210E /* hb-ot-name-table.hh */,
	            34D7234C1EB385E900E6210E /* hb-ot-name.cc */,
	            34D7234C1EB385E900E6210E /* hb-ot-os2-table.hh */,
	            34D7234C1EB385E900E6210E /* hb-ot-os2-unicode-ranges.hh */,
	            34D7234C1EB385E900E6210E /* hb-ot-post-macroman.hh */,
	            34D7234C1EB385E900E6210E /* hb-ot-post-table.hh */,
	            34D7234C1EB385E900E6210E /* hb-ot-shape-complex-arabic-fallback.hh */,
	            34D7234C1EB385E900E6210E /* hb-ot-shape-complex-arabic-table.hh */,
	            34D7234C1EB385E900E6210E /* hb-ot-shape-complex-arabic-win1256.hh */,
	            34D7234C1EB385E900E6210E /* hb-ot-shape-complex-arabic.cc */,
	            34D7234C1EB385E900E6210E /* hb-ot-shape-complex-arabic.hh */,
	            34D7234C1EB385E900E6210E /* hb-ot-shape-complex-default.cc */,
	            34D7234C1EB385E900E6210E /* hb-ot-shape-complex-hangul.cc */,
	            34D7234C1EB385E900E6210E /* hb-ot-shape-complex-hebrew.cc */,
	            34D7234C1EB385E900E6210E /* hb-ot-shape-complex-indic-table.cc */,
	            34D7234C1EB385E900E6210E /* hb-ot-shape-complex-indic.cc */,
	            34D7234C1EB385E900E6210E /* hb-ot-shape-complex-indic.hh */,
	            34D7234C1EB385E900E6210E /* hb-ot-shape-complex-khmer.cc */,
	            34D7234C1EB385E900E6210E /* hb-ot-shape-complex-khmer.hh */,
	            34D7234C1EB385E900E6210E /* hb-ot-shape-complex-myanmar.cc */,
	            34D7234C1EB385E900E6210E /* hb-ot-shape-complex-myanmar.hh */,
	            34D7234C1EB385E900E6210E /* hb-ot-shape-complex-thai.cc */,
	            34D7234C1EB385E900E6210E /* hb-ot-shape-complex-use-table.cc */,
	            34D7234C1EB385E900E6210E /* hb-ot-shape-complex-use.cc */,
	            34D7234C1EB385E900E6210E /* hb-ot-shape-complex-use.hh */,
	            34D7234C1EB385E900E6210E /* hb-ot-shape-complex-vowel-constraints.cc */,
	            34D7234C1EB385E900E6210E /* hb-ot-shape-complex-vowel-constraints.hh */,
	            34D7234C1EB385E900E6210E /* hb-ot-shape-complex.hh */,
	            34D7234C1EB385E900E6210E /* hb-ot-shape-fallback.cc */,
	            34D7234C1EB385E900E6210E /* hb-ot-shape-fallback.hh */,
	            34D7234C1EB385E900E6210E /* hb-ot-shape-normalize.cc */,
	            34D7234C1EB385E900E6210E /* hb-ot-shape-normalize.hh */,
	            34D7234C1EB385E900E6210E /* hb-ot-shape.cc */,
	            34D7234C1EB385E900E6210E /* hb-ot-shape.hh */,
	            34D7234C1EB385E900E6210E /* hb-ot-stat-table.hh */,
	            34D7234C1EB385E900E6210E /* hb-ot-tag-table.hh */,
	            34D7234C1EB385E900E6210E /* hb-ot-tag.cc */,
	            34D7234C1EB385E900E6210E /* hb-ot-var-avar-table.hh */,
	            34D7234C1EB385E900E6210E /* hb-ot-var-fvar-table.hh */,
	            34D7234C1EB385E900E6210E /* hb-ot-var-hvar-table.hh */,
	            34D7234C1EB385E900E6210E /* hb-ot-var-mvar-table.hh */,
	            34D7234C1EB385E900E6210E /* hb-ot-var.cc */,
	            34D7234C1EB385E900E6210E /* hb-ot-vorg-table.hh */,
	            34D7234C1EB385E900E6210E /* hb-set-digest.hh */,
	            34D7234C1EB385E900E6210E /* hb-set.cc */,
	            34D7234C1EB385E900E6210E /* hb-set.hh */,
	            34D7234C1EB385E900E6210E /* hb-shape-plan.cc */,
	            34D7234C1EB385E900E6210E /* hb-shape-plan.hh */,
	            34D7234C1EB385E900E6210E /* hb-shape.cc */,
	            34D7234C1EB385E900E6210E /* hb-shaper-impl.hh */,
	            34D7234C1EB385E900E6210E /* hb-shaper-list.hh */,
	            34D7234C1EB385E900E6210E /* hb-shaper.cc */,
	            34D7234C1EB385E900E6210E /* hb-shaper.hh */,
	            34D7234C1EB385E900E6210E /* hb-static.cc */,
	            34D7234C1EB385E900E6210E /* hb-string-array.hh */,
	            34D7234C1EB385E900E6210E /* hb-unicode-emoji-table.hh */,
	            34D7234C1EB385E900E6210E /* hb-unicode.cc */,
	            34D7234C1EB385E900E6210E /* hb-unicode.hh */,
	            34D7234C1EB385E900E6210E /* hb-utf.hh */,
	            34D7234C1EB385E900E6210E /* hb-vector.hh */,
	            34D7234C1EB385E900E6210E /* hb-warning.cc */,
	            34D7234C1EB385E900E6210E /* hb.hh  */,
                34D7234C1EB385E900E6210E /* hb-buffer-deserialize-json.hh */,
	            34D7234C1EB385E900E6210E /* hb-buffer-deserialize-text.hh */,
	            34D7234C1EB385E900E6210E /* hb-ot-shape-complex-indic-machine.hh */,
	            34D7234C1EB385E900E6210E /* hb-ot-shape-complex-khmer-machine.hh */,
	            34D7234C1EB385E900E6210E /* hb-ot-shape-complex-myanmar-machine.hh */,
	            34D7234C1EB385E900E6210E /* hb-ot-shape-complex-use-machine.hh */,
                34D7234C1EB385E900E6210E /* hb-aat-layout.h */,
	            34D7234C1EB385E900E6210E /* hb-aat.h */,
	            34D7234C1EB385E900E6210E /* hb-blob.h */,
	            34D7234C1EB385E900E6210E /* hb-buffer.h */,
	            34D7234C1EB385E900E6210E /* hb-common.h */,
	            34D7234C1EB385E900E6210E /* hb-deprecated.h */,
	            34D7234C1EB385E900E6210E /* hb-face.h */,
	            34D7234C1EB385E900E6210E /* hb-font.h */,
	            34D7234C1EB385E900E6210E /* hb-map.h */,
	            34D7234C1EB385E900E6210E /* hb-ot-color.h */,
	            34D7234C1EB385E900E6210E /* hb-ot-deprecated.h */,
	            34D7234C1EB385E900E6210E /* hb-ot-font.h */,
	            34D7234C1EB385E900E6210E /* hb-ot-layout.h */,
	            34D7234C1EB385E900E6210E /* hb-ot-math.h */,
	            34D7234C1EB385E900E6210E /* hb-ot-name.h */,
	            34D7234C1EB385E900E6210E /* hb-ot-shape.h */,
	            34D7234C1EB385E900E6210E /* hb-ot-var.h */,
	            34D7234C1EB385E900E6210E /* hb-ot.h */,
	            34D7234C1EB385E900E6210E /* hb-set.h */,
	            34D7234C1EB385E900E6210E /* hb-shape-plan.h */,
	            34D7234C1EB385E900E6210E /* hb-shape.h */,
	            34D7234C1EB385E900E6210E /* hb-unicode.h */,
	            34D7234C1EB385E900E6210E /* hb-version.h */,
	            34D7234C1EB385E900E6210E /* hb.h */,
                34D7234C1EB385E900E6210E /* hb-fallback-shape.cc */,
                34D7234C1EB385E900E6210E /* hb-ucdn.cc */,
                34D7234C1EB385E900E6210E /* ucdn.h */,
	            34D7234C1EB385E900E6210E /* ucdn.c */,
	            34D7234C1EB385E900E6210E /* ucdn_db.h */,
			);
			path = libHarfBuzzSharp;
			sourceTree = "<group>";
		};
/* End PBXGroup section */

/* Begin PBXNativeTarget section */
		34D723411EB385E800E6210E /* libHarfBuzzSharp */ = {
			isa = PBXNativeTarget;
			buildConfigurationList = 34D7234B1EB385E900E6210E /* Build configuration list for PBXNativeTarget "libHarfBuzzSharp" */;
			buildPhases = (
				34D7233E1EB385E800E6210E /* Sources */,
				34D7233F1EB385E800E6210E /* Frameworks */,
				34D723401EB385E800E6210E /* CopyFiles */,
			);
			buildRules = (
			);
			dependencies = (
			);
			name = libHarfBuzzSharp;
			productName = libHarfBuzzSharp;
			productReference = 34D723421EB385E900E6210E /* libHarfBuzzSharp.a */;
			productType = "com.apple.product-type.library.static";
		};
/* End PBXNativeTarget section */

/* Begin PBXProject section */
		34D7233A1EB385E800E6210E /* Project object */ = {
			isa = PBXProject;
			attributes = {
				LastUpgradeCheck = 0830;
				ORGANIZATIONNAME = "Matthew Leibowitz";
				TargetAttributes = {
					34D723411EB385E800E6210E = {
						CreatedOnToolsVersion = 8.0;
						ProvisioningStyle = Automatic;
					};
				};
			};
			buildConfigurationList = 34D7233D1EB385E800E6210E /* Build configuration list for PBXProject "libHarfBuzzSharp" */;
			compatibilityVersion = "Xcode 3.2";
			developmentRegion = English;
			hasScannedForEncodings = 0;
			knownRegions = (
				en,
			);
			mainGroup = 34D723391EB385E800E6210E;
			productRefGroup = 34D723431EB385E900E6210E /* Products */;
			projectDirPath = "";
			projectRoot = "";
			targets = (
				34D723411EB385E800E6210E /* libHarfBuzzSharp */,
			);
		};
/* End PBXProject section */

/* Begin PBXSourcesBuildPhase section */
		34D7233E1EB385E800E6210E /* Sources */ = {
			isa = PBXSourcesBuildPhase;
			buildActionMask = 2147483647;
			files = (
				34D7234C1EB385E900E6210E /* ucdn.c in Sources */,
	            34D7234C1EB385E900E6210E /* hb-ucdn.cc in Sources */,
	            34D7234C1EB385E900E6210E /* hb-aat-layout.cc in Sources */,
	            34D7234C1EB385E900E6210E /* hb-aat-map.cc in Sources */,
                34D7234C1EB385E900E6210E /* hb-blob.cc in Sources */,
                34D7234C1EB385E900E6210E /* hb-buffer-serialize.cc in Sources */,
                34D7234C1EB385E900E6210E /* hb-buffer.cc in Sources */,
                34D7234C1EB385E900E6210E /* hb-common.cc in Sources */,
                34D7234C1EB385E900E6210E /* hb-face.cc in Sources */,
	            34D7234C1EB385E900E6210E /* hb-font.cc in Sources */,
	            34D7234C1EB385E900E6210E /* hb-map.cc in Sources */,
	            34D7234C1EB385E900E6210E /* hb-ot-cff1-table.cc in Sources */,
	            34D7234C1EB385E900E6210E /* hb-ot-cff2-table.cc in Sources */,
	            34D7234C1EB385E900E6210E /* hb-ot-color.cc in Sources */,
	            34D7234C1EB385E900E6210E /* hb-ot-face.cc in Sources */,
	            34D7234C1EB385E900E6210E /* hb-ot-font.cc in Sources */,
	            34D7234C1EB385E900E6210E /* hb-ot-layout.cc in Sources */,
	            34D7234C1EB385E900E6210E /* hb-ot-map.cc in Sources */,
	            34D7234C1EB385E900E6210E /* hb-ot-math.cc in Sources */,
	            34D7234C1EB385E900E6210E /* hb-ot-name-language.cc in Sources */,
	            34D7234C1EB385E900E6210E /* hb-ot-name.cc in Sources */,
	            34D7234C1EB385E900E6210E /* hb-ot-shape-complex-arabic.cc in Sources */,
	            34D7234C1EB385E900E6210E /* hb-ot-shape-complex-default.cc in Sources */,
	            34D7234C1EB385E900E6210E /* hb-ot-shape-complex-hangul.cc in Sources */,
	            34D7234C1EB385E900E6210E /* hb-ot-shape-complex-hebrew.cc in Sources */,
	            34D7234C1EB385E900E6210E /* hb-ot-shape-complex-indic-table.cc in Sources */,
	            34D7234C1EB385E900E6210E /* hb-ot-shape-complex-indic.cc in Sources */,
	            34D7234C1EB385E900E6210E /* hb-ot-shape-complex-khmer.cc in Sources */,
	            34D7234C1EB385E900E6210E /* hb-ot-shape-complex-myanmar.cc in Sources */,
	            34D7234C1EB385E900E6210E /* hb-ot-shape-complex-thai.cc in Sources */,
	            34D7234C1EB385E900E6210E /* hb-ot-shape-complex-use-table.cc in Sources */,
	            34D7234C1EB385E900E6210E /* hb-ot-shape-complex-use.cc in Sources */,
	            34D7234C1EB385E900E6210E /* hb-ot-shape-complex-vowel-constraints.cc in Sources */,
	            34D7234C1EB385E900E6210E /* hb-ot-shape-fallback.cc in Sources */,
	            34D7234C1EB385E900E6210E /* hb-ot-shape-normalize.cc in Sources */,
	            34D7234C1EB385E900E6210E /* hb-ot-shape.cc in Sources */,
	            34D7234C1EB385E900E6210E /* hb-ot-tag.cc in Sources */,
	            34D7234C1EB385E900E6210E /* hb-ot-var.cc in Sources */,
	            34D7234C1EB385E900E6210E /* hb-set.cc in Sources */,
	            34D7234C1EB385E900E6210E /* hb-shape-plan.cc in Sources */,
	            34D7234C1EB385E900E6210E /* hb-shape.cc in Sources */,
	            34D7234C1EB385E900E6210E /* hb-shaper.cc in Sources */,
	            34D7234C1EB385E900E6210E /* hb-static.cc in Sources */,
	            34D7234C1EB385E900E6210E /* hb-unicode.cc in Sources */,
	            34D7234C1EB385E900E6210E /* hb-warning.cc in Sources */,
	            34D7234C1EB385E900E6210E /* hb-fallback-shape.cc in Sources */,
			);
			runOnlyForDeploymentPostprocessing = 0;
		};
/* End PBXSourcesBuildPhase section */

/* Begin XCBuildConfiguration section */
		34D723491EB385E900E6210E /* Debug */ = {
			isa = XCBuildConfiguration;
			buildSettings = {
				ALWAYS_SEARCH_USER_PATHS = NO;
				CLANG_ANALYZER_NONNULL = YES;
				CLANG_CXX_LANGUAGE_STANDARD = "gnu++0x";
				CLANG_CXX_LIBRARY = "libc++";
				CLANG_ENABLE_MODULES = YES;
				CLANG_ENABLE_OBJC_ARC = YES;
				CLANG_WARN_BOOL_CONVERSION = YES;
				CLANG_WARN_CONSTANT_CONVERSION = YES;
				CLANG_WARN_DIRECT_OBJC_ISA_USAGE = YES_ERROR;
				CLANG_WARN_DOCUMENTATION_COMMENTS = NO;
				CLANG_WARN_EMPTY_BODY = YES;
				CLANG_WARN_ENUM_CONVERSION = YES;
				CLANG_WARN_INFINITE_RECURSION = YES;
				CLANG_WARN_INT_CONVERSION = YES;
				CLANG_WARN_OBJC_ROOT_CLASS = YES_ERROR;
				CLANG_WARN_SUSPICIOUS_MOVE = YES;
				CLANG_WARN_SUSPICIOUS_MOVES = YES;
				CLANG_WARN_UNREACHABLE_CODE = YES;
				CLANG_WARN__DUPLICATE_METHOD_MATCH = YES;
				"CODE_SIGN_IDENTITY[sdk=iphoneos*]" = "iPhone Developer";
				COPY_PHASE_STRIP = NO;
				DEBUG_INFORMATION_FORMAT = dwarf;
				ENABLE_STRICT_OBJC_MSGSEND = YES;
				ENABLE_TESTABILITY = YES;
				GCC_C_LANGUAGE_STANDARD = gnu99;
				GCC_DYNAMIC_NO_PIC = NO;
				GCC_NO_COMMON_BLOCKS = YES;
				GCC_OPTIMIZATION_LEVEL = 0;
				GCC_PREPROCESSOR_DEFINITIONS = (
					"DEBUG=1",
					HAVE_CONFIG_H,
					"$(inherited)",
				);
				GCC_WARN_64_TO_32_BIT_CONVERSION = YES;
				GCC_WARN_ABOUT_RETURN_TYPE = YES_ERROR;
				GCC_WARN_UNDECLARED_SELECTOR = YES;
				GCC_WARN_UNINITIALIZED_AUTOS = YES_AGGRESSIVE;
				GCC_WARN_UNUSED_FUNCTION = YES;
				GCC_WARN_UNUSED_VARIABLE = YES;
				IPHONEOS_DEPLOYMENT_TARGET = 8.0;
				MTL_ENABLE_DEBUG_INFO = YES;
				ONLY_ACTIVE_ARCH = YES;
				SDKROOT = iphoneos;
			};
			name = Debug;
		};
		34D7234A1EB385E900E6210E /* Release */ = {
			isa = XCBuildConfiguration;
			buildSettings = {
				ALWAYS_SEARCH_USER_PATHS = NO;
				CLANG_ANALYZER_NONNULL = YES;
				CLANG_CXX_LANGUAGE_STANDARD = "gnu++0x";
				CLANG_CXX_LIBRARY = "libc++";
				CLANG_ENABLE_MODULES = YES;
				CLANG_ENABLE_OBJC_ARC = YES;
				CLANG_WARN_BOOL_CONVERSION = YES;
				CLANG_WARN_CONSTANT_CONVERSION = YES;
				CLANG_WARN_DIRECT_OBJC_ISA_USAGE = YES_ERROR;
				CLANG_WARN_DOCUMENTATION_COMMENTS = NO;
				CLANG_WARN_EMPTY_BODY = YES;
				CLANG_WARN_ENUM_CONVERSION = YES;
				CLANG_WARN_INFINITE_RECURSION = YES;
				CLANG_WARN_INT_CONVERSION = YES;
				CLANG_WARN_OBJC_ROOT_CLASS = YES_ERROR;
				CLANG_WARN_SUSPICIOUS_MOVE = YES;
				CLANG_WARN_SUSPICIOUS_MOVES = YES;
				CLANG_WARN_UNREACHABLE_CODE = YES;
				CLANG_WARN__DUPLICATE_METHOD_MATCH = YES;
				"CODE_SIGN_IDENTITY[sdk=iphoneos*]" = "iPhone Developer";
				COPY_PHASE_STRIP = NO;
				DEBUG_INFORMATION_FORMAT = "dwarf-with-dsym";
				ENABLE_NS_ASSERTIONS = NO;
				ENABLE_STRICT_OBJC_MSGSEND = YES;
				GCC_C_LANGUAGE_STANDARD = gnu99;
				GCC_NO_COMMON_BLOCKS = YES;
				GCC_PREPROCESSOR_DEFINITIONS = HAVE_CONFIG_H;
				GCC_WARN_64_TO_32_BIT_CONVERSION = YES;
				GCC_WARN_ABOUT_RETURN_TYPE = YES_ERROR;
				GCC_WARN_UNDECLARED_SELECTOR = YES;
				GCC_WARN_UNINITIALIZED_AUTOS = YES_AGGRESSIVE;
				GCC_WARN_UNUSED_FUNCTION = YES;
				GCC_WARN_UNUSED_VARIABLE = YES;
				IPHONEOS_DEPLOYMENT_TARGET = 8.0;
				MTL_ENABLE_DEBUG_INFO = NO;
				SDKROOT = iphoneos;
				VALIDATE_PRODUCT = YES;
			};
			name = Release;
		};
		34D7234C1EB385E900E6210E /* Debug */ = {
			isa = XCBuildConfiguration;
			buildSettings = {
				EXECUTABLE_PREFIX = "";
				OTHER_LDFLAGS = "-ObjC";
				PRODUCT_NAME = "$(TARGET_NAME)";
				SKIP_INSTALL = YES;
			};
			name = Debug;
		};
		34D7234D1EB385E900E6210E /* Release */ = {
			isa = XCBuildConfiguration;
			buildSettings = {
				EXECUTABLE_PREFIX = "";
				OTHER_LDFLAGS = "-ObjC";
				PRODUCT_NAME = "$(TARGET_NAME)";
				SKIP_INSTALL = YES;
			};
			name = Release;
		};
/* End XCBuildConfiguration section */

/* Begin XCConfigurationList section */
		34D7233D1EB385E800E6210E /* Build configuration list for PBXProject "libHarfBuzzSharp" */ = {
			isa = XCConfigurationList;
			buildConfigurations = (
				34D723491EB385E900E6210E /* Debug */,
				34D7234A1EB385E900E6210E /* Release */,
			);
			defaultConfigurationIsVisible = 0;
			defaultConfigurationName = Release;
		};
		34D7234B1EB385E900E6210E /* Build configuration list for PBXNativeTarget "libHarfBuzzSharp" */ = {
			isa = XCConfigurationList;
			buildConfigurations = (
				34D7234C1EB385E900E6210E /* Debug */,
				34D7234D1EB385E900E6210E /* Release */,
			);
			defaultConfigurationIsVisible = 0;
			defaultConfigurationName = Release;
		};
/* End XCConfigurationList section */
	};
	rootObject = 34D7233A1EB385E800E6210E /* Project object */;
}
