
Microsoft Visual Studio Solution File, Format Version 12.00
# Visual Studio 14
VisualStudioVersion = 14.0.25420.1
MinimumVisualStudioVersion = 10.0.40219.1
Project("{FAE04EC0-301F-11D3-BF4B-00C04F79EFBC}") = "SpinPaint.Android", "SpinPaint\SpinPaint.Android\SpinPaint.Android.csproj", "{AA66505A-D451-447C-8C50-74E410AE8469}"
EndProject
Project("{FAE04EC0-301F-11D3-BF4B-00C04F79EFBC}") = "SpinPaint", "SpinPaint\SpinPaint\SpinPaint.csproj", "{67FF53A9-E0E4-4A63-A69A-F76EEC92D688}"
EndProject
Project("{FAE04EC0-301F-11D3-BF4B-00C04F79EFBC}") = "SpinPaint.UWP", "SpinPaint\SpinPaint.UWP\SpinPaint.UWP.csproj", "{2961EB40-6F08-43CE-B950-7929D00D726A}"
EndProject
Project("{FAE04EC0-301F-11D3-BF4B-00C04F79EFBC}") = "SpinPaint.iOS", "SpinPaint\SpinPaint.iOS\SpinPaint.iOS.csproj", "{A708A904-3A18-46D5-B2E4-2C5D57ACA4B2}"
EndProject
Global
	GlobalSection(SolutionConfigurationPlatforms) = preSolution
		Ad-Hoc|Any CPU = Ad-Hoc|Any CPU
		Ad-Hoc|ARM = Ad-Hoc|ARM
		Ad-Hoc|iPhone = Ad-Hoc|iPhone
		Ad-Hoc|iPhoneSimulator = Ad-Hoc|iPhoneSimulator
		Ad-Hoc|x64 = Ad-Hoc|x64
		Ad-Hoc|x86 = Ad-Hoc|x86
		AppStore|Any CPU = AppStore|Any CPU
		AppStore|ARM = AppStore|ARM
		AppStore|iPhone = AppStore|iPhone
		AppStore|iPhoneSimulator = AppStore|iPhoneSimulator
		AppStore|x64 = AppStore|x64
		AppStore|x86 = AppStore|x86
		Debug|Any CPU = Debug|Any CPU
		Debug|ARM = Debug|ARM
		Debug|iPhone = Debug|iPhone
		Debug|iPhoneSimulator = Debug|iPhoneSimulator
		Debug|x64 = Debug|x64
		Debug|x86 = Debug|x86
		Release|Any CPU = Release|Any CPU
		Release|ARM = Release|ARM
		Release|iPhone = Release|iPhone
		Release|iPhoneSimulator = Release|iPhoneSimulator
		Release|x64 = Release|x64
		Release|x86 = Release|x86
	EndGlobalSection
	GlobalSection(ProjectConfigurationPlatforms) = postSolution
		{AA66505A-D451-447C-8C50-74E410AE8469}.Ad-Hoc|Any CPU.ActiveCfg = Release|Any CPU
		{AA66505A-D451-447C-8C50-74E410AE8469}.Ad-Hoc|Any CPU.Build.0 = Release|Any CPU
		{AA66505A-D451-447C-8C50-74E410AE8469}.Ad-Hoc|Any CPU.Deploy.0 = Release|Any CPU
		{AA66505A-D451-447C-8C50-74E410AE8469}.Ad-Hoc|ARM.ActiveCfg = Release|Any CPU
		{AA66505A-D451-447C-8C50-74E410AE8469}.Ad-Hoc|ARM.Build.0 = Release|Any CPU
		{AA66505A-D451-447C-8C50-74E410AE8469}.Ad-Hoc|ARM.Deploy.0 = Release|Any CPU
		{AA66505A-D451-447C-8C50-74E410AE8469}.Ad-Hoc|iPhone.ActiveCfg = Release|Any CPU
		{AA66505A-D451-447C-8C50-74E410AE8469}.Ad-Hoc|iPhone.Build.0 = Release|Any CPU
		{AA66505A-D451-447C-8C50-74E410AE8469}.Ad-Hoc|iPhone.Deploy.0 = Release|Any CPU
		{AA66505A-D451-447C-8C50-74E410AE8469}.Ad-Hoc|iPhoneSimulator.ActiveCfg = Release|Any CPU
		{AA66505A-D451-447C-8C50-74E410AE8469}.Ad-Hoc|iPhoneSimulator.Build.0 = Release|Any CPU
		{AA66505A-D451-447C-8C50-74E410AE8469}.Ad-Hoc|iPhoneSimulator.Deploy.0 = Release|Any CPU
		{AA66505A-D451-447C-8C50-74E410AE8469}.Ad-Hoc|x64.ActiveCfg = Release|Any CPU
		{AA66505A-D451-447C-8C50-74E410AE8469}.Ad-Hoc|x64.Build.0 = Release|Any CPU
		{AA66505A-D451-447C-8C50-74E410AE8469}.Ad-Hoc|x64.Deploy.0 = Release|Any CPU
		{AA66505A-D451-447C-8C50-74E410AE8469}.Ad-Hoc|x86.ActiveCfg = Release|Any CPU
		{AA66505A-D451-447C-8C50-74E410AE8469}.Ad-Hoc|x86.Build.0 = Release|Any CPU
		{AA66505A-D451-447C-8C50-74E410AE8469}.Ad-Hoc|x86.Deploy.0 = Release|Any CPU
		{AA66505A-D451-447C-8C50-74E410AE8469}.AppStore|Any CPU.ActiveCfg = Release|Any CPU
		{AA66505A-D451-447C-8C50-74E410AE8469}.AppStore|Any CPU.Build.0 = Release|Any CPU
		{AA66505A-D451-447C-8C50-74E410AE8469}.AppStore|Any CPU.Deploy.0 = Release|Any CPU
		{AA66505A-D451-447C-8C50-74E410AE8469}.AppStore|ARM.ActiveCfg = Release|Any CPU
		{AA66505A-D451-447C-8C50-74E410AE8469}.AppStore|ARM.Build.0 = Release|Any CPU
		{AA66505A-D451-447C-8C50-74E410AE8469}.AppStore|ARM.Deploy.0 = Release|Any CPU
		{AA66505A-D451-447C-8C50-74E410AE8469}.AppStore|iPhone.ActiveCfg = Release|Any CPU
		{AA66505A-D451-447C-8C50-74E410AE8469}.AppStore|iPhone.Build.0 = Release|Any CPU
		{AA66505A-D451-447C-8C50-74E410AE8469}.AppStore|iPhone.Deploy.0 = Release|Any CPU
		{AA66505A-D451-447C-8C50-74E410AE8469}.AppStore|iPhoneSimulator.ActiveCfg = Release|Any CPU
		{AA66505A-D451-447C-8C50-74E410AE8469}.AppStore|iPhoneSimulator.Build.0 = Release|Any CPU
		{AA66505A-D451-447C-8C50-74E410AE8469}.AppStore|iPhoneSimulator.Deploy.0 = Release|Any CPU
		{AA66505A-D451-447C-8C50-74E410AE8469}.AppStore|x64.ActiveCfg = Release|Any CPU
		{AA66505A-D451-447C-8C50-74E410AE8469}.AppStore|x64.Build.0 = Release|Any CPU
		{AA66505A-D451-447C-8C50-74E410AE8469}.AppStore|x64.Deploy.0 = Release|Any CPU
		{AA66505A-D451-447C-8C50-74E410AE8469}.AppStore|x86.ActiveCfg = Release|Any CPU
		{AA66505A-D451-447C-8C50-74E410AE8469}.AppStore|x86.Build.0 = Release|Any CPU
		{AA66505A-D451-447C-8C50-74E410AE8469}.AppStore|x86.Deploy.0 = Release|Any CPU
		{AA66505A-D451-447C-8C50-74E410AE8469}.Debug|Any CPU.ActiveCfg = Debug|Any CPU
		{AA66505A-D451-447C-8C50-74E410AE8469}.Debug|Any CPU.Build.0 = Debug|Any CPU
		{AA66505A-D451-447C-8C50-74E410AE8469}.Debug|Any CPU.Deploy.0 = Debug|Any CPU
		{AA66505A-D451-447C-8C50-74E410AE8469}.Debug|ARM.ActiveCfg = Debug|Any CPU
		{AA66505A-D451-447C-8C50-74E410AE8469}.Debug|ARM.Build.0 = Debug|Any CPU
		{AA66505A-D451-447C-8C50-74E410AE8469}.Debug|ARM.Deploy.0 = Debug|Any CPU
		{AA66505A-D451-447C-8C50-74E410AE8469}.Debug|iPhone.ActiveCfg = Debug|Any CPU
		{AA66505A-D451-447C-8C50-74E410AE8469}.Debug|iPhone.Build.0 = Debug|Any CPU
		{AA66505A-D451-447C-8C50-74E410AE8469}.Debug|iPhone.Deploy.0 = Debug|Any CPU
		{AA66505A-D451-447C-8C50-74E410AE8469}.Debug|iPhoneSimulator.ActiveCfg = Debug|Any CPU
		{AA66505A-D451-447C-8C50-74E410AE8469}.Debug|iPhoneSimulator.Build.0 = Debug|Any CPU
		{AA66505A-D451-447C-8C50-74E410AE8469}.Debug|iPhoneSimulator.Deploy.0 = Debug|Any CPU
		{AA66505A-D451-447C-8C50-74E410AE8469}.Debug|x64.ActiveCfg = Debug|Any CPU
		{AA66505A-D451-447C-8C50-74E410AE8469}.Debug|x64.Build.0 = Debug|Any CPU
		{AA66505A-D451-447C-8C50-74E410AE8469}.Debug|x64.Deploy.0 = Debug|Any CPU
		{AA66505A-D451-447C-8C50-74E410AE8469}.Debug|x86.ActiveCfg = Debug|Any CPU
		{AA66505A-D451-447C-8C50-74E410AE8469}.Debug|x86.Build.0 = Debug|Any CPU
		{AA66505A-D451-447C-8C50-74E410AE8469}.Debug|x86.Deploy.0 = Debug|Any CPU
		{AA66505A-D451-447C-8C50-74E410AE8469}.Release|Any CPU.ActiveCfg = Release|Any CPU
		{AA66505A-D451-447C-8C50-74E410AE8469}.Release|Any CPU.Build.0 = Release|Any CPU
		{AA66505A-D451-447C-8C50-74E410AE8469}.Release|Any CPU.Deploy.0 = Release|Any CPU
		{AA66505A-D451-447C-8C50-74E410AE8469}.Release|ARM.ActiveCfg = Release|Any CPU
		{AA66505A-D451-447C-8C50-74E410AE8469}.Release|ARM.Build.0 = Release|Any CPU
		{AA66505A-D451-447C-8C50-74E410AE8469}.Release|ARM.Deploy.0 = Release|Any CPU
		{AA66505A-D451-447C-8C50-74E410AE8469}.Release|iPhone.ActiveCfg = Release|Any CPU
		{AA66505A-D451-447C-8C50-74E410AE8469}.Release|iPhone.Build.0 = Release|Any CPU
		{AA66505A-D451-447C-8C50-74E410AE8469}.Release|iPhone.Deploy.0 = Release|Any CPU
		{AA66505A-D451-447C-8C50-74E410AE8469}.Release|iPhoneSimulator.ActiveCfg = Release|Any CPU
		{AA66505A-D451-447C-8C50-74E410AE8469}.Release|iPhoneSimulator.Build.0 = Release|Any CPU
		{AA66505A-D451-447C-8C50-74E410AE8469}.Release|iPhoneSimulator.Deploy.0 = Release|Any CPU
		{AA66505A-D451-447C-8C50-74E410AE8469}.Release|x64.ActiveCfg = Release|Any CPU
		{AA66505A-D451-447C-8C50-74E410AE8469}.Release|x64.Build.0 = Release|Any CPU
		{AA66505A-D451-447C-8C50-74E410AE8469}.Release|x64.Deploy.0 = Release|Any CPU
		{AA66505A-D451-447C-8C50-74E410AE8469}.Release|x86.ActiveCfg = Release|Any CPU
		{AA66505A-D451-447C-8C50-74E410AE8469}.Release|x86.Build.0 = Release|Any CPU
		{AA66505A-D451-447C-8C50-74E410AE8469}.Release|x86.Deploy.0 = Release|Any CPU
		{67FF53A9-E0E4-4A63-A69A-F76EEC92D688}.Ad-Hoc|Any CPU.ActiveCfg = Debug|Any CPU
		{67FF53A9-E0E4-4A63-A69A-F76EEC92D688}.Ad-Hoc|Any CPU.Build.0 = Debug|Any CPU
		{67FF53A9-E0E4-4A63-A69A-F76EEC92D688}.Ad-Hoc|Any CPU.Deploy.0 = Debug|Any CPU
		{67FF53A9-E0E4-4A63-A69A-F76EEC92D688}.Ad-Hoc|ARM.ActiveCfg = Debug|Any CPU
		{67FF53A9-E0E4-4A63-A69A-F76EEC92D688}.Ad-Hoc|ARM.Build.0 = Debug|Any CPU
		{67FF53A9-E0E4-4A63-A69A-F76EEC92D688}.Ad-Hoc|ARM.Deploy.0 = Debug|Any CPU
		{67FF53A9-E0E4-4A63-A69A-F76EEC92D688}.Ad-Hoc|iPhone.ActiveCfg = Debug|Any CPU
		{67FF53A9-E0E4-4A63-A69A-F76EEC92D688}.Ad-Hoc|iPhone.Build.0 = Debug|Any CPU
		{67FF53A9-E0E4-4A63-A69A-F76EEC92D688}.Ad-Hoc|iPhone.Deploy.0 = Debug|Any CPU
		{67FF53A9-E0E4-4A63-A69A-F76EEC92D688}.Ad-Hoc|iPhoneSimulator.ActiveCfg = Debug|Any CPU
		{67FF53A9-E0E4-4A63-A69A-F76EEC92D688}.Ad-Hoc|iPhoneSimulator.Build.0 = Debug|Any CPU
		{67FF53A9-E0E4-4A63-A69A-F76EEC92D688}.Ad-Hoc|iPhoneSimulator.Deploy.0 = Debug|Any CPU
		{67FF53A9-E0E4-4A63-A69A-F76EEC92D688}.Ad-Hoc|x64.ActiveCfg = Debug|Any CPU
		{67FF53A9-E0E4-4A63-A69A-F76EEC92D688}.Ad-Hoc|x64.Build.0 = Debug|Any CPU
		{67FF53A9-E0E4-4A63-A69A-F76EEC92D688}.Ad-Hoc|x64.Deploy.0 = Debug|Any CPU
		{67FF53A9-E0E4-4A63-A69A-F76EEC92D688}.Ad-Hoc|x86.ActiveCfg = Debug|Any CPU
		{67FF53A9-E0E4-4A63-A69A-F76EEC92D688}.Ad-Hoc|x86.Build.0 = Debug|Any CPU
		{67FF53A9-E0E4-4A63-A69A-F76EEC92D688}.Ad-Hoc|x86.Deploy.0 = Debug|Any CPU
		{67FF53A9-E0E4-4A63-A69A-F76EEC92D688}.AppStore|Any CPU.ActiveCfg = Debug|Any CPU
		{67FF53A9-E0E4-4A63-A69A-F76EEC92D688}.AppStore|Any CPU.Build.0 = Debug|Any CPU
		{67FF53A9-E0E4-4A63-A69A-F76EEC92D688}.AppStore|Any CPU.Deploy.0 = Debug|Any CPU
		{67FF53A9-E0E4-4A63-A69A-F76EEC92D688}.AppStore|ARM.ActiveCfg = Debug|Any CPU
		{67FF53A9-E0E4-4A63-A69A-F76EEC92D688}.AppStore|ARM.Build.0 = Debug|Any CPU
		{67FF53A9-E0E4-4A63-A69A-F76EEC92D688}.AppStore|ARM.Deploy.0 = Debug|Any CPU
		{67FF53A9-E0E4-4A63-A69A-F76EEC92D688}.AppStore|iPhone.ActiveCfg = Debug|Any CPU
		{67FF53A9-E0E4-4A63-A69A-F76EEC92D688}.AppStore|iPhone.Build.0 = Debug|Any CPU
		{67FF53A9-E0E4-4A63-A69A-F76EEC92D688}.AppStore|iPhone.Deploy.0 = Debug|Any CPU
		{67FF53A9-E0E4-4A63-A69A-F76EEC92D688}.AppStore|iPhoneSimulator.ActiveCfg = Debug|Any CPU
		{67FF53A9-E0E4-4A63-A69A-F76EEC92D688}.AppStore|iPhoneSimulator.Build.0 = Debug|Any CPU
		{67FF53A9-E0E4-4A63-A69A-F76EEC92D688}.AppStore|iPhoneSimulator.Deploy.0 = Debug|Any CPU
		{67FF53A9-E0E4-4A63-A69A-F76EEC92D688}.AppStore|x64.ActiveCfg = Debug|Any CPU
		{67FF53A9-E0E4-4A63-A69A-F76EEC92D688}.AppStore|x64.Build.0 = Debug|Any CPU
		{67FF53A9-E0E4-4A63-A69A-F76EEC92D688}.AppStore|x64.Deploy.0 = Debug|Any CPU
		{67FF53A9-E0E4-4A63-A69A-F76EEC92D688}.AppStore|x86.ActiveCfg = Debug|Any CPU
		{67FF53A9-E0E4-4A63-A69A-F76EEC92D688}.AppStore|x86.Build.0 = Debug|Any CPU
		{67FF53A9-E0E4-4A63-A69A-F76EEC92D688}.AppStore|x86.Deploy.0 = Debug|Any CPU
		{67FF53A9-E0E4-4A63-A69A-F76EEC92D688}.Debug|Any CPU.ActiveCfg = Debug|Any CPU
		{67FF53A9-E0E4-4A63-A69A-F76EEC92D688}.Debug|Any CPU.Build.0 = Debug|Any CPU
		{67FF53A9-E0E4-4A63-A69A-F76EEC92D688}.Debug|Any CPU.Deploy.0 = Debug|Any CPU
		{67FF53A9-E0E4-4A63-A69A-F76EEC92D688}.Debug|ARM.ActiveCfg = Debug|Any CPU
		{67FF53A9-E0E4-4A63-A69A-F76EEC92D688}.Debug|ARM.Build.0 = Debug|Any CPU
		{67FF53A9-E0E4-4A63-A69A-F76EEC92D688}.Debug|ARM.Deploy.0 = Debug|Any CPU
		{67FF53A9-E0E4-4A63-A69A-F76EEC92D688}.Debug|iPhone.ActiveCfg = Debug|Any CPU
		{67FF53A9-E0E4-4A63-A69A-F76EEC92D688}.Debug|iPhone.Build.0 = Debug|Any CPU
		{67FF53A9-E0E4-4A63-A69A-F76EEC92D688}.Debug|iPhone.Deploy.0 = Debug|Any CPU
		{67FF53A9-E0E4-4A63-A69A-F76EEC92D688}.Debug|iPhoneSimulator.ActiveCfg = Debug|Any CPU
		{67FF53A9-E0E4-4A63-A69A-F76EEC92D688}.Debug|iPhoneSimulator.Build.0 = Debug|Any CPU
		{67FF53A9-E0E4-4A63-A69A-F76EEC92D688}.Debug|iPhoneSimulator.Deploy.0 = Debug|Any CPU
		{67FF53A9-E0E4-4A63-A69A-F76EEC92D688}.Debug|x64.ActiveCfg = Debug|Any CPU
		{67FF53A9-E0E4-4A63-A69A-F76EEC92D688}.Debug|x64.Build.0 = Debug|Any CPU
		{67FF53A9-E0E4-4A63-A69A-F76EEC92D688}.Debug|x64.Deploy.0 = Debug|Any CPU
		{67FF53A9-E0E4-4A63-A69A-F76EEC92D688}.Debug|x86.ActiveCfg = Debug|Any CPU
		{67FF53A9-E0E4-4A63-A69A-F76EEC92D688}.Debug|x86.Build.0 = Debug|Any CPU
		{67FF53A9-E0E4-4A63-A69A-F76EEC92D688}.Debug|x86.Deploy.0 = Debug|Any CPU
		{67FF53A9-E0E4-4A63-A69A-F76EEC92D688}.Release|Any CPU.ActiveCfg = Release|Any CPU
		{67FF53A9-E0E4-4A63-A69A-F76EEC92D688}.Release|Any CPU.Build.0 = Release|Any CPU
		{67FF53A9-E0E4-4A63-A69A-F76EEC92D688}.Release|Any CPU.Deploy.0 = Release|Any CPU
		{67FF53A9-E0E4-4A63-A69A-F76EEC92D688}.Release|ARM.ActiveCfg = Release|Any CPU
		{67FF53A9-E0E4-4A63-A69A-F76EEC92D688}.Release|ARM.Build.0 = Release|Any CPU
		{67FF53A9-E0E4-4A63-A69A-F76EEC92D688}.Release|ARM.Deploy.0 = Release|Any CPU
		{67FF53A9-E0E4-4A63-A69A-F76EEC92D688}.Release|iPhone.ActiveCfg = Release|Any CPU
		{67FF53A9-E0E4-4A63-A69A-F76EEC92D688}.Release|iPhone.Build.0 = Release|Any CPU
		{67FF53A9-E0E4-4A63-A69A-F76EEC92D688}.Release|iPhone.Deploy.0 = Release|Any CPU
		{67FF53A9-E0E4-4A63-A69A-F76EEC92D688}.Release|iPhoneSimulator.ActiveCfg = Release|Any CPU
		{67FF53A9-E0E4-4A63-A69A-F76EEC92D688}.Release|iPhoneSimulator.Build.0 = Release|Any CPU
		{67FF53A9-E0E4-4A63-A69A-F76EEC92D688}.Release|iPhoneSimulator.Deploy.0 = Release|Any CPU
		{67FF53A9-E0E4-4A63-A69A-F76EEC92D688}.Release|x64.ActiveCfg = Release|Any CPU
		{67FF53A9-E0E4-4A63-A69A-F76EEC92D688}.Release|x64.Build.0 = Release|Any CPU
		{67FF53A9-E0E4-4A63-A69A-F76EEC92D688}.Release|x64.Deploy.0 = Release|Any CPU
		{67FF53A9-E0E4-4A63-A69A-F76EEC92D688}.Release|x86.ActiveCfg = Release|Any CPU
		{67FF53A9-E0E4-4A63-A69A-F76EEC92D688}.Release|x86.Build.0 = Release|Any CPU
		{67FF53A9-E0E4-4A63-A69A-F76EEC92D688}.Release|x86.Deploy.0 = Release|Any CPU
		{2961EB40-6F08-43CE-B950-7929D00D726A}.Ad-Hoc|Any CPU.ActiveCfg = Release|x86
		{2961EB40-6F08-43CE-B950-7929D00D726A}.Ad-Hoc|Any CPU.Build.0 = Release|x86
		{2961EB40-6F08-43CE-B950-7929D00D726A}.Ad-Hoc|Any CPU.Deploy.0 = Release|x86
		{2961EB40-6F08-43CE-B950-7929D00D726A}.Ad-Hoc|ARM.ActiveCfg = Release|ARM
		{2961EB40-6F08-43CE-B950-7929D00D726A}.Ad-Hoc|ARM.Build.0 = Release|ARM
		{2961EB40-6F08-43CE-B950-7929D00D726A}.Ad-Hoc|ARM.Deploy.0 = Release|ARM
		{2961EB40-6F08-43CE-B950-7929D00D726A}.Ad-Hoc|iPhone.ActiveCfg = Release|x86
		{2961EB40-6F08-43CE-B950-7929D00D726A}.Ad-Hoc|iPhone.Build.0 = Release|x86
		{2961EB40-6F08-43CE-B950-7929D00D726A}.Ad-Hoc|iPhone.Deploy.0 = Release|x86
		{2961EB40-6F08-43CE-B950-7929D00D726A}.Ad-Hoc|iPhoneSimulator.ActiveCfg = Release|x86
		{2961EB40-6F08-43CE-B950-7929D00D726A}.Ad-Hoc|iPhoneSimulator.Build.0 = Release|x86
		{2961EB40-6F08-43CE-B950-7929D00D726A}.Ad-Hoc|iPhoneSimulator.Deploy.0 = Release|x86
		{2961EB40-6F08-43CE-B950-7929D00D726A}.Ad-Hoc|x64.ActiveCfg = Release|x64
		{2961EB40-6F08-43CE-B950-7929D00D726A}.Ad-Hoc|x64.Build.0 = Release|x64
		{2961EB40-6F08-43CE-B950-7929D00D726A}.Ad-Hoc|x64.Deploy.0 = Release|x64
		{2961EB40-6F08-43CE-B950-7929D00D726A}.Ad-Hoc|x86.ActiveCfg = Release|x86
		{2961EB40-6F08-43CE-B950-7929D00D726A}.Ad-Hoc|x86.Build.0 = Release|x86
		{2961EB40-6F08-43CE-B950-7929D00D726A}.Ad-Hoc|x86.Deploy.0 = Release|x86
		{2961EB40-6F08-43CE-B950-7929D00D726A}.AppStore|Any CPU.ActiveCfg = Release|x86
		{2961EB40-6F08-43CE-B950-7929D00D726A}.AppStore|Any CPU.Build.0 = Release|x86
		{2961EB40-6F08-43CE-B950-7929D00D726A}.AppStore|Any CPU.Deploy.0 = Release|x86
		{2961EB40-6F08-43CE-B950-7929D00D726A}.AppStore|ARM.ActiveCfg = Release|ARM
		{2961EB40-6F08-43CE-B950-7929D00D726A}.AppStore|ARM.Build.0 = Release|ARM
		{2961EB40-6F08-43CE-B950-7929D00D726A}.AppStore|ARM.Deploy.0 = Release|ARM
		{2961EB40-6F08-43CE-B950-7929D00D726A}.AppStore|iPhone.ActiveCfg = Release|x86
		{2961EB40-6F08-43CE-B950-7929D00D726A}.AppStore|iPhone.Build.0 = Release|x86
		{2961EB40-6F08-43CE-B950-7929D00D726A}.AppStore|iPhone.Deploy.0 = Release|x86
		{2961EB40-6F08-43CE-B950-7929D00D726A}.AppStore|iPhoneSimulator.ActiveCfg = Release|x86
		{2961EB40-6F08-43CE-B950-7929D00D726A}.AppStore|iPhoneSimulator.Build.0 = Release|x86
		{2961EB40-6F08-43CE-B950-7929D00D726A}.AppStore|iPhoneSimulator.Deploy.0 = Release|x86
		{2961EB40-6F08-43CE-B950-7929D00D726A}.AppStore|x64.ActiveCfg = Release|x64
		{2961EB40-6F08-43CE-B950-7929D00D726A}.AppStore|x64.Build.0 = Release|x64
		{2961EB40-6F08-43CE-B950-7929D00D726A}.AppStore|x64.Deploy.0 = Release|x64
		{2961EB40-6F08-43CE-B950-7929D00D726A}.AppStore|x86.ActiveCfg = Release|x86
		{2961EB40-6F08-43CE-B950-7929D00D726A}.AppStore|x86.Build.0 = Release|x86
		{2961EB40-6F08-43CE-B950-7929D00D726A}.AppStore|x86.Deploy.0 = Release|x86
		{2961EB40-6F08-43CE-B950-7929D00D726A}.Debug|Any CPU.ActiveCfg = Debug|x86
		{2961EB40-6F08-43CE-B950-7929D00D726A}.Debug|Any CPU.Build.0 = Debug|x86
		{2961EB40-6F08-43CE-B950-7929D00D726A}.Debug|Any CPU.Deploy.0 = Debug|x86
		{2961EB40-6F08-43CE-B950-7929D00D726A}.Debug|ARM.ActiveCfg = Debug|ARM
		{2961EB40-6F08-43CE-B950-7929D00D726A}.Debug|ARM.Build.0 = Debug|ARM
		{2961EB40-6F08-43CE-B950-7929D00D726A}.Debug|ARM.Deploy.0 = Debug|ARM
		{2961EB40-6F08-43CE-B950-7929D00D726A}.Debug|iPhone.ActiveCfg = Debug|x86
		{2961EB40-6F08-43CE-B950-7929D00D726A}.Debug|iPhone.Build.0 = Debug|x86
		{2961EB40-6F08-43CE-B950-7929D00D726A}.Debug|iPhone.Deploy.0 = Debug|x86
		{2961EB40-6F08-43CE-B950-7929D00D726A}.Debug|iPhoneSimulator.ActiveCfg = Debug|x86
		{2961EB40-6F08-43CE-B950-7929D00D726A}.Debug|iPhoneSimulator.Build.0 = Debug|x86
		{2961EB40-6F08-43CE-B950-7929D00D726A}.Debug|iPhoneSimulator.Deploy.0 = Debug|x86
		{2961EB40-6F08-43CE-B950-7929D00D726A}.Debug|x64.ActiveCfg = Debug|x64
		{2961EB40-6F08-43CE-B950-7929D00D726A}.Debug|x64.Build.0 = Debug|x64
		{2961EB40-6F08-43CE-B950-7929D00D726A}.Debug|x64.Deploy.0 = Debug|x64
		{2961EB40-6F08-43CE-B950-7929D00D726A}.Debug|x86.ActiveCfg = Debug|x86
		{2961EB40-6F08-43CE-B950-7929D00D726A}.Debug|x86.Build.0 = Debug|x86
		{2961EB40-6F08-43CE-B950-7929D00D726A}.Debug|x86.Deploy.0 = Debug|x86
		{2961EB40-6F08-43CE-B950-7929D00D726A}.Release|Any CPU.ActiveCfg = Release|x86
		{2961EB40-6F08-43CE-B950-7929D00D726A}.Release|Any CPU.Build.0 = Release|x86
		{2961EB40-6F08-43CE-B950-7929D00D726A}.Release|Any CPU.Deploy.0 = Release|x86
		{2961EB40-6F08-43CE-B950-7929D00D726A}.Release|ARM.ActiveCfg = Release|ARM
		{2961EB40-6F08-43CE-B950-7929D00D726A}.Release|ARM.Build.0 = Release|ARM
		{2961EB40-6F08-43CE-B950-7929D00D726A}.Release|ARM.Deploy.0 = Release|ARM
		{2961EB40-6F08-43CE-B950-7929D00D726A}.Release|iPhone.ActiveCfg = Release|x86
		{2961EB40-6F08-43CE-B950-7929D00D726A}.Release|iPhone.Build.0 = Release|x86
		{2961EB40-6F08-43CE-B950-7929D00D726A}.Release|iPhone.Deploy.0 = Release|x86
		{2961EB40-6F08-43CE-B950-7929D00D726A}.Release|iPhoneSimulator.ActiveCfg = Release|x86
		{2961EB40-6F08-43CE-B950-7929D00D726A}.Release|iPhoneSimulator.Build.0 = Release|x86
		{2961EB40-6F08-43CE-B950-7929D00D726A}.Release|iPhoneSimulator.Deploy.0 = Release|x86
		{2961EB40-6F08-43CE-B950-7929D00D726A}.Release|x64.ActiveCfg = Release|x64
		{2961EB40-6F08-43CE-B950-7929D00D726A}.Release|x64.Build.0 = Release|x64
		{2961EB40-6F08-43CE-B950-7929D00D726A}.Release|x64.Deploy.0 = Release|x64
		{2961EB40-6F08-43CE-B950-7929D00D726A}.Release|x86.ActiveCfg = Release|x86
		{2961EB40-6F08-43CE-B950-7929D00D726A}.Release|x86.Build.0 = Release|x86
		{2961EB40-6F08-43CE-B950-7929D00D726A}.Release|x86.Deploy.0 = Release|x86
		{A708A904-3A18-46D5-B2E4-2C5D57ACA4B2}.Ad-Hoc|Any CPU.ActiveCfg = Ad-Hoc|iPhone
		{A708A904-3A18-46D5-B2E4-2C5D57ACA4B2}.Ad-Hoc|Any CPU.Build.0 = Ad-Hoc|iPhone
		{A708A904-3A18-46D5-B2E4-2C5D57ACA4B2}.Ad-Hoc|Any CPU.Deploy.0 = Ad-Hoc|iPhone
		{A708A904-3A18-46D5-B2E4-2C5D57ACA4B2}.Ad-Hoc|ARM.ActiveCfg = Ad-Hoc|iPhone
		{A708A904-3A18-46D5-B2E4-2C5D57ACA4B2}.Ad-Hoc|ARM.Build.0 = Ad-Hoc|iPhone
		{A708A904-3A18-46D5-B2E4-2C5D57ACA4B2}.Ad-Hoc|ARM.Deploy.0 = Ad-Hoc|iPhone
		{A708A904-3A18-46D5-B2E4-2C5D57ACA4B2}.Ad-Hoc|iPhone.ActiveCfg = Ad-Hoc|iPhone
		{A708A904-3A18-46D5-B2E4-2C5D57ACA4B2}.Ad-Hoc|iPhone.Build.0 = Ad-Hoc|iPhone
		{A708A904-3A18-46D5-B2E4-2C5D57ACA4B2}.Ad-Hoc|iPhone.Deploy.0 = Ad-Hoc|iPhone
		{A708A904-3A18-46D5-B2E4-2C5D57ACA4B2}.Ad-Hoc|iPhoneSimulator.ActiveCfg = Ad-Hoc|iPhoneSimulator
		{A708A904-3A18-46D5-B2E4-2C5D57ACA4B2}.Ad-Hoc|iPhoneSimulator.Build.0 = Ad-Hoc|iPhoneSimulator
		{A708A904-3A18-46D5-B2E4-2C5D57ACA4B2}.Ad-Hoc|iPhoneSimulator.Deploy.0 = Ad-Hoc|iPhoneSimulator
		{A708A904-3A18-46D5-B2E4-2C5D57ACA4B2}.Ad-Hoc|x64.ActiveCfg = Ad-Hoc|iPhone
		{A708A904-3A18-46D5-B2E4-2C5D57ACA4B2}.Ad-Hoc|x64.Build.0 = Ad-Hoc|iPhone
		{A708A904-3A18-46D5-B2E4-2C5D57ACA4B2}.Ad-Hoc|x64.Deploy.0 = Ad-Hoc|iPhone
		{A708A904-3A18-46D5-B2E4-2C5D57ACA4B2}.Ad-Hoc|x86.ActiveCfg = Ad-Hoc|iPhone
		{A708A904-3A18-46D5-B2E4-2C5D57ACA4B2}.Ad-Hoc|x86.Build.0 = Ad-Hoc|iPhone
		{A708A904-3A18-46D5-B2E4-2C5D57ACA4B2}.Ad-Hoc|x86.Deploy.0 = Ad-Hoc|iPhone
		{A708A904-3A18-46D5-B2E4-2C5D57ACA4B2}.AppStore|Any CPU.ActiveCfg = AppStore|iPhone
		{A708A904-3A18-46D5-B2E4-2C5D57ACA4B2}.AppStore|Any CPU.Build.0 = AppStore|iPhone
		{A708A904-3A18-46D5-B2E4-2C5D57ACA4B2}.AppStore|Any CPU.Deploy.0 = AppStore|iPhone
		{A708A904-3A18-46D5-B2E4-2C5D57ACA4B2}.AppStore|ARM.ActiveCfg = AppStore|iPhone
		{A708A904-3A18-46D5-B2E4-2C5D57ACA4B2}.AppStore|ARM.Build.0 = AppStore|iPhone
		{A708A904-3A18-46D5-B2E4-2C5D57ACA4B2}.AppStore|ARM.Deploy.0 = AppStore|iPhone
		{A708A904-3A18-46D5-B2E4-2C5D57ACA4B2}.AppStore|iPhone.ActiveCfg = AppStore|iPhone
		{A708A904-3A18-46D5-B2E4-2C5D57ACA4B2}.AppStore|iPhone.Build.0 = AppStore|iPhone
		{A708A904-3A18-46D5-B2E4-2C5D57ACA4B2}.AppStore|iPhone.Deploy.0 = AppStore|iPhone
		{A708A904-3A18-46D5-B2E4-2C5D57ACA4B2}.AppStore|iPhoneSimulator.ActiveCfg = AppStore|iPhoneSimulator
		{A708A904-3A18-46D5-B2E4-2C5D57ACA4B2}.AppStore|iPhoneSimulator.Build.0 = AppStore|iPhoneSimulator
		{A708A904-3A18-46D5-B2E4-2C5D57ACA4B2}.AppStore|iPhoneSimulator.Deploy.0 = AppStore|iPhoneSimulator
		{A708A904-3A18-46D5-B2E4-2C5D57ACA4B2}.AppStore|x64.ActiveCfg = AppStore|iPhone
		{A708A904-3A18-46D5-B2E4-2C5D57ACA4B2}.AppStore|x64.Build.0 = AppStore|iPhone
		{A708A904-3A18-46D5-B2E4-2C5D57ACA4B2}.AppStore|x64.Deploy.0 = AppStore|iPhone
		{A708A904-3A18-46D5-B2E4-2C5D57ACA4B2}.AppStore|x86.ActiveCfg = AppStore|iPhone
		{A708A904-3A18-46D5-B2E4-2C5D57ACA4B2}.AppStore|x86.Build.0 = AppStore|iPhone
		{A708A904-3A18-46D5-B2E4-2C5D57ACA4B2}.AppStore|x86.Deploy.0 = AppStore|iPhone
		{A708A904-3A18-46D5-B2E4-2C5D57ACA4B2}.Debug|Any CPU.ActiveCfg = Debug|iPhoneSimulator
		{A708A904-3A18-46D5-B2E4-2C5D57ACA4B2}.Debug|Any CPU.Build.0 = Debug|iPhoneSimulator
		{A708A904-3A18-46D5-B2E4-2C5D57ACA4B2}.Debug|Any CPU.Deploy.0 = Debug|iPhoneSimulator
		{A708A904-3A18-46D5-B2E4-2C5D57ACA4B2}.Debug|ARM.ActiveCfg = Debug|iPhone
		{A708A904-3A18-46D5-B2E4-2C5D57ACA4B2}.Debug|ARM.Build.0 = Debug|iPhone
		{A708A904-3A18-46D5-B2E4-2C5D57ACA4B2}.Debug|ARM.Deploy.0 = Debug|iPhone
		{A708A904-3A18-46D5-B2E4-2C5D57ACA4B2}.Debug|iPhone.ActiveCfg = Debug|iPhone
		{A708A904-3A18-46D5-B2E4-2C5D57ACA4B2}.Debug|iPhone.Build.0 = Debug|iPhone
		{A708A904-3A18-46D5-B2E4-2C5D57ACA4B2}.Debug|iPhone.Deploy.0 = Debug|iPhone
		{A708A904-3A18-46D5-B2E4-2C5D57ACA4B2}.Debug|iPhoneSimulator.ActiveCfg = Debug|iPhoneSimulator
		{A708A904-3A18-46D5-B2E4-2C5D57ACA4B2}.Debug|iPhoneSimulator.Build.0 = Debug|iPhoneSimulator
		{A708A904-3A18-46D5-B2E4-2C5D57ACA4B2}.Debug|iPhoneSimulator.Deploy.0 = Debug|iPhoneSimulator
		{A708A904-3A18-46D5-B2E4-2C5D57ACA4B2}.Debug|x64.ActiveCfg = Debug|iPhone
		{A708A904-3A18-46D5-B2E4-2C5D57ACA4B2}.Debug|x64.Build.0 = Debug|iPhone
		{A708A904-3A18-46D5-B2E4-2C5D57ACA4B2}.Debug|x64.Deploy.0 = Debug|iPhone
		{A708A904-3A18-46D5-B2E4-2C5D57ACA4B2}.Debug|x86.ActiveCfg = Debug|iPhone
		{A708A904-3A18-46D5-B2E4-2C5D57ACA4B2}.Debug|x86.Build.0 = Debug|iPhone
		{A708A904-3A18-46D5-B2E4-2C5D57ACA4B2}.Debug|x86.Deploy.0 = Debug|iPhone
		{A708A904-3A18-46D5-B2E4-2C5D57ACA4B2}.Release|Any CPU.ActiveCfg = Release|iPhone
		{A708A904-3A18-46D5-B2E4-2C5D57ACA4B2}.Release|Any CPU.Build.0 = Release|iPhone
		{A708A904-3A18-46D5-B2E4-2C5D57ACA4B2}.Release|Any CPU.Deploy.0 = Release|iPhone
		{A708A904-3A18-46D5-B2E4-2C5D57ACA4B2}.Release|ARM.ActiveCfg = Release|iPhone
		{A708A904-3A18-46D5-B2E4-2C5D57ACA4B2}.Release|ARM.Build.0 = Release|iPhone
		{A708A904-3A18-46D5-B2E4-2C5D57ACA4B2}.Release|ARM.Deploy.0 = Release|iPhone
		{A708A904-3A18-46D5-B2E4-2C5D57ACA4B2}.Release|iPhone.ActiveCfg = Release|iPhone
		{A708A904-3A18-46D5-B2E4-2C5D57ACA4B2}.Release|iPhone.Build.0 = Release|iPhone
		{A708A904-3A18-46D5-B2E4-2C5D57ACA4B2}.Release|iPhone.Deploy.0 = Release|iPhone
		{A708A904-3A18-46D5-B2E4-2C5D57ACA4B2}.Release|iPhoneSimulator.ActiveCfg = Release|iPhoneSimulator
		{A708A904-3A18-46D5-B2E4-2C5D57ACA4B2}.Release|iPhoneSimulator.Build.0 = Release|iPhoneSimulator
		{A708A904-3A18-46D5-B2E4-2C5D57ACA4B2}.Release|iPhoneSimulator.Deploy.0 = Release|iPhoneSimulator
		{A708A904-3A18-46D5-B2E4-2C5D57ACA4B2}.Release|x64.ActiveCfg = Release|iPhone
		{A708A904-3A18-46D5-B2E4-2C5D57ACA4B2}.Release|x64.Build.0 = Release|iPhone
		{A708A904-3A18-46D5-B2E4-2C5D57ACA4B2}.Release|x64.Deploy.0 = Release|iPhone
		{A708A904-3A18-46D5-B2E4-2C5D57ACA4B2}.Release|x86.ActiveCfg = Release|iPhone
		{A708A904-3A18-46D5-B2E4-2C5D57ACA4B2}.Release|x86.Build.0 = Release|iPhone
		{A708A904-3A18-46D5-B2E4-2C5D57ACA4B2}.Release|x86.Deploy.0 = Release|iPhone
	EndGlobalSection
	GlobalSection(SolutionProperties) = preSolution
		HideSolutionNode = FALSE
	EndGlobalSection
EndGlobal
